{
  "version": 4,
  "terraform_version": "1.14.7",
  "serial": 166,
  "lineage": "ed55bcd5-a0c6-3d2e-f9a8-f7aa36b0bace",
  "outputs": {
    "api_application_id": {
      "value": "c14d26b4-249c-4fb4-99fe-c1e767f5ae2d",
      "type": "string"
    },
    "api_client_secret": {
      "value": "JvY8Q~N~XJ_UUWftjBJ24tOqptX654p1eEKBVbIR",
      "type": "string",
      "sensitive": true
    },
    "api_identifier_uri": {
      "value": "api://c14d26b4-249c-4fb4-99fe-c1e767f5ae2d",
      "type": "string"
    },
    "api_object_id": {
      "value": "8dd16546-8a56-4f8a-b641-4d3c60cd09a7",
      "type": "string"
    },
    "appsettings_backend": {
      "value": {
        "AzureAd": {
          "Audience": "api://c14d26b4-249c-4fb4-99fe-c1e767f5ae2d",
          "ClientId": "c14d26b4-249c-4fb4-99fe-c1e767f5ae2d",
          "ClientSecret": "*** use: terraform output -raw api_client_secret ***",
          "Instance": "https://login.microsoftonline.com/",
          "TenantId": "5066f1ae-2daf-414a-bca8-a47755920999"
        }
      },
      "type": [
        "object",
        {
          "AzureAd": [
            "object",
            {
              "Audience": "string",
              "ClientId": "string",
              "ClientSecret": "string",
              "Instance": "string",
              "TenantId": "string"
            }
          ]
        }
      ]
    },
    "appsettings_web": {
      "value": {
        "AzureAd": {
          "Audience": "api://c14d26b4-249c-4fb4-99fe-c1e767f5ae2d",
          "ClientId": "24ab0a27-c1bf-4c69-be0e-576e4ff10ed3",
          "ClientSecret": "*** use: terraform output -raw web_client_secret ***",
          "Instance": "https://login.microsoftonline.com/",
          "TenantId": "5066f1ae-2daf-414a-bca8-a47755920999"
        }
      },
      "type": [
        "object",
        {
          "AzureAd": [
            "object",
            {
              "Audience": "string",
              "ClientId": "string",
              "ClientSecret": "string",
              "Instance": "string",
              "TenantId": "string"
            }
          ]
        }
      ]
    },
    "gateway_shared_secret": {
      "value": "QcBt96o7i3IseHgY65mWLGmBnMJmOru3POj73jnMxSSu",
      "type": "string",
      "sensitive": true
    },
    "generated_config_files": {
      "value": [
        "../../AspireOllama.ApiService/appsettings.Secrets.json",
        "../../A2A/AspireOllama.A2A.CodeAgent/appsettings.Secrets.json",
        "../../AspireOllama.Gateway/appsettings.Secrets.json",
        "../../AspireOllama.McpServer/appsettings.Secrets.json",
        "../../A2A/AspireOllama.A2A.PlannerAgent/appsettings.Secrets.json",
        "../../A2A/AspireOllama.A2A.ResearchAgent/appsettings.Secrets.json",
        "../../A2A/AspireOllama.A2A.ReviewerAgent/appsettings.Secrets.json",
        "../../AspireOllama.Web/appsettings.Secrets.json"
      ],
      "type": [
        "list",
        "string"
      ]
    },
    "group_admin_id": {
      "value": "de33477d-9c81-4bf7-bf84-bed5c232bd71",
      "type": "string"
    },
    "group_power_user_id": {
      "value": "5b31da38-ccc4-412a-a81b-9d9ad650d7a1",
      "type": "string"
    },
    "group_standard_user_id": {
      "value": "162da6c3-9589-45fa-bf8d-502b0a78fa1f",
      "type": "string"
    },
    "group_viewer_id": {
      "value": "1969ddc4-00be-40b1-bb9f-47485b47c98c",
      "type": "string"
    },
    "security_groups": {
      "value": {
        "Admin": "de33477d-9c81-4bf7-bf84-bed5c232bd71",
        "Power User": "5b31da38-ccc4-412a-a81b-9d9ad650d7a1",
        "Read-Only Viewer": "1969ddc4-00be-40b1-bb9f-47485b47c98c",
        "Standard User": "162da6c3-9589-45fa-bf8d-502b0a78fa1f"
      },
      "type": [
        "object",
        {
          "Admin": "string",
          "Power User": "string",
          "Read-Only Viewer": "string",
          "Standard User": "string"
        }
      ]
    },
    "web_application_id": {
      "value": "24ab0a27-c1bf-4c69-be0e-576e4ff10ed3",
      "type": "string"
    },
    "web_client_secret": {
      "value": "eW~8Q~EWv~c_x3i8H_Lz~UfA3sbnIFM1EuC~1dBk",
      "type": "string",
      "sensitive": true
    },
    "web_object_id": {
      "value": "514e92fb-d268-4d1b-bd1a-5783ffa4ef5a",
      "type": "string"
    }
  },
  "resources": [
    {
      "mode": "data",
      "type": "azuread_client_config",
      "name": "current",
      "provider": "provider[\"registry.terraform.io/hashicorp/azuread\"]",
      "instances": [
        {
          "schema_version": 0,
          "attributes": {
            "client_id": "04b07795-8ddb-461a-bbee-02f9e1bf7b46",
            "id": "5066f1ae-2daf-414a-bca8-a47755920999-04b07795-8ddb-461a-bbee-02f9e1bf7b46-ec1b1e80-f539-47d4-a222-67befd6343b7",
            "object_id": "ec1b1e80-f539-47d4-a222-67befd6343b7",
            "tenant_id": "5066f1ae-2daf-414a-bca8-a47755920999",
            "timeouts": null
          },
          "sensitive_attributes": [],
          "identity_schema_version": 0
        }
      ]
    },
    {
      "mode": "managed",
      "type": "azuread_app_role_assignment",
      "name": "admin",
      "provider": "provider[\"registry.terraform.io/hashicorp/azuread\"]",
      "instances": [
        {
          "index_key": "a2a_code_access",
          "schema_version": 1,
          "attributes": {
            "app_role_id": "b33cf18d-62ef-756c-515d-b24eed6f199a",
            "id": "/servicePrincipals/2eb9cb9f-e465-4521-8334-bb4caf298752/appRoleAssignedTo/fUcz3oGc90u_hL7VwjK9cU4eioFVGoBPrLn-IYRrrRk",
            "principal_display_name": "AspireOllama - Admin",
            "principal_object_id": "de33477d-9c81-4bf7-bf84-bed5c232bd71",
            "principal_type": "Group",
            "resource_display_name": "AspireOllama",
            "resource_object_id": "2eb9cb9f-e465-4521-8334-bb4caf298752",
            "timeouts": null
          },
          "sensitive_attributes": [],
          "identity_schema_version": 0,
          "private": "eyJlMmJmYjczMC1lY2FhLTExZTYtOGY4OC0zNDM2M2JjN2M0YzAiOnsiY3JlYXRlIjozMDAwMDAwMDAwMDAsImRlbGV0ZSI6MzAwMDAwMDAwMDAwLCJyZWFkIjozMDAwMDAwMDAwMDB9LCJzY2hlbWFfdmVyc2lvbiI6IjEifQ==",
          "dependencies": [
            "azuread_application.api",
            "azuread_group.admin",
            "azuread_service_principal.api",
            "data.azuread_client_config.current",
            "random_uuid.role_a2a_code_access",
            "random_uuid.role_a2a_code_analyze_code",
            "random_uuid.role_a2a_code_execute_csharp",
            "random_uuid.role_a2a_code_generate_code",
            "random_uuid.role_a2a_code_generate_tests",
            "random_uuid.role_a2a_code_refactor_code",
            "random_uuid.role_a2a_planner_access",
            "random_uuid.role_a2a_planner_assess_complexity",
            "random_uuid.role_a2a_planner_create_plan",
            "random_uuid.role_a2a_planner_orchestrate_workflow",
            "random_uuid.role_a2a_planner_suggest_agents",
            "random_uuid.role_a2a_research_access",
            "random_uuid.role_a2a_research_gather_context",
            "random_uuid.role_a2a_research_get_topic_details",
            "random_uuid.role_a2a_research_search_knowledge",
            "random_uuid.role_a2a_research_suggest_topics",
            "random_uuid.role_a2a_reviewer_access",
            "random_uuid.role_a2a_reviewer_provide_feedback",
            "random_uuid.role_a2a_reviewer_review_code",
            "random_uuid.role_a2a_reviewer_review_plan",
            "random_uuid.role_a2a_reviewer_review_response",
            "random_uuid.role_api_access",
            "random_uuid.role_api_chat_read",
            "random_uuid.role_api_chat_write",
            "random_uuid.role_api_sessions_manage",
            "random_uuid.role_mcp_access",
            "random_uuid.role_mcp_tools_convert_units",
            "random_uuid.role_mcp_tools_get_time",
            "random_uuid.role_mcp_tools_get_weather",
            "random_uuid.scope_access_as_user"
          ]
        },
        {
          "index_key": "a2a_code_analyze_code",
          "schema_version": 1,
          "attributes": {
            "app_role_id": "1bc3f5e2-2b78-7c38-688a-f5c9e9e06e30",
            "id": "/servicePrincipals/2eb9cb9f-e465-4521-8334-bb4caf298752/appRoleAssignedTo/fUcz3oGc90u_hL7VwjK9cR2HngMS2h5BkOsWefHii74",
            "principal_display_name": "AspireOllama - Admin",
            "principal_object_id": "de33477d-9c81-4bf7-bf84-bed5c232bd71",
            "principal_type": "Group",
            "resource_display_name": "AspireOllama",
            "resource_object_id": "2eb9cb9f-e465-4521-8334-bb4caf298752",
            "timeouts": null
          },
          "sensitive_attributes": [],
          "identity_schema_version": 0,
          "private": "eyJlMmJmYjczMC1lY2FhLTExZTYtOGY4OC0zNDM2M2JjN2M0YzAiOnsiY3JlYXRlIjozMDAwMDAwMDAwMDAsImRlbGV0ZSI6MzAwMDAwMDAwMDAwLCJyZWFkIjozMDAwMDAwMDAwMDB9LCJzY2hlbWFfdmVyc2lvbiI6IjEifQ==",
          "dependencies": [
            "azuread_application.api",
            "azuread_group.admin",
            "azuread_service_principal.api",
            "data.azuread_client_config.current",
            "random_uuid.role_a2a_code_access",
            "random_uuid.role_a2a_code_analyze_code",
            "random_uuid.role_a2a_code_execute_csharp",
            "random_uuid.role_a2a_code_generate_code",
            "random_uuid.role_a2a_code_generate_tests",
            "random_uuid.role_a2a_code_refactor_code",
            "random_uuid.role_a2a_planner_access",
            "random_uuid.role_a2a_planner_assess_complexity",
            "random_uuid.role_a2a_planner_create_plan",
            "random_uuid.role_a2a_planner_orchestrate_workflow",
            "random_uuid.role_a2a_planner_suggest_agents",
            "random_uuid.role_a2a_research_access",
            "random_uuid.role_a2a_research_gather_context",
            "random_uuid.role_a2a_research_get_topic_details",
            "random_uuid.role_a2a_research_search_knowledge",
            "random_uuid.role_a2a_research_suggest_topics",
            "random_uuid.role_a2a_reviewer_access",
            "random_uuid.role_a2a_reviewer_provide_feedback",
            "random_uuid.role_a2a_reviewer_review_code",
            "random_uuid.role_a2a_reviewer_review_plan",
            "random_uuid.role_a2a_reviewer_review_response",
            "random_uuid.role_api_access",
            "random_uuid.role_api_chat_read",
            "random_uuid.role_api_chat_write",
            "random_uuid.role_api_sessions_manage",
            "random_uuid.role_mcp_access",
            "random_uuid.role_mcp_tools_convert_units",
            "random_uuid.role_mcp_tools_get_time",
            "random_uuid.role_mcp_tools_get_weather",
            "random_uuid.scope_access_as_user"
          ]
        },
        {
          "index_key": "a2a_code_execute_csharp",
          "schema_version": 1,
          "attributes": {
            "app_role_id": "c4c51f77-d77e-b378-5495-1448ae9b91d4",
            "id": "/servicePrincipals/2eb9cb9f-e465-4521-8334-bb4caf298752/appRoleAssignedTo/fUcz3oGc90u_hL7VwjK9cd0Trnmr4EhHmFXldJI1Tio",
            "principal_display_name": "AspireOllama - Admin",
            "principal_object_id": "de33477d-9c81-4bf7-bf84-bed5c232bd71",
            "principal_type": "Group",
            "resource_display_name": "AspireOllama",
            "resource_object_id": "2eb9cb9f-e465-4521-8334-bb4caf298752",
            "timeouts": null
          },
          "sensitive_attributes": [],
          "identity_schema_version": 0,
          "private": "eyJlMmJmYjczMC1lY2FhLTExZTYtOGY4OC0zNDM2M2JjN2M0YzAiOnsiY3JlYXRlIjozMDAwMDAwMDAwMDAsImRlbGV0ZSI6MzAwMDAwMDAwMDAwLCJyZWFkIjozMDAwMDAwMDAwMDB9LCJzY2hlbWFfdmVyc2lvbiI6IjEifQ==",
          "dependencies": [
            "azuread_application.api",
            "azuread_group.admin",
            "azuread_service_principal.api",
            "data.azuread_client_config.current",
            "random_uuid.role_a2a_code_access",
            "random_uuid.role_a2a_code_analyze_code",
            "random_uuid.role_a2a_code_execute_csharp",
            "random_uuid.role_a2a_code_generate_code",
            "random_uuid.role_a2a_code_generate_tests",
            "random_uuid.role_a2a_code_refactor_code",
            "random_uuid.role_a2a_planner_access",
            "random_uuid.role_a2a_planner_assess_complexity",
            "random_uuid.role_a2a_planner_create_plan",
            "random_uuid.role_a2a_planner_orchestrate_workflow",
            "random_uuid.role_a2a_planner_suggest_agents",
            "random_uuid.role_a2a_research_access",
            "random_uuid.role_a2a_research_gather_context",
            "random_uuid.role_a2a_research_get_topic_details",
            "random_uuid.role_a2a_research_search_knowledge",
            "random_uuid.role_a2a_research_suggest_topics",
            "random_uuid.role_a2a_reviewer_access",
            "random_uuid.role_a2a_reviewer_provide_feedback",
            "random_uuid.role_a2a_reviewer_review_code",
            "random_uuid.role_a2a_reviewer_review_plan",
            "random_uuid.role_a2a_reviewer_review_response",
            "random_uuid.role_api_access",
            "random_uuid.role_api_chat_read",
            "random_uuid.role_api_chat_write",
            "random_uuid.role_api_sessions_manage",
            "random_uuid.role_mcp_access",
            "random_uuid.role_mcp_tools_convert_units",
            "random_uuid.role_mcp_tools_get_time",
            "random_uuid.role_mcp_tools_get_weather",
            "random_uuid.scope_access_as_user"
          ]
        },
        {
          "index_key": "a2a_code_generate_code",
          "schema_version": 1,
          "attributes": {
            "app_role_id": "38efa301-a7a1-ee32-e38f-70325c21e247",
            "id": "/servicePrincipals/2eb9cb9f-e465-4521-8334-bb4caf298752/appRoleAssignedTo/fUcz3oGc90u_hL7VwjK9cdOmSrZdl-tIgTmajoVX_f8",
            "principal_display_name": "AspireOllama - Admin",
            "principal_object_id": "de33477d-9c81-4bf7-bf84-bed5c232bd71",
            "principal_type": "Group",
            "resource_display_name": "AspireOllama",
            "resource_object_id": "2eb9cb9f-e465-4521-8334-bb4caf298752",
            "timeouts": null
          },
          "sensitive_attributes": [],
          "identity_schema_version": 0,
          "private": "eyJlMmJmYjczMC1lY2FhLTExZTYtOGY4OC0zNDM2M2JjN2M0YzAiOnsiY3JlYXRlIjozMDAwMDAwMDAwMDAsImRlbGV0ZSI6MzAwMDAwMDAwMDAwLCJyZWFkIjozMDAwMDAwMDAwMDB9LCJzY2hlbWFfdmVyc2lvbiI6IjEifQ==",
          "dependencies": [
            "azuread_application.api",
            "azuread_group.admin",
            "azuread_service_principal.api",
            "data.azuread_client_config.current",
            "random_uuid.role_a2a_code_access",
            "random_uuid.role_a2a_code_analyze_code",
            "random_uuid.role_a2a_code_execute_csharp",
            "random_uuid.role_a2a_code_generate_code",
            "random_uuid.role_a2a_code_generate_tests",
            "random_uuid.role_a2a_code_refactor_code",
            "random_uuid.role_a2a_planner_access",
            "random_uuid.role_a2a_planner_assess_complexity",
            "random_uuid.role_a2a_planner_create_plan",
            "random_uuid.role_a2a_planner_orchestrate_workflow",
            "random_uuid.role_a2a_planner_suggest_agents",
            "random_uuid.role_a2a_research_access",
            "random_uuid.role_a2a_research_gather_context",
            "random_uuid.role_a2a_research_get_topic_details",
            "random_uuid.role_a2a_research_search_knowledge",
            "random_uuid.role_a2a_research_suggest_topics",
            "random_uuid.role_a2a_reviewer_access",
            "random_uuid.role_a2a_reviewer_provide_feedback",
            "random_uuid.role_a2a_reviewer_review_code",
            "random_uuid.role_a2a_reviewer_review_plan",
            "random_uuid.role_a2a_reviewer_review_response",
            "random_uuid.role_api_access",
            "random_uuid.role_api_chat_read",
            "random_uuid.role_api_chat_write",
            "random_uuid.role_api_sessions_manage",
            "random_uuid.role_mcp_access",
            "random_uuid.role_mcp_tools_convert_units",
            "random_uuid.role_mcp_tools_get_time",
            "random_uuid.role_mcp_tools_get_weather",
            "random_uuid.scope_access_as_user"
          ]
        },
        {
          "index_key": "a2a_code_generate_tests",
          "schema_version": 1,
          "attributes": {
            "app_role_id": "0ed6d1de-97e8-ff60-00ac-b946cfa339ad",
            "id": "/servicePrincipals/2eb9cb9f-e465-4521-8334-bb4caf298752/appRoleAssignedTo/fUcz3oGc90u_hL7VwjK9cXRRJDIxds5MuGCV7W_N4Bw",
            "principal_display_name": "AspireOllama - Admin",
            "principal_object_id": "de33477d-9c81-4bf7-bf84-bed5c232bd71",
            "principal_type": "Group",
            "resource_display_name": "AspireOllama",
            "resource_object_id": "2eb9cb9f-e465-4521-8334-bb4caf298752",
            "timeouts": null
          },
          "sensitive_attributes": [],
          "identity_schema_version": 0,
          "private": "eyJlMmJmYjczMC1lY2FhLTExZTYtOGY4OC0zNDM2M2JjN2M0YzAiOnsiY3JlYXRlIjozMDAwMDAwMDAwMDAsImRlbGV0ZSI6MzAwMDAwMDAwMDAwLCJyZWFkIjozMDAwMDAwMDAwMDB9LCJzY2hlbWFfdmVyc2lvbiI6IjEifQ==",
          "dependencies": [
            "azuread_application.api",
            "azuread_group.admin",
            "azuread_service_principal.api",
            "data.azuread_client_config.current",
            "random_uuid.role_a2a_code_access",
            "random_uuid.role_a2a_code_analyze_code",
            "random_uuid.role_a2a_code_execute_csharp",
            "random_uuid.role_a2a_code_generate_code",
            "random_uuid.role_a2a_code_generate_tests",
            "random_uuid.role_a2a_code_refactor_code",
            "random_uuid.role_a2a_planner_access",
            "random_uuid.role_a2a_planner_assess_complexity",
            "random_uuid.role_a2a_planner_create_plan",
            "random_uuid.role_a2a_planner_orchestrate_workflow",
            "random_uuid.role_a2a_planner_suggest_agents",
            "random_uuid.role_a2a_research_access",
            "random_uuid.role_a2a_research_gather_context",
            "random_uuid.role_a2a_research_get_topic_details",
            "random_uuid.role_a2a_research_search_knowledge",
            "random_uuid.role_a2a_research_suggest_topics",
            "random_uuid.role_a2a_reviewer_access",
            "random_uuid.role_a2a_reviewer_provide_feedback",
            "random_uuid.role_a2a_reviewer_review_code",
            "random_uuid.role_a2a_reviewer_review_plan",
            "random_uuid.role_a2a_reviewer_review_response",
            "random_uuid.role_api_access",
            "random_uuid.role_api_chat_read",
            "random_uuid.role_api_chat_write",
            "random_uuid.role_api_sessions_manage",
            "random_uuid.role_mcp_access",
            "random_uuid.role_mcp_tools_convert_units",
            "random_uuid.role_mcp_tools_get_time",
            "random_uuid.role_mcp_tools_get_weather",
            "random_uuid.scope_access_as_user"
          ]
        },
        {
          "index_key": "a2a_code_refactor_code",
          "schema_version": 1,
          "attributes": {
            "app_role_id": "ddd49f4a-4d7e-95b2-75e4-023ee053d976",
            "id": "/servicePrincipals/2eb9cb9f-e465-4521-8334-bb4caf298752/appRoleAssignedTo/fUcz3oGc90u_hL7VwjK9cbnsjicLscVEga1FA-QT_TY",
            "principal_display_name": "AspireOllama - Admin",
            "principal_object_id": "de33477d-9c81-4bf7-bf84-bed5c232bd71",
            "principal_type": "Group",
            "resource_display_name": "AspireOllama",
            "resource_object_id": "2eb9cb9f-e465-4521-8334-bb4caf298752",
            "timeouts": null
          },
          "sensitive_attributes": [],
          "identity_schema_version": 0,
          "private": "eyJlMmJmYjczMC1lY2FhLTExZTYtOGY4OC0zNDM2M2JjN2M0YzAiOnsiY3JlYXRlIjozMDAwMDAwMDAwMDAsImRlbGV0ZSI6MzAwMDAwMDAwMDAwLCJyZWFkIjozMDAwMDAwMDAwMDB9LCJzY2hlbWFfdmVyc2lvbiI6IjEifQ==",
          "dependencies": [
            "azuread_application.api",
            "azuread_group.admin",
            "azuread_service_principal.api",
            "data.azuread_client_config.current",
            "random_uuid.role_a2a_code_access",
            "random_uuid.role_a2a_code_analyze_code",
            "random_uuid.role_a2a_code_execute_csharp",
            "random_uuid.role_a2a_code_generate_code",
            "random_uuid.role_a2a_code_generate_tests",
            "random_uuid.role_a2a_code_refactor_code",
            "random_uuid.role_a2a_planner_access",
            "random_uuid.role_a2a_planner_assess_complexity",
            "random_uuid.role_a2a_planner_create_plan",
            "random_uuid.role_a2a_planner_orchestrate_workflow",
            "random_uuid.role_a2a_planner_suggest_agents",
            "random_uuid.role_a2a_research_access",
            "random_uuid.role_a2a_research_gather_context",
            "random_uuid.role_a2a_research_get_topic_details",
            "random_uuid.role_a2a_research_search_knowledge",
            "random_uuid.role_a2a_research_suggest_topics",
            "random_uuid.role_a2a_reviewer_access",
            "random_uuid.role_a2a_reviewer_provide_feedback",
            "random_uuid.role_a2a_reviewer_review_code",
            "random_uuid.role_a2a_reviewer_review_plan",
            "random_uuid.role_a2a_reviewer_review_response",
            "random_uuid.role_api_access",
            "random_uuid.role_api_chat_read",
            "random_uuid.role_api_chat_write",
            "random_uuid.role_api_sessions_manage",
            "random_uuid.role_mcp_access",
            "random_uuid.role_mcp_tools_convert_units",
            "random_uuid.role_mcp_tools_get_time",
            "random_uuid.role_mcp_tools_get_weather",
            "random_uuid.scope_access_as_user"
          ]
        },
        {
          "index_key": "a2a_planner_access",
          "schema_version": 1,
          "attributes": {
            "app_role_id": "e1aa72a2-7515-5415-efb2-3719bd935ab7",
            "id": "/servicePrincipals/2eb9cb9f-e465-4521-8334-bb4caf298752/appRoleAssignedTo/fUcz3oGc90u_hL7VwjK9cUn_xTGxPRpLjbselLnIftM",
            "principal_display_name": "AspireOllama - Admin",
            "principal_object_id": "de33477d-9c81-4bf7-bf84-bed5c232bd71",
            "principal_type": "Group",
            "resource_display_name": "AspireOllama",
            "resource_object_id": "2eb9cb9f-e465-4521-8334-bb4caf298752",
            "timeouts": null
          },
          "sensitive_attributes": [],
          "identity_schema_version": 0,
          "private": "eyJlMmJmYjczMC1lY2FhLTExZTYtOGY4OC0zNDM2M2JjN2M0YzAiOnsiY3JlYXRlIjozMDAwMDAwMDAwMDAsImRlbGV0ZSI6MzAwMDAwMDAwMDAwLCJyZWFkIjozMDAwMDAwMDAwMDB9LCJzY2hlbWFfdmVyc2lvbiI6IjEifQ==",
          "dependencies": [
            "azuread_application.api",
            "azuread_group.admin",
            "azuread_service_principal.api",
            "data.azuread_client_config.current",
            "random_uuid.role_a2a_code_access",
            "random_uuid.role_a2a_code_analyze_code",
            "random_uuid.role_a2a_code_execute_csharp",
            "random_uuid.role_a2a_code_generate_code",
            "random_uuid.role_a2a_code_generate_tests",
            "random_uuid.role_a2a_code_refactor_code",
            "random_uuid.role_a2a_planner_access",
            "random_uuid.role_a2a_planner_assess_complexity",
            "random_uuid.role_a2a_planner_create_plan",
            "random_uuid.role_a2a_planner_orchestrate_workflow",
            "random_uuid.role_a2a_planner_suggest_agents",
            "random_uuid.role_a2a_research_access",
            "random_uuid.role_a2a_research_gather_context",
            "random_uuid.role_a2a_research_get_topic_details",
            "random_uuid.role_a2a_research_search_knowledge",
            "random_uuid.role_a2a_research_suggest_topics",
            "random_uuid.role_a2a_reviewer_access",
            "random_uuid.role_a2a_reviewer_provide_feedback",
            "random_uuid.role_a2a_reviewer_review_code",
            "random_uuid.role_a2a_reviewer_review_plan",
            "random_uuid.role_a2a_reviewer_review_response",
            "random_uuid.role_api_access",
            "random_uuid.role_api_chat_read",
            "random_uuid.role_api_chat_write",
            "random_uuid.role_api_sessions_manage",
            "random_uuid.role_mcp_access",
            "random_uuid.role_mcp_tools_convert_units",
            "random_uuid.role_mcp_tools_get_time",
            "random_uuid.role_mcp_tools_get_weather",
            "random_uuid.scope_access_as_user"
          ]
        },
        {
          "index_key": "a2a_planner_assess_complexity",
          "schema_version": 1,
          "attributes": {
            "app_role_id": "db1d6b46-ed8e-7e43-0690-80ac6b34dc14",
            "id": "/servicePrincipals/2eb9cb9f-e465-4521-8334-bb4caf298752/appRoleAssignedTo/fUcz3oGc90u_hL7VwjK9cegXU2NL3FdMg2Ai7956j6E",
            "principal_display_name": "AspireOllama - Admin",
            "principal_object_id": "de33477d-9c81-4bf7-bf84-bed5c232bd71",
            "principal_type": "Group",
            "resource_display_name": "AspireOllama",
            "resource_object_id": "2eb9cb9f-e465-4521-8334-bb4caf298752",
            "timeouts": null
          },
          "sensitive_attributes": [],
          "identity_schema_version": 0,
          "private": "eyJlMmJmYjczMC1lY2FhLTExZTYtOGY4OC0zNDM2M2JjN2M0YzAiOnsiY3JlYXRlIjozMDAwMDAwMDAwMDAsImRlbGV0ZSI6MzAwMDAwMDAwMDAwLCJyZWFkIjozMDAwMDAwMDAwMDB9LCJzY2hlbWFfdmVyc2lvbiI6IjEifQ==",
          "dependencies": [
            "azuread_application.api",
            "azuread_group.admin",
            "azuread_service_principal.api",
            "data.azuread_client_config.current",
            "random_uuid.role_a2a_code_access",
            "random_uuid.role_a2a_code_analyze_code",
            "random_uuid.role_a2a_code_execute_csharp",
            "random_uuid.role_a2a_code_generate_code",
            "random_uuid.role_a2a_code_generate_tests",
            "random_uuid.role_a2a_code_refactor_code",
            "random_uuid.role_a2a_planner_access",
            "random_uuid.role_a2a_planner_assess_complexity",
            "random_uuid.role_a2a_planner_create_plan",
            "random_uuid.role_a2a_planner_orchestrate_workflow",
            "random_uuid.role_a2a_planner_suggest_agents",
            "random_uuid.role_a2a_research_access",
            "random_uuid.role_a2a_research_gather_context",
            "random_uuid.role_a2a_research_get_topic_details",
            "random_uuid.role_a2a_research_search_knowledge",
            "random_uuid.role_a2a_research_suggest_topics",
            "random_uuid.role_a2a_reviewer_access",
            "random_uuid.role_a2a_reviewer_provide_feedback",
            "random_uuid.role_a2a_reviewer_review_code",
            "random_uuid.role_a2a_reviewer_review_plan",
            "random_uuid.role_a2a_reviewer_review_response",
            "random_uuid.role_api_access",
            "random_uuid.role_api_chat_read",
            "random_uuid.role_api_chat_write",
            "random_uuid.role_api_sessions_manage",
            "random_uuid.role_mcp_access",
            "random_uuid.role_mcp_tools_convert_units",
            "random_uuid.role_mcp_tools_get_time",
            "random_uuid.role_mcp_tools_get_weather",
            "random_uuid.scope_access_as_user"
          ]
        },
        {
          "index_key": "a2a_planner_create_plan",
          "schema_version": 1,
          "attributes": {
            "app_role_id": "5080f6eb-6c8b-9871-ec81-6284a3c2de82",
            "id": "/servicePrincipals/2eb9cb9f-e465-4521-8334-bb4caf298752/appRoleAssignedTo/fUcz3oGc90u_hL7VwjK9cdnWAckDaqNKhJhmkAcrRxE",
            "principal_display_name": "AspireOllama - Admin",
            "principal_object_id": "de33477d-9c81-4bf7-bf84-bed5c232bd71",
            "principal_type": "Group",
            "resource_display_name": "AspireOllama",
            "resource_object_id": "2eb9cb9f-e465-4521-8334-bb4caf298752",
            "timeouts": null
          },
          "sensitive_attributes": [],
          "identity_schema_version": 0,
          "private": "eyJlMmJmYjczMC1lY2FhLTExZTYtOGY4OC0zNDM2M2JjN2M0YzAiOnsiY3JlYXRlIjozMDAwMDAwMDAwMDAsImRlbGV0ZSI6MzAwMDAwMDAwMDAwLCJyZWFkIjozMDAwMDAwMDAwMDB9LCJzY2hlbWFfdmVyc2lvbiI6IjEifQ==",
          "dependencies": [
            "azuread_application.api",
            "azuread_group.admin",
            "azuread_service_principal.api",
            "data.azuread_client_config.current",
            "random_uuid.role_a2a_code_access",
            "random_uuid.role_a2a_code_analyze_code",
            "random_uuid.role_a2a_code_execute_csharp",
            "random_uuid.role_a2a_code_generate_code",
            "random_uuid.role_a2a_code_generate_tests",
            "random_uuid.role_a2a_code_refactor_code",
            "random_uuid.role_a2a_planner_access",
            "random_uuid.role_a2a_planner_assess_complexity",
            "random_uuid.role_a2a_planner_create_plan",
            "random_uuid.role_a2a_planner_orchestrate_workflow",
            "random_uuid.role_a2a_planner_suggest_agents",
            "random_uuid.role_a2a_research_access",
            "random_uuid.role_a2a_research_gather_context",
            "random_uuid.role_a2a_research_get_topic_details",
            "random_uuid.role_a2a_research_search_knowledge",
            "random_uuid.role_a2a_research_suggest_topics",
            "random_uuid.role_a2a_reviewer_access",
            "random_uuid.role_a2a_reviewer_provide_feedback",
            "random_uuid.role_a2a_reviewer_review_code",
            "random_uuid.role_a2a_reviewer_review_plan",
            "random_uuid.role_a2a_reviewer_review_response",
            "random_uuid.role_api_access",
            "random_uuid.role_api_chat_read",
            "random_uuid.role_api_chat_write",
            "random_uuid.role_api_sessions_manage",
            "random_uuid.role_mcp_access",
            "random_uuid.role_mcp_tools_convert_units",
            "random_uuid.role_mcp_tools_get_time",
            "random_uuid.role_mcp_tools_get_weather",
            "random_uuid.scope_access_as_user"
          ]
        },
        {
          "index_key": "a2a_planner_orchestrate_workflow",
          "schema_version": 1,
          "attributes": {
            "app_role_id": "23105e46-3e1a-3b77-b65f-bae72eb6b062",
            "id": "/servicePrincipals/2eb9cb9f-e465-4521-8334-bb4caf298752/appRoleAssignedTo/fUcz3oGc90u_hL7VwjK9cWAP6xa4PPtJkhbWcd-fSvI",
            "principal_display_name": "AspireOllama - Admin",
            "principal_object_id": "de33477d-9c81-4bf7-bf84-bed5c232bd71",
            "principal_type": "Group",
            "resource_display_name": "AspireOllama",
            "resource_object_id": "2eb9cb9f-e465-4521-8334-bb4caf298752",
            "timeouts": null
          },
          "sensitive_attributes": [],
          "identity_schema_version": 0,
          "private": "eyJlMmJmYjczMC1lY2FhLTExZTYtOGY4OC0zNDM2M2JjN2M0YzAiOnsiY3JlYXRlIjozMDAwMDAwMDAwMDAsImRlbGV0ZSI6MzAwMDAwMDAwMDAwLCJyZWFkIjozMDAwMDAwMDAwMDB9LCJzY2hlbWFfdmVyc2lvbiI6IjEifQ==",
          "dependencies": [
            "azuread_application.api",
            "azuread_group.admin",
            "azuread_service_principal.api",
            "data.azuread_client_config.current",
            "random_uuid.role_a2a_code_access",
            "random_uuid.role_a2a_code_analyze_code",
            "random_uuid.role_a2a_code_execute_csharp",
            "random_uuid.role_a2a_code_generate_code",
            "random_uuid.role_a2a_code_generate_tests",
            "random_uuid.role_a2a_code_refactor_code",
            "random_uuid.role_a2a_planner_access",
            "random_uuid.role_a2a_planner_assess_complexity",
            "random_uuid.role_a2a_planner_create_plan",
            "random_uuid.role_a2a_planner_orchestrate_workflow",
            "random_uuid.role_a2a_planner_suggest_agents",
            "random_uuid.role_a2a_research_access",
            "random_uuid.role_a2a_research_gather_context",
            "random_uuid.role_a2a_research_get_topic_details",
            "random_uuid.role_a2a_research_search_knowledge",
            "random_uuid.role_a2a_research_suggest_topics",
            "random_uuid.role_a2a_reviewer_access",
            "random_uuid.role_a2a_reviewer_provide_feedback",
            "random_uuid.role_a2a_reviewer_review_code",
            "random_uuid.role_a2a_reviewer_review_plan",
            "random_uuid.role_a2a_reviewer_review_response",
            "random_uuid.role_api_access",
            "random_uuid.role_api_chat_read",
            "random_uuid.role_api_chat_write",
            "random_uuid.role_api_sessions_manage",
            "random_uuid.role_mcp_access",
            "random_uuid.role_mcp_tools_convert_units",
            "random_uuid.role_mcp_tools_get_time",
            "random_uuid.role_mcp_tools_get_weather",
            "random_uuid.scope_access_as_user"
          ]
        },
        {
          "index_key": "a2a_planner_suggest_agents",
          "schema_version": 1,
          "attributes": {
            "app_role_id": "1a51e82c-7262-316a-b579-95e5ae320419",
            "id": "/servicePrincipals/2eb9cb9f-e465-4521-8334-bb4caf298752/appRoleAssignedTo/fUcz3oGc90u_hL7VwjK9cVtgu03vu51Hu0UmQdT5Z9U",
            "principal_display_name": "AspireOllama - Admin",
            "principal_object_id": "de33477d-9c81-4bf7-bf84-bed5c232bd71",
            "principal_type": "Group",
            "resource_display_name": "AspireOllama",
            "resource_object_id": "2eb9cb9f-e465-4521-8334-bb4caf298752",
            "timeouts": null
          },
          "sensitive_attributes": [],
          "identity_schema_version": 0,
          "private": "eyJlMmJmYjczMC1lY2FhLTExZTYtOGY4OC0zNDM2M2JjN2M0YzAiOnsiY3JlYXRlIjozMDAwMDAwMDAwMDAsImRlbGV0ZSI6MzAwMDAwMDAwMDAwLCJyZWFkIjozMDAwMDAwMDAwMDB9LCJzY2hlbWFfdmVyc2lvbiI6IjEifQ==",
          "dependencies": [
            "azuread_application.api",
            "azuread_group.admin",
            "azuread_service_principal.api",
            "data.azuread_client_config.current",
            "random_uuid.role_a2a_code_access",
            "random_uuid.role_a2a_code_analyze_code",
            "random_uuid.role_a2a_code_execute_csharp",
            "random_uuid.role_a2a_code_generate_code",
            "random_uuid.role_a2a_code_generate_tests",
            "random_uuid.role_a2a_code_refactor_code",
            "random_uuid.role_a2a_planner_access",
            "random_uuid.role_a2a_planner_assess_complexity",
            "random_uuid.role_a2a_planner_create_plan",
            "random_uuid.role_a2a_planner_orchestrate_workflow",
            "random_uuid.role_a2a_planner_suggest_agents",
            "random_uuid.role_a2a_research_access",
            "random_uuid.role_a2a_research_gather_context",
            "random_uuid.role_a2a_research_get_topic_details",
            "random_uuid.role_a2a_research_search_knowledge",
            "random_uuid.role_a2a_research_suggest_topics",
            "random_uuid.role_a2a_reviewer_access",
            "random_uuid.role_a2a_reviewer_provide_feedback",
            "random_uuid.role_a2a_reviewer_review_code",
            "random_uuid.role_a2a_reviewer_review_plan",
            "random_uuid.role_a2a_reviewer_review_response",
            "random_uuid.role_api_access",
            "random_uuid.role_api_chat_read",
            "random_uuid.role_api_chat_write",
            "random_uuid.role_api_sessions_manage",
            "random_uuid.role_mcp_access",
            "random_uuid.role_mcp_tools_convert_units",
            "random_uuid.role_mcp_tools_get_time",
            "random_uuid.role_mcp_tools_get_weather",
            "random_uuid.scope_access_as_user"
          ]
        },
        {
          "index_key": "a2a_research_access",
          "schema_version": 1,
          "attributes": {
            "app_role_id": "088d0e71-b52b-2528-93c7-4fcfc2e1e2c8",
            "id": "/servicePrincipals/2eb9cb9f-e465-4521-8334-bb4caf298752/appRoleAssignedTo/fUcz3oGc90u_hL7VwjK9cVm9XoKnZ09KkBbvELKxmgs",
            "principal_display_name": "AspireOllama - Admin",
            "principal_object_id": "de33477d-9c81-4bf7-bf84-bed5c232bd71",
            "principal_type": "Group",
            "resource_display_name": "AspireOllama",
            "resource_object_id": "2eb9cb9f-e465-4521-8334-bb4caf298752",
            "timeouts": null
          },
          "sensitive_attributes": [],
          "identity_schema_version": 0,
          "private": "eyJlMmJmYjczMC1lY2FhLTExZTYtOGY4OC0zNDM2M2JjN2M0YzAiOnsiY3JlYXRlIjozMDAwMDAwMDAwMDAsImRlbGV0ZSI6MzAwMDAwMDAwMDAwLCJyZWFkIjozMDAwMDAwMDAwMDB9LCJzY2hlbWFfdmVyc2lvbiI6IjEifQ==",
          "dependencies": [
            "azuread_application.api",
            "azuread_group.admin",
            "azuread_service_principal.api",
            "data.azuread_client_config.current",
            "random_uuid.role_a2a_code_access",
            "random_uuid.role_a2a_code_analyze_code",
            "random_uuid.role_a2a_code_execute_csharp",
            "random_uuid.role_a2a_code_generate_code",
            "random_uuid.role_a2a_code_generate_tests",
            "random_uuid.role_a2a_code_refactor_code",
            "random_uuid.role_a2a_planner_access",
            "random_uuid.role_a2a_planner_assess_complexity",
            "random_uuid.role_a2a_planner_create_plan",
            "random_uuid.role_a2a_planner_orchestrate_workflow",
            "random_uuid.role_a2a_planner_suggest_agents",
            "random_uuid.role_a2a_research_access",
            "random_uuid.role_a2a_research_gather_context",
            "random_uuid.role_a2a_research_get_topic_details",
            "random_uuid.role_a2a_research_search_knowledge",
            "random_uuid.role_a2a_research_suggest_topics",
            "random_uuid.role_a2a_reviewer_access",
            "random_uuid.role_a2a_reviewer_provide_feedback",
            "random_uuid.role_a2a_reviewer_review_code",
            "random_uuid.role_a2a_reviewer_review_plan",
            "random_uuid.role_a2a_reviewer_review_response",
            "random_uuid.role_api_access",
            "random_uuid.role_api_chat_read",
            "random_uuid.role_api_chat_write",
            "random_uuid.role_api_sessions_manage",
            "random_uuid.role_mcp_access",
            "random_uuid.role_mcp_tools_convert_units",
            "random_uuid.role_mcp_tools_get_time",
            "random_uuid.role_mcp_tools_get_weather",
            "random_uuid.scope_access_as_user"
          ]
        },
        {
          "index_key": "a2a_research_gather_context",
          "schema_version": 1,
          "attributes": {
            "app_role_id": "91cc49f0-a0ac-3883-037a-54973851fe77",
            "id": "/servicePrincipals/2eb9cb9f-e465-4521-8334-bb4caf298752/appRoleAssignedTo/fUcz3oGc90u_hL7VwjK9cW2kSsUni3pHoNq6uB-R4yU",
            "principal_display_name": "AspireOllama - Admin",
            "principal_object_id": "de33477d-9c81-4bf7-bf84-bed5c232bd71",
            "principal_type": "Group",
            "resource_display_name": "AspireOllama",
            "resource_object_id": "2eb9cb9f-e465-4521-8334-bb4caf298752",
            "timeouts": null
          },
          "sensitive_attributes": [],
          "identity_schema_version": 0,
          "private": "eyJlMmJmYjczMC1lY2FhLTExZTYtOGY4OC0zNDM2M2JjN2M0YzAiOnsiY3JlYXRlIjozMDAwMDAwMDAwMDAsImRlbGV0ZSI6MzAwMDAwMDAwMDAwLCJyZWFkIjozMDAwMDAwMDAwMDB9LCJzY2hlbWFfdmVyc2lvbiI6IjEifQ==",
          "dependencies": [
            "azuread_application.api",
            "azuread_group.admin",
            "azuread_service_principal.api",
            "data.azuread_client_config.current",
            "random_uuid.role_a2a_code_access",
            "random_uuid.role_a2a_code_analyze_code",
            "random_uuid.role_a2a_code_execute_csharp",
            "random_uuid.role_a2a_code_generate_code",
            "random_uuid.role_a2a_code_generate_tests",
            "random_uuid.role_a2a_code_refactor_code",
            "random_uuid.role_a2a_planner_access",
            "random_uuid.role_a2a_planner_assess_complexity",
            "random_uuid.role_a2a_planner_create_plan",
            "random_uuid.role_a2a_planner_orchestrate_workflow",
            "random_uuid.role_a2a_planner_suggest_agents",
            "random_uuid.role_a2a_research_access",
            "random_uuid.role_a2a_research_gather_context",
            "random_uuid.role_a2a_research_get_topic_details",
            "random_uuid.role_a2a_research_search_knowledge",
            "random_uuid.role_a2a_research_suggest_topics",
            "random_uuid.role_a2a_reviewer_access",
            "random_uuid.role_a2a_reviewer_provide_feedback",
            "random_uuid.role_a2a_reviewer_review_code",
            "random_uuid.role_a2a_reviewer_review_plan",
            "random_uuid.role_a2a_reviewer_review_response",
            "random_uuid.role_api_access",
            "random_uuid.role_api_chat_read",
            "random_uuid.role_api_chat_write",
            "random_uuid.role_api_sessions_manage",
            "random_uuid.role_mcp_access",
            "random_uuid.role_mcp_tools_convert_units",
            "random_uuid.role_mcp_tools_get_time",
            "random_uuid.role_mcp_tools_get_weather",
            "random_uuid.scope_access_as_user"
          ]
        },
        {
          "index_key": "a2a_research_get_topic_details",
          "schema_version": 1,
          "attributes": {
            "app_role_id": "4fa3fa89-2e8d-8dbb-f10d-28d84757dd2d",
            "id": "/servicePrincipals/2eb9cb9f-e465-4521-8334-bb4caf298752/appRoleAssignedTo/fUcz3oGc90u_hL7VwjK9cSv5sj_UhsRPt_0CzHlWz4o",
            "principal_display_name": "AspireOllama - Admin",
            "principal_object_id": "de33477d-9c81-4bf7-bf84-bed5c232bd71",
            "principal_type": "Group",
            "resource_display_name": "AspireOllama",
            "resource_object_id": "2eb9cb9f-e465-4521-8334-bb4caf298752",
            "timeouts": null
          },
          "sensitive_attributes": [],
          "identity_schema_version": 0,
          "private": "eyJlMmJmYjczMC1lY2FhLTExZTYtOGY4OC0zNDM2M2JjN2M0YzAiOnsiY3JlYXRlIjozMDAwMDAwMDAwMDAsImRlbGV0ZSI6MzAwMDAwMDAwMDAwLCJyZWFkIjozMDAwMDAwMDAwMDB9LCJzY2hlbWFfdmVyc2lvbiI6IjEifQ==",
          "dependencies": [
            "azuread_application.api",
            "azuread_group.admin",
            "azuread_service_principal.api",
            "data.azuread_client_config.current",
            "random_uuid.role_a2a_code_access",
            "random_uuid.role_a2a_code_analyze_code",
            "random_uuid.role_a2a_code_execute_csharp",
            "random_uuid.role_a2a_code_generate_code",
            "random_uuid.role_a2a_code_generate_tests",
            "random_uuid.role_a2a_code_refactor_code",
            "random_uuid.role_a2a_planner_access",
            "random_uuid.role_a2a_planner_assess_complexity",
            "random_uuid.role_a2a_planner_create_plan",
            "random_uuid.role_a2a_planner_orchestrate_workflow",
            "random_uuid.role_a2a_planner_suggest_agents",
            "random_uuid.role_a2a_research_access",
            "random_uuid.role_a2a_research_gather_context",
            "random_uuid.role_a2a_research_get_topic_details",
            "random_uuid.role_a2a_research_search_knowledge",
            "random_uuid.role_a2a_research_suggest_topics",
            "random_uuid.role_a2a_reviewer_access",
            "random_uuid.role_a2a_reviewer_provide_feedback",
            "random_uuid.role_a2a_reviewer_review_code",
            "random_uuid.role_a2a_reviewer_review_plan",
            "random_uuid.role_a2a_reviewer_review_response",
            "random_uuid.role_api_access",
            "random_uuid.role_api_chat_read",
            "random_uuid.role_api_chat_write",
            "random_uuid.role_api_sessions_manage",
            "random_uuid.role_mcp_access",
            "random_uuid.role_mcp_tools_convert_units",
            "random_uuid.role_mcp_tools_get_time",
            "random_uuid.role_mcp_tools_get_weather",
            "random_uuid.scope_access_as_user"
          ]
        },
        {
          "index_key": "a2a_research_search_knowledge",
          "schema_version": 1,
          "attributes": {
            "app_role_id": "ad6ee666-2d43-d7ba-d795-2a8b587d10e2",
            "id": "/servicePrincipals/2eb9cb9f-e465-4521-8334-bb4caf298752/appRoleAssignedTo/fUcz3oGc90u_hL7VwjK9cWb76wyjO2dFlWQ_eOWh3aU",
            "principal_display_name": "AspireOllama - Admin",
            "principal_object_id": "de33477d-9c81-4bf7-bf84-bed5c232bd71",
            "principal_type": "Group",
            "resource_display_name": "AspireOllama",
            "resource_object_id": "2eb9cb9f-e465-4521-8334-bb4caf298752",
            "timeouts": null
          },
          "sensitive_attributes": [],
          "identity_schema_version": 0,
          "private": "eyJlMmJmYjczMC1lY2FhLTExZTYtOGY4OC0zNDM2M2JjN2M0YzAiOnsiY3JlYXRlIjozMDAwMDAwMDAwMDAsImRlbGV0ZSI6MzAwMDAwMDAwMDAwLCJyZWFkIjozMDAwMDAwMDAwMDB9LCJzY2hlbWFfdmVyc2lvbiI6IjEifQ==",
          "dependencies": [
            "azuread_application.api",
            "azuread_group.admin",
            "azuread_service_principal.api",
            "data.azuread_client_config.current",
            "random_uuid.role_a2a_code_access",
            "random_uuid.role_a2a_code_analyze_code",
            "random_uuid.role_a2a_code_execute_csharp",
            "random_uuid.role_a2a_code_generate_code",
            "random_uuid.role_a2a_code_generate_tests",
            "random_uuid.role_a2a_code_refactor_code",
            "random_uuid.role_a2a_planner_access",
            "random_uuid.role_a2a_planner_assess_complexity",
            "random_uuid.role_a2a_planner_create_plan",
            "random_uuid.role_a2a_planner_orchestrate_workflow",
            "random_uuid.role_a2a_planner_suggest_agents",
            "random_uuid.role_a2a_research_access",
            "random_uuid.role_a2a_research_gather_context",
            "random_uuid.role_a2a_research_get_topic_details",
            "random_uuid.role_a2a_research_search_knowledge",
            "random_uuid.role_a2a_research_suggest_topics",
            "random_uuid.role_a2a_reviewer_access",
            "random_uuid.role_a2a_reviewer_provide_feedback",
            "random_uuid.role_a2a_reviewer_review_code",
            "random_uuid.role_a2a_reviewer_review_plan",
            "random_uuid.role_a2a_reviewer_review_response",
            "random_uuid.role_api_access",
            "random_uuid.role_api_chat_read",
            "random_uuid.role_api_chat_write",
            "random_uuid.role_api_sessions_manage",
            "random_uuid.role_mcp_access",
            "random_uuid.role_mcp_tools_convert_units",
            "random_uuid.role_mcp_tools_get_time",
            "random_uuid.role_mcp_tools_get_weather",
            "random_uuid.scope_access_as_user"
          ]
        },
        {
          "index_key": "a2a_research_suggest_topics",
          "schema_version": 1,
          "attributes": {
            "app_role_id": "8a475d47-7ef5-7107-4398-cf59b5e06cbb",
            "id": "/servicePrincipals/2eb9cb9f-e465-4521-8334-bb4caf298752/appRoleAssignedTo/fUcz3oGc90u_hL7VwjK9cTwPXlr3ZGFPoioJnCHapok",
            "principal_display_name": "AspireOllama - Admin",
            "principal_object_id": "de33477d-9c81-4bf7-bf84-bed5c232bd71",
            "principal_type": "Group",
            "resource_display_name": "AspireOllama",
            "resource_object_id": "2eb9cb9f-e465-4521-8334-bb4caf298752",
            "timeouts": null
          },
          "sensitive_attributes": [],
          "identity_schema_version": 0,
          "private": "eyJlMmJmYjczMC1lY2FhLTExZTYtOGY4OC0zNDM2M2JjN2M0YzAiOnsiY3JlYXRlIjozMDAwMDAwMDAwMDAsImRlbGV0ZSI6MzAwMDAwMDAwMDAwLCJyZWFkIjozMDAwMDAwMDAwMDB9LCJzY2hlbWFfdmVyc2lvbiI6IjEifQ==",
          "dependencies": [
            "azuread_application.api",
            "azuread_group.admin",
            "azuread_service_principal.api",
            "data.azuread_client_config.current",
            "random_uuid.role_a2a_code_access",
            "random_uuid.role_a2a_code_analyze_code",
            "random_uuid.role_a2a_code_execute_csharp",
            "random_uuid.role_a2a_code_generate_code",
            "random_uuid.role_a2a_code_generate_tests",
            "random_uuid.role_a2a_code_refactor_code",
            "random_uuid.role_a2a_planner_access",
            "random_uuid.role_a2a_planner_assess_complexity",
            "random_uuid.role_a2a_planner_create_plan",
            "random_uuid.role_a2a_planner_orchestrate_workflow",
            "random_uuid.role_a2a_planner_suggest_agents",
            "random_uuid.role_a2a_research_access",
            "random_uuid.role_a2a_research_gather_context",
            "random_uuid.role_a2a_research_get_topic_details",
            "random_uuid.role_a2a_research_search_knowledge",
            "random_uuid.role_a2a_research_suggest_topics",
            "random_uuid.role_a2a_reviewer_access",
            "random_uuid.role_a2a_reviewer_provide_feedback",
            "random_uuid.role_a2a_reviewer_review_code",
            "random_uuid.role_a2a_reviewer_review_plan",
            "random_uuid.role_a2a_reviewer_review_response",
            "random_uuid.role_api_access",
            "random_uuid.role_api_chat_read",
            "random_uuid.role_api_chat_write",
            "random_uuid.role_api_sessions_manage",
            "random_uuid.role_mcp_access",
            "random_uuid.role_mcp_tools_convert_units",
            "random_uuid.role_mcp_tools_get_time",
            "random_uuid.role_mcp_tools_get_weather",
            "random_uuid.scope_access_as_user"
          ]
        },
        {
          "index_key": "a2a_reviewer_access",
          "schema_version": 1,
          "attributes": {
            "app_role_id": "1a1fc06b-f119-52f1-d287-0b17b58a6608",
            "id": "/servicePrincipals/2eb9cb9f-e465-4521-8334-bb4caf298752/appRoleAssignedTo/fUcz3oGc90u_hL7VwjK9cVeLnB94GG5DmtI4DzOsXVk",
            "principal_display_name": "AspireOllama - Admin",
            "principal_object_id": "de33477d-9c81-4bf7-bf84-bed5c232bd71",
            "principal_type": "Group",
            "resource_display_name": "AspireOllama",
            "resource_object_id": "2eb9cb9f-e465-4521-8334-bb4caf298752",
            "timeouts": null
          },
          "sensitive_attributes": [],
          "identity_schema_version": 0,
          "private": "eyJlMmJmYjczMC1lY2FhLTExZTYtOGY4OC0zNDM2M2JjN2M0YzAiOnsiY3JlYXRlIjozMDAwMDAwMDAwMDAsImRlbGV0ZSI6MzAwMDAwMDAwMDAwLCJyZWFkIjozMDAwMDAwMDAwMDB9LCJzY2hlbWFfdmVyc2lvbiI6IjEifQ==",
          "dependencies": [
            "azuread_application.api",
            "azuread_group.admin",
            "azuread_service_principal.api",
            "data.azuread_client_config.current",
            "random_uuid.role_a2a_code_access",
            "random_uuid.role_a2a_code_analyze_code",
            "random_uuid.role_a2a_code_execute_csharp",
            "random_uuid.role_a2a_code_generate_code",
            "random_uuid.role_a2a_code_generate_tests",
            "random_uuid.role_a2a_code_refactor_code",
            "random_uuid.role_a2a_planner_access",
            "random_uuid.role_a2a_planner_assess_complexity",
            "random_uuid.role_a2a_planner_create_plan",
            "random_uuid.role_a2a_planner_orchestrate_workflow",
            "random_uuid.role_a2a_planner_suggest_agents",
            "random_uuid.role_a2a_research_access",
            "random_uuid.role_a2a_research_gather_context",
            "random_uuid.role_a2a_research_get_topic_details",
            "random_uuid.role_a2a_research_search_knowledge",
            "random_uuid.role_a2a_research_suggest_topics",
            "random_uuid.role_a2a_reviewer_access",
            "random_uuid.role_a2a_reviewer_provide_feedback",
            "random_uuid.role_a2a_reviewer_review_code",
            "random_uuid.role_a2a_reviewer_review_plan",
            "random_uuid.role_a2a_reviewer_review_response",
            "random_uuid.role_api_access",
            "random_uuid.role_api_chat_read",
            "random_uuid.role_api_chat_write",
            "random_uuid.role_api_sessions_manage",
            "random_uuid.role_mcp_access",
            "random_uuid.role_mcp_tools_convert_units",
            "random_uuid.role_mcp_tools_get_time",
            "random_uuid.role_mcp_tools_get_weather",
            "random_uuid.scope_access_as_user"
          ]
        },
        {
          "index_key": "a2a_reviewer_provide_feedback",
          "schema_version": 1,
          "attributes": {
            "app_role_id": "054bb263-15b7-db81-0f1e-976474e95f47",
            "id": "/servicePrincipals/2eb9cb9f-e465-4521-8334-bb4caf298752/appRoleAssignedTo/fUcz3oGc90u_hL7VwjK9cZ5j0JLLnSlNty6bNa8Bcjc",
            "principal_display_name": "AspireOllama - Admin",
            "principal_object_id": "de33477d-9c81-4bf7-bf84-bed5c232bd71",
            "principal_type": "Group",
            "resource_display_name": "AspireOllama",
            "resource_object_id": "2eb9cb9f-e465-4521-8334-bb4caf298752",
            "timeouts": null
          },
          "sensitive_attributes": [],
          "identity_schema_version": 0,
          "private": "eyJlMmJmYjczMC1lY2FhLTExZTYtOGY4OC0zNDM2M2JjN2M0YzAiOnsiY3JlYXRlIjozMDAwMDAwMDAwMDAsImRlbGV0ZSI6MzAwMDAwMDAwMDAwLCJyZWFkIjozMDAwMDAwMDAwMDB9LCJzY2hlbWFfdmVyc2lvbiI6IjEifQ==",
          "dependencies": [
            "azuread_application.api",
            "azuread_group.admin",
            "azuread_service_principal.api",
            "data.azuread_client_config.current",
            "random_uuid.role_a2a_code_access",
            "random_uuid.role_a2a_code_analyze_code",
            "random_uuid.role_a2a_code_execute_csharp",
            "random_uuid.role_a2a_code_generate_code",
            "random_uuid.role_a2a_code_generate_tests",
            "random_uuid.role_a2a_code_refactor_code",
            "random_uuid.role_a2a_planner_access",
            "random_uuid.role_a2a_planner_assess_complexity",
            "random_uuid.role_a2a_planner_create_plan",
            "random_uuid.role_a2a_planner_orchestrate_workflow",
            "random_uuid.role_a2a_planner_suggest_agents",
            "random_uuid.role_a2a_research_access",
            "random_uuid.role_a2a_research_gather_context",
            "random_uuid.role_a2a_research_get_topic_details",
            "random_uuid.role_a2a_research_search_knowledge",
            "random_uuid.role_a2a_research_suggest_topics",
            "random_uuid.role_a2a_reviewer_access",
            "random_uuid.role_a2a_reviewer_provide_feedback",
            "random_uuid.role_a2a_reviewer_review_code",
            "random_uuid.role_a2a_reviewer_review_plan",
            "random_uuid.role_a2a_reviewer_review_response",
            "random_uuid.role_api_access",
            "random_uuid.role_api_chat_read",
            "random_uuid.role_api_chat_write",
            "random_uuid.role_api_sessions_manage",
            "random_uuid.role_mcp_access",
            "random_uuid.role_mcp_tools_convert_units",
            "random_uuid.role_mcp_tools_get_time",
            "random_uuid.role_mcp_tools_get_weather",
            "random_uuid.scope_access_as_user"
          ]
        },
        {
          "index_key": "a2a_reviewer_review_code",
          "schema_version": 1,
          "attributes": {
            "app_role_id": "e2a14306-d81f-9b6f-855c-ddadcf6b0f13",
            "id": "/servicePrincipals/2eb9cb9f-e465-4521-8334-bb4caf298752/appRoleAssignedTo/fUcz3oGc90u_hL7VwjK9cb5nO31wdVBOmVJyqWbLjoQ",
            "principal_display_name": "AspireOllama - Admin",
            "principal_object_id": "de33477d-9c81-4bf7-bf84-bed5c232bd71",
            "principal_type": "Group",
            "resource_display_name": "AspireOllama",
            "resource_object_id": "2eb9cb9f-e465-4521-8334-bb4caf298752",
            "timeouts": null
          },
          "sensitive_attributes": [],
          "identity_schema_version": 0,
          "private": "eyJlMmJmYjczMC1lY2FhLTExZTYtOGY4OC0zNDM2M2JjN2M0YzAiOnsiY3JlYXRlIjozMDAwMDAwMDAwMDAsImRlbGV0ZSI6MzAwMDAwMDAwMDAwLCJyZWFkIjozMDAwMDAwMDAwMDB9LCJzY2hlbWFfdmVyc2lvbiI6IjEifQ==",
          "dependencies": [
            "azuread_application.api",
            "azuread_group.admin",
            "azuread_service_principal.api",
            "data.azuread_client_config.current",
            "random_uuid.role_a2a_code_access",
            "random_uuid.role_a2a_code_analyze_code",
            "random_uuid.role_a2a_code_execute_csharp",
            "random_uuid.role_a2a_code_generate_code",
            "random_uuid.role_a2a_code_generate_tests",
            "random_uuid.role_a2a_code_refactor_code",
            "random_uuid.role_a2a_planner_access",
            "random_uuid.role_a2a_planner_assess_complexity",
            "random_uuid.role_a2a_planner_create_plan",
            "random_uuid.role_a2a_planner_orchestrate_workflow",
            "random_uuid.role_a2a_planner_suggest_agents",
            "random_uuid.role_a2a_research_access",
            "random_uuid.role_a2a_research_gather_context",
            "random_uuid.role_a2a_research_get_topic_details",
            "random_uuid.role_a2a_research_search_knowledge",
            "random_uuid.role_a2a_research_suggest_topics",
            "random_uuid.role_a2a_reviewer_access",
            "random_uuid.role_a2a_reviewer_provide_feedback",
            "random_uuid.role_a2a_reviewer_review_code",
            "random_uuid.role_a2a_reviewer_review_plan",
            "random_uuid.role_a2a_reviewer_review_response",
            "random_uuid.role_api_access",
            "random_uuid.role_api_chat_read",
            "random_uuid.role_api_chat_write",
            "random_uuid.role_api_sessions_manage",
            "random_uuid.role_mcp_access",
            "random_uuid.role_mcp_tools_convert_units",
            "random_uuid.role_mcp_tools_get_time",
            "random_uuid.role_mcp_tools_get_weather",
            "random_uuid.scope_access_as_user"
          ]
        },
        {
          "index_key": "a2a_reviewer_review_plan",
          "schema_version": 1,
          "attributes": {
            "app_role_id": "bd77911e-d01f-ba61-38dd-fb0bfc4873b6",
            "id": "/servicePrincipals/2eb9cb9f-e465-4521-8334-bb4caf298752/appRoleAssignedTo/fUcz3oGc90u_hL7VwjK9cWz--AFmX1ZLhBXbZIiuaio",
            "principal_display_name": "AspireOllama - Admin",
            "principal_object_id": "de33477d-9c81-4bf7-bf84-bed5c232bd71",
            "principal_type": "Group",
            "resource_display_name": "AspireOllama",
            "resource_object_id": "2eb9cb9f-e465-4521-8334-bb4caf298752",
            "timeouts": null
          },
          "sensitive_attributes": [],
          "identity_schema_version": 0,
          "private": "eyJlMmJmYjczMC1lY2FhLTExZTYtOGY4OC0zNDM2M2JjN2M0YzAiOnsiY3JlYXRlIjozMDAwMDAwMDAwMDAsImRlbGV0ZSI6MzAwMDAwMDAwMDAwLCJyZWFkIjozMDAwMDAwMDAwMDB9LCJzY2hlbWFfdmVyc2lvbiI6IjEifQ==",
          "dependencies": [
            "azuread_application.api",
            "azuread_group.admin",
            "azuread_service_principal.api",
            "data.azuread_client_config.current",
            "random_uuid.role_a2a_code_access",
            "random_uuid.role_a2a_code_analyze_code",
            "random_uuid.role_a2a_code_execute_csharp",
            "random_uuid.role_a2a_code_generate_code",
            "random_uuid.role_a2a_code_generate_tests",
            "random_uuid.role_a2a_code_refactor_code",
            "random_uuid.role_a2a_planner_access",
            "random_uuid.role_a2a_planner_assess_complexity",
            "random_uuid.role_a2a_planner_create_plan",
            "random_uuid.role_a2a_planner_orchestrate_workflow",
            "random_uuid.role_a2a_planner_suggest_agents",
            "random_uuid.role_a2a_research_access",
            "random_uuid.role_a2a_research_gather_context",
            "random_uuid.role_a2a_research_get_topic_details",
            "random_uuid.role_a2a_research_search_knowledge",
            "random_uuid.role_a2a_research_suggest_topics",
            "random_uuid.role_a2a_reviewer_access",
            "random_uuid.role_a2a_reviewer_provide_feedback",
            "random_uuid.role_a2a_reviewer_review_code",
            "random_uuid.role_a2a_reviewer_review_plan",
            "random_uuid.role_a2a_reviewer_review_response",
            "random_uuid.role_api_access",
            "random_uuid.role_api_chat_read",
            "random_uuid.role_api_chat_write",
            "random_uuid.role_api_sessions_manage",
            "random_uuid.role_mcp_access",
            "random_uuid.role_mcp_tools_convert_units",
            "random_uuid.role_mcp_tools_get_time",
            "random_uuid.role_mcp_tools_get_weather",
            "random_uuid.scope_access_as_user"
          ]
        },
        {
          "index_key": "a2a_reviewer_review_response",
          "schema_version": 1,
          "attributes": {
            "app_role_id": "cf7529fe-a006-dd05-01ce-a565d6b16bc5",
            "id": "/servicePrincipals/2eb9cb9f-e465-4521-8334-bb4caf298752/appRoleAssignedTo/fUcz3oGc90u_hL7VwjK9ccIejJZrZw9KoemcZ9HlVP0",
            "principal_display_name": "AspireOllama - Admin",
            "principal_object_id": "de33477d-9c81-4bf7-bf84-bed5c232bd71",
            "principal_type": "Group",
            "resource_display_name": "AspireOllama",
            "resource_object_id": "2eb9cb9f-e465-4521-8334-bb4caf298752",
            "timeouts": null
          },
          "sensitive_attributes": [],
          "identity_schema_version": 0,
          "private": "eyJlMmJmYjczMC1lY2FhLTExZTYtOGY4OC0zNDM2M2JjN2M0YzAiOnsiY3JlYXRlIjozMDAwMDAwMDAwMDAsImRlbGV0ZSI6MzAwMDAwMDAwMDAwLCJyZWFkIjozMDAwMDAwMDAwMDB9LCJzY2hlbWFfdmVyc2lvbiI6IjEifQ==",
          "dependencies": [
            "azuread_application.api",
            "azuread_group.admin",
            "azuread_service_principal.api",
            "data.azuread_client_config.current",
            "random_uuid.role_a2a_code_access",
            "random_uuid.role_a2a_code_analyze_code",
            "random_uuid.role_a2a_code_execute_csharp",
            "random_uuid.role_a2a_code_generate_code",
            "random_uuid.role_a2a_code_generate_tests",
            "random_uuid.role_a2a_code_refactor_code",
            "random_uuid.role_a2a_planner_access",
            "random_uuid.role_a2a_planner_assess_complexity",
            "random_uuid.role_a2a_planner_create_plan",
            "random_uuid.role_a2a_planner_orchestrate_workflow",
            "random_uuid.role_a2a_planner_suggest_agents",
            "random_uuid.role_a2a_research_access",
            "random_uuid.role_a2a_research_gather_context",
            "random_uuid.role_a2a_research_get_topic_details",
            "random_uuid.role_a2a_research_search_knowledge",
            "random_uuid.role_a2a_research_suggest_topics",
            "random_uuid.role_a2a_reviewer_access",
            "random_uuid.role_a2a_reviewer_provide_feedback",
            "random_uuid.role_a2a_reviewer_review_code",
            "random_uuid.role_a2a_reviewer_review_plan",
            "random_uuid.role_a2a_reviewer_review_response",
            "random_uuid.role_api_access",
            "random_uuid.role_api_chat_read",
            "random_uuid.role_api_chat_write",
            "random_uuid.role_api_sessions_manage",
            "random_uuid.role_mcp_access",
            "random_uuid.role_mcp_tools_convert_units",
            "random_uuid.role_mcp_tools_get_time",
            "random_uuid.role_mcp_tools_get_weather",
            "random_uuid.scope_access_as_user"
          ]
        },
        {
          "index_key": "api_access",
          "schema_version": 1,
          "attributes": {
            "app_role_id": "d0418bc7-fd96-9610-009b-659010f4473a",
            "id": "/servicePrincipals/2eb9cb9f-e465-4521-8334-bb4caf298752/appRoleAssignedTo/fUcz3oGc90u_hL7VwjK9cXlob5chcddJpl8tqK2Uvik",
            "principal_display_name": "AspireOllama - Admin",
            "principal_object_id": "de33477d-9c81-4bf7-bf84-bed5c232bd71",
            "principal_type": "Group",
            "resource_display_name": "AspireOllama",
            "resource_object_id": "2eb9cb9f-e465-4521-8334-bb4caf298752",
            "timeouts": null
          },
          "sensitive_attributes": [],
          "identity_schema_version": 0,
          "private": "eyJlMmJmYjczMC1lY2FhLTExZTYtOGY4OC0zNDM2M2JjN2M0YzAiOnsiY3JlYXRlIjozMDAwMDAwMDAwMDAsImRlbGV0ZSI6MzAwMDAwMDAwMDAwLCJyZWFkIjozMDAwMDAwMDAwMDB9LCJzY2hlbWFfdmVyc2lvbiI6IjEifQ==",
          "dependencies": [
            "azuread_application.api",
            "azuread_group.admin",
            "azuread_service_principal.api",
            "data.azuread_client_config.current",
            "random_uuid.role_a2a_code_access",
            "random_uuid.role_a2a_code_analyze_code",
            "random_uuid.role_a2a_code_execute_csharp",
            "random_uuid.role_a2a_code_generate_code",
            "random_uuid.role_a2a_code_generate_tests",
            "random_uuid.role_a2a_code_refactor_code",
            "random_uuid.role_a2a_planner_access",
            "random_uuid.role_a2a_planner_assess_complexity",
            "random_uuid.role_a2a_planner_create_plan",
            "random_uuid.role_a2a_planner_orchestrate_workflow",
            "random_uuid.role_a2a_planner_suggest_agents",
            "random_uuid.role_a2a_research_access",
            "random_uuid.role_a2a_research_gather_context",
            "random_uuid.role_a2a_research_get_topic_details",
            "random_uuid.role_a2a_research_search_knowledge",
            "random_uuid.role_a2a_research_suggest_topics",
            "random_uuid.role_a2a_reviewer_access",
            "random_uuid.role_a2a_reviewer_provide_feedback",
            "random_uuid.role_a2a_reviewer_review_code",
            "random_uuid.role_a2a_reviewer_review_plan",
            "random_uuid.role_a2a_reviewer_review_response",
            "random_uuid.role_api_access",
            "random_uuid.role_api_chat_read",
            "random_uuid.role_api_chat_write",
            "random_uuid.role_api_sessions_manage",
            "random_uuid.role_mcp_access",
            "random_uuid.role_mcp_tools_convert_units",
            "random_uuid.role_mcp_tools_get_time",
            "random_uuid.role_mcp_tools_get_weather",
            "random_uuid.scope_access_as_user"
          ]
        },
        {
          "index_key": "api_chat_read",
          "schema_version": 1,
          "attributes": {
            "app_role_id": "e61973f6-cfb0-f360-6ca5-78a675a30625",
            "id": "/servicePrincipals/2eb9cb9f-e465-4521-8334-bb4caf298752/appRoleAssignedTo/fUcz3oGc90u_hL7VwjK9cTdG_TWHNCxOrUkz6ClBZek",
            "principal_display_name": "AspireOllama - Admin",
            "principal_object_id": "de33477d-9c81-4bf7-bf84-bed5c232bd71",
            "principal_type": "Group",
            "resource_display_name": "AspireOllama",
            "resource_object_id": "2eb9cb9f-e465-4521-8334-bb4caf298752",
            "timeouts": null
          },
          "sensitive_attributes": [],
          "identity_schema_version": 0,
          "private": "eyJlMmJmYjczMC1lY2FhLTExZTYtOGY4OC0zNDM2M2JjN2M0YzAiOnsiY3JlYXRlIjozMDAwMDAwMDAwMDAsImRlbGV0ZSI6MzAwMDAwMDAwMDAwLCJyZWFkIjozMDAwMDAwMDAwMDB9LCJzY2hlbWFfdmVyc2lvbiI6IjEifQ==",
          "dependencies": [
            "azuread_application.api",
            "azuread_group.admin",
            "azuread_service_principal.api",
            "data.azuread_client_config.current",
            "random_uuid.role_a2a_code_access",
            "random_uuid.role_a2a_code_analyze_code",
            "random_uuid.role_a2a_code_execute_csharp",
            "random_uuid.role_a2a_code_generate_code",
            "random_uuid.role_a2a_code_generate_tests",
            "random_uuid.role_a2a_code_refactor_code",
            "random_uuid.role_a2a_planner_access",
            "random_uuid.role_a2a_planner_assess_complexity",
            "random_uuid.role_a2a_planner_create_plan",
            "random_uuid.role_a2a_planner_orchestrate_workflow",
            "random_uuid.role_a2a_planner_suggest_agents",
            "random_uuid.role_a2a_research_access",
            "random_uuid.role_a2a_research_gather_context",
            "random_uuid.role_a2a_research_get_topic_details",
            "random_uuid.role_a2a_research_search_knowledge",
            "random_uuid.role_a2a_research_suggest_topics",
            "random_uuid.role_a2a_reviewer_access",
            "random_uuid.role_a2a_reviewer_provide_feedback",
            "random_uuid.role_a2a_reviewer_review_code",
            "random_uuid.role_a2a_reviewer_review_plan",
            "random_uuid.role_a2a_reviewer_review_response",
            "random_uuid.role_api_access",
            "random_uuid.role_api_chat_read",
            "random_uuid.role_api_chat_write",
            "random_uuid.role_api_sessions_manage",
            "random_uuid.role_mcp_access",
            "random_uuid.role_mcp_tools_convert_units",
            "random_uuid.role_mcp_tools_get_time",
            "random_uuid.role_mcp_tools_get_weather",
            "random_uuid.scope_access_as_user"
          ]
        },
        {
          "index_key": "api_chat_write",
          "schema_version": 1,
          "attributes": {
            "app_role_id": "7f2d2d0b-54d4-6219-680e-d0ca1634c715",
            "id": "/servicePrincipals/2eb9cb9f-e465-4521-8334-bb4caf298752/appRoleAssignedTo/fUcz3oGc90u_hL7VwjK9cSPHHdjGUcNCnG-vT2ISVCo",
            "principal_display_name": "AspireOllama - Admin",
            "principal_object_id": "de33477d-9c81-4bf7-bf84-bed5c232bd71",
            "principal_type": "Group",
            "resource_display_name": "AspireOllama",
            "resource_object_id": "2eb9cb9f-e465-4521-8334-bb4caf298752",
            "timeouts": null
          },
          "sensitive_attributes": [],
          "identity_schema_version": 0,
          "private": "eyJlMmJmYjczMC1lY2FhLTExZTYtOGY4OC0zNDM2M2JjN2M0YzAiOnsiY3JlYXRlIjozMDAwMDAwMDAwMDAsImRlbGV0ZSI6MzAwMDAwMDAwMDAwLCJyZWFkIjozMDAwMDAwMDAwMDB9LCJzY2hlbWFfdmVyc2lvbiI6IjEifQ==",
          "dependencies": [
            "azuread_application.api",
            "azuread_group.admin",
            "azuread_service_principal.api",
            "data.azuread_client_config.current",
            "random_uuid.role_a2a_code_access",
            "random_uuid.role_a2a_code_analyze_code",
            "random_uuid.role_a2a_code_execute_csharp",
            "random_uuid.role_a2a_code_generate_code",
            "random_uuid.role_a2a_code_generate_tests",
            "random_uuid.role_a2a_code_refactor_code",
            "random_uuid.role_a2a_planner_access",
            "random_uuid.role_a2a_planner_assess_complexity",
            "random_uuid.role_a2a_planner_create_plan",
            "random_uuid.role_a2a_planner_orchestrate_workflow",
            "random_uuid.role_a2a_planner_suggest_agents",
            "random_uuid.role_a2a_research_access",
            "random_uuid.role_a2a_research_gather_context",
            "random_uuid.role_a2a_research_get_topic_details",
            "random_uuid.role_a2a_research_search_knowledge",
            "random_uuid.role_a2a_research_suggest_topics",
            "random_uuid.role_a2a_reviewer_access",
            "random_uuid.role_a2a_reviewer_provide_feedback",
            "random_uuid.role_a2a_reviewer_review_code",
            "random_uuid.role_a2a_reviewer_review_plan",
            "random_uuid.role_a2a_reviewer_review_response",
            "random_uuid.role_api_access",
            "random_uuid.role_api_chat_read",
            "random_uuid.role_api_chat_write",
            "random_uuid.role_api_sessions_manage",
            "random_uuid.role_mcp_access",
            "random_uuid.role_mcp_tools_convert_units",
            "random_uuid.role_mcp_tools_get_time",
            "random_uuid.role_mcp_tools_get_weather",
            "random_uuid.scope_access_as_user"
          ]
        },
        {
          "index_key": "api_sessions_manage",
          "schema_version": 1,
          "attributes": {
            "app_role_id": "263d6619-389d-ed00-4216-eea1cb025f14",
            "id": "/servicePrincipals/2eb9cb9f-e465-4521-8334-bb4caf298752/appRoleAssignedTo/fUcz3oGc90u_hL7VwjK9cToab_sjkc1Mi4BBjakzIbY",
            "principal_display_name": "AspireOllama - Admin",
            "principal_object_id": "de33477d-9c81-4bf7-bf84-bed5c232bd71",
            "principal_type": "Group",
            "resource_display_name": "AspireOllama",
            "resource_object_id": "2eb9cb9f-e465-4521-8334-bb4caf298752",
            "timeouts": null
          },
          "sensitive_attributes": [],
          "identity_schema_version": 0,
          "private": "eyJlMmJmYjczMC1lY2FhLTExZTYtOGY4OC0zNDM2M2JjN2M0YzAiOnsiY3JlYXRlIjozMDAwMDAwMDAwMDAsImRlbGV0ZSI6MzAwMDAwMDAwMDAwLCJyZWFkIjozMDAwMDAwMDAwMDB9LCJzY2hlbWFfdmVyc2lvbiI6IjEifQ==",
          "dependencies": [
            "azuread_application.api",
            "azuread_group.admin",
            "azuread_service_principal.api",
            "data.azuread_client_config.current",
            "random_uuid.role_a2a_code_access",
            "random_uuid.role_a2a_code_analyze_code",
            "random_uuid.role_a2a_code_execute_csharp",
            "random_uuid.role_a2a_code_generate_code",
            "random_uuid.role_a2a_code_generate_tests",
            "random_uuid.role_a2a_code_refactor_code",
            "random_uuid.role_a2a_planner_access",
            "random_uuid.role_a2a_planner_assess_complexity",
            "random_uuid.role_a2a_planner_create_plan",
            "random_uuid.role_a2a_planner_orchestrate_workflow",
            "random_uuid.role_a2a_planner_suggest_agents",
            "random_uuid.role_a2a_research_access",
            "random_uuid.role_a2a_research_gather_context",
            "random_uuid.role_a2a_research_get_topic_details",
            "random_uuid.role_a2a_research_search_knowledge",
            "random_uuid.role_a2a_research_suggest_topics",
            "random_uuid.role_a2a_reviewer_access",
            "random_uuid.role_a2a_reviewer_provide_feedback",
            "random_uuid.role_a2a_reviewer_review_code",
            "random_uuid.role_a2a_reviewer_review_plan",
            "random_uuid.role_a2a_reviewer_review_response",
            "random_uuid.role_api_access",
            "random_uuid.role_api_chat_read",
            "random_uuid.role_api_chat_write",
            "random_uuid.role_api_sessions_manage",
            "random_uuid.role_mcp_access",
            "random_uuid.role_mcp_tools_convert_units",
            "random_uuid.role_mcp_tools_get_time",
            "random_uuid.role_mcp_tools_get_weather",
            "random_uuid.scope_access_as_user"
          ]
        },
        {
          "index_key": "mcp_access",
          "schema_version": 1,
          "attributes": {
            "app_role_id": "91026d68-a5de-8944-6574-680dfaa796b3",
            "id": "/servicePrincipals/2eb9cb9f-e465-4521-8334-bb4caf298752/appRoleAssignedTo/fUcz3oGc90u_hL7VwjK9cQ1tPMqLVbBCgeTilUmslg0",
            "principal_display_name": "AspireOllama - Admin",
            "principal_object_id": "de33477d-9c81-4bf7-bf84-bed5c232bd71",
            "principal_type": "Group",
            "resource_display_name": "AspireOllama",
            "resource_object_id": "2eb9cb9f-e465-4521-8334-bb4caf298752",
            "timeouts": null
          },
          "sensitive_attributes": [],
          "identity_schema_version": 0,
          "private": "eyJlMmJmYjczMC1lY2FhLTExZTYtOGY4OC0zNDM2M2JjN2M0YzAiOnsiY3JlYXRlIjozMDAwMDAwMDAwMDAsImRlbGV0ZSI6MzAwMDAwMDAwMDAwLCJyZWFkIjozMDAwMDAwMDAwMDB9LCJzY2hlbWFfdmVyc2lvbiI6IjEifQ==",
          "dependencies": [
            "azuread_application.api",
            "azuread_group.admin",
            "azuread_service_principal.api",
            "data.azuread_client_config.current",
            "random_uuid.role_a2a_code_access",
            "random_uuid.role_a2a_code_analyze_code",
            "random_uuid.role_a2a_code_execute_csharp",
            "random_uuid.role_a2a_code_generate_code",
            "random_uuid.role_a2a_code_generate_tests",
            "random_uuid.role_a2a_code_refactor_code",
            "random_uuid.role_a2a_planner_access",
            "random_uuid.role_a2a_planner_assess_complexity",
            "random_uuid.role_a2a_planner_create_plan",
            "random_uuid.role_a2a_planner_orchestrate_workflow",
            "random_uuid.role_a2a_planner_suggest_agents",
            "random_uuid.role_a2a_research_access",
            "random_uuid.role_a2a_research_gather_context",
            "random_uuid.role_a2a_research_get_topic_details",
            "random_uuid.role_a2a_research_search_knowledge",
            "random_uuid.role_a2a_research_suggest_topics",
            "random_uuid.role_a2a_reviewer_access",
            "random_uuid.role_a2a_reviewer_provide_feedback",
            "random_uuid.role_a2a_reviewer_review_code",
            "random_uuid.role_a2a_reviewer_review_plan",
            "random_uuid.role_a2a_reviewer_review_response",
            "random_uuid.role_api_access",
            "random_uuid.role_api_chat_read",
            "random_uuid.role_api_chat_write",
            "random_uuid.role_api_sessions_manage",
            "random_uuid.role_mcp_access",
            "random_uuid.role_mcp_tools_convert_units",
            "random_uuid.role_mcp_tools_get_time",
            "random_uuid.role_mcp_tools_get_weather",
            "random_uuid.scope_access_as_user"
          ]
        },
        {
          "index_key": "mcp_tools_convert_units",
          "schema_version": 1,
          "attributes": {
            "app_role_id": "d4e74e8e-b9f9-e51c-ec43-893f5572f789",
            "id": "/servicePrincipals/2eb9cb9f-e465-4521-8334-bb4caf298752/appRoleAssignedTo/fUcz3oGc90u_hL7VwjK9cXgsp5TrzI1Jl3whjECbNqo",
            "principal_display_name": "AspireOllama - Admin",
            "principal_object_id": "de33477d-9c81-4bf7-bf84-bed5c232bd71",
            "principal_type": "Group",
            "resource_display_name": "AspireOllama",
            "resource_object_id": "2eb9cb9f-e465-4521-8334-bb4caf298752",
            "timeouts": null
          },
          "sensitive_attributes": [],
          "identity_schema_version": 0,
          "private": "eyJlMmJmYjczMC1lY2FhLTExZTYtOGY4OC0zNDM2M2JjN2M0YzAiOnsiY3JlYXRlIjozMDAwMDAwMDAwMDAsImRlbGV0ZSI6MzAwMDAwMDAwMDAwLCJyZWFkIjozMDAwMDAwMDAwMDB9LCJzY2hlbWFfdmVyc2lvbiI6IjEifQ==",
          "dependencies": [
            "azuread_application.api",
            "azuread_group.admin",
            "azuread_service_principal.api",
            "data.azuread_client_config.current",
            "random_uuid.role_a2a_code_access",
            "random_uuid.role_a2a_code_analyze_code",
            "random_uuid.role_a2a_code_execute_csharp",
            "random_uuid.role_a2a_code_generate_code",
            "random_uuid.role_a2a_code_generate_tests",
            "random_uuid.role_a2a_code_refactor_code",
            "random_uuid.role_a2a_planner_access",
            "random_uuid.role_a2a_planner_assess_complexity",
            "random_uuid.role_a2a_planner_create_plan",
            "random_uuid.role_a2a_planner_orchestrate_workflow",
            "random_uuid.role_a2a_planner_suggest_agents",
            "random_uuid.role_a2a_research_access",
            "random_uuid.role_a2a_research_gather_context",
            "random_uuid.role_a2a_research_get_topic_details",
            "random_uuid.role_a2a_research_search_knowledge",
            "random_uuid.role_a2a_research_suggest_topics",
            "random_uuid.role_a2a_reviewer_access",
            "random_uuid.role_a2a_reviewer_provide_feedback",
            "random_uuid.role_a2a_reviewer_review_code",
            "random_uuid.role_a2a_reviewer_review_plan",
            "random_uuid.role_a2a_reviewer_review_response",
            "random_uuid.role_api_access",
            "random_uuid.role_api_chat_read",
            "random_uuid.role_api_chat_write",
            "random_uuid.role_api_sessions_manage",
            "random_uuid.role_mcp_access",
            "random_uuid.role_mcp_tools_convert_units",
            "random_uuid.role_mcp_tools_get_time",
            "random_uuid.role_mcp_tools_get_weather",
            "random_uuid.scope_access_as_user"
          ]
        },
        {
          "index_key": "mcp_tools_get_time",
          "schema_version": 1,
          "attributes": {
            "app_role_id": "2f7f928b-30ee-a271-45d7-6cd8b16b0617",
            "id": "/servicePrincipals/2eb9cb9f-e465-4521-8334-bb4caf298752/appRoleAssignedTo/fUcz3oGc90u_hL7VwjK9ccMLIDwFBHFLgiGp-KpDApA",
            "principal_display_name": "AspireOllama - Admin",
            "principal_object_id": "de33477d-9c81-4bf7-bf84-bed5c232bd71",
            "principal_type": "Group",
            "resource_display_name": "AspireOllama",
            "resource_object_id": "2eb9cb9f-e465-4521-8334-bb4caf298752",
            "timeouts": null
          },
          "sensitive_attributes": [],
          "identity_schema_version": 0,
          "private": "eyJlMmJmYjczMC1lY2FhLTExZTYtOGY4OC0zNDM2M2JjN2M0YzAiOnsiY3JlYXRlIjozMDAwMDAwMDAwMDAsImRlbGV0ZSI6MzAwMDAwMDAwMDAwLCJyZWFkIjozMDAwMDAwMDAwMDB9LCJzY2hlbWFfdmVyc2lvbiI6IjEifQ==",
          "dependencies": [
            "azuread_application.api",
            "azuread_group.admin",
            "azuread_service_principal.api",
            "data.azuread_client_config.current",
            "random_uuid.role_a2a_code_access",
            "random_uuid.role_a2a_code_analyze_code",
            "random_uuid.role_a2a_code_execute_csharp",
            "random_uuid.role_a2a_code_generate_code",
            "random_uuid.role_a2a_code_generate_tests",
            "random_uuid.role_a2a_code_refactor_code",
            "random_uuid.role_a2a_planner_access",
            "random_uuid.role_a2a_planner_assess_complexity",
            "random_uuid.role_a2a_planner_create_plan",
            "random_uuid.role_a2a_planner_orchestrate_workflow",
            "random_uuid.role_a2a_planner_suggest_agents",
            "random_uuid.role_a2a_research_access",
            "random_uuid.role_a2a_research_gather_context",
            "random_uuid.role_a2a_research_get_topic_details",
            "random_uuid.role_a2a_research_search_knowledge",
            "random_uuid.role_a2a_research_suggest_topics",
            "random_uuid.role_a2a_reviewer_access",
            "random_uuid.role_a2a_reviewer_provide_feedback",
            "random_uuid.role_a2a_reviewer_review_code",
            "random_uuid.role_a2a_reviewer_review_plan",
            "random_uuid.role_a2a_reviewer_review_response",
            "random_uuid.role_api_access",
            "random_uuid.role_api_chat_read",
            "random_uuid.role_api_chat_write",
            "random_uuid.role_api_sessions_manage",
            "random_uuid.role_mcp_access",
            "random_uuid.role_mcp_tools_convert_units",
            "random_uuid.role_mcp_tools_get_time",
            "random_uuid.role_mcp_tools_get_weather",
            "random_uuid.scope_access_as_user"
          ]
        },
        {
          "index_key": "mcp_tools_get_weather",
          "schema_version": 1,
          "attributes": {
            "app_role_id": "88d727de-91b4-c2e1-e5e8-f1a3a66491c6",
            "id": "/servicePrincipals/2eb9cb9f-e465-4521-8334-bb4caf298752/appRoleAssignedTo/fUcz3oGc90u_hL7VwjK9ccH4suQSC39MthSc9AazzU4",
            "principal_display_name": "AspireOllama - Admin",
            "principal_object_id": "de33477d-9c81-4bf7-bf84-bed5c232bd71",
            "principal_type": "Group",
            "resource_display_name": "AspireOllama",
            "resource_object_id": "2eb9cb9f-e465-4521-8334-bb4caf298752",
            "timeouts": null
          },
          "sensitive_attributes": [],
          "identity_schema_version": 0,
          "private": "eyJlMmJmYjczMC1lY2FhLTExZTYtOGY4OC0zNDM2M2JjN2M0YzAiOnsiY3JlYXRlIjozMDAwMDAwMDAwMDAsImRlbGV0ZSI6MzAwMDAwMDAwMDAwLCJyZWFkIjozMDAwMDAwMDAwMDB9LCJzY2hlbWFfdmVyc2lvbiI6IjEifQ==",
          "dependencies": [
            "azuread_application.api",
            "azuread_group.admin",
            "azuread_service_principal.api",
            "data.azuread_client_config.current",
            "random_uuid.role_a2a_code_access",
            "random_uuid.role_a2a_code_analyze_code",
            "random_uuid.role_a2a_code_execute_csharp",
            "random_uuid.role_a2a_code_generate_code",
            "random_uuid.role_a2a_code_generate_tests",
            "random_uuid.role_a2a_code_refactor_code",
            "random_uuid.role_a2a_planner_access",
            "random_uuid.role_a2a_planner_assess_complexity",
            "random_uuid.role_a2a_planner_create_plan",
            "random_uuid.role_a2a_planner_orchestrate_workflow",
            "random_uuid.role_a2a_planner_suggest_agents",
            "random_uuid.role_a2a_research_access",
            "random_uuid.role_a2a_research_gather_context",
            "random_uuid.role_a2a_research_get_topic_details",
            "random_uuid.role_a2a_research_search_knowledge",
            "random_uuid.role_a2a_research_suggest_topics",
            "random_uuid.role_a2a_reviewer_access",
            "random_uuid.role_a2a_reviewer_provide_feedback",
            "random_uuid.role_a2a_reviewer_review_code",
            "random_uuid.role_a2a_reviewer_review_plan",
            "random_uuid.role_a2a_reviewer_review_response",
            "random_uuid.role_api_access",
            "random_uuid.role_api_chat_read",
            "random_uuid.role_api_chat_write",
            "random_uuid.role_api_sessions_manage",
            "random_uuid.role_mcp_access",
            "random_uuid.role_mcp_tools_convert_units",
            "random_uuid.role_mcp_tools_get_time",
            "random_uuid.role_mcp_tools_get_weather",
            "random_uuid.scope_access_as_user"
          ]
        }
      ]
    },
    {
      "mode": "managed",
      "type": "azuread_app_role_assignment",
      "name": "power_user_a2a",
      "provider": "provider[\"registry.terraform.io/hashicorp/azuread\"]",
      "instances": [
        {
          "index_key": "a2a_code_access",
          "schema_version": 1,
          "attributes": {
            "app_role_id": "b33cf18d-62ef-756c-515d-b24eed6f199a",
            "id": "/servicePrincipals/2eb9cb9f-e465-4521-8334-bb4caf298752/appRoleAssignedTo/ONoxW8TMKkGoG52a1lDXoSFsTH3xtyJCtLbuQxr_p6A",
            "principal_display_name": "AspireOllama - Power User",
            "principal_object_id": "5b31da38-ccc4-412a-a81b-9d9ad650d7a1",
            "principal_type": "Group",
            "resource_display_name": "AspireOllama",
            "resource_object_id": "2eb9cb9f-e465-4521-8334-bb4caf298752",
            "timeouts": null
          },
          "sensitive_attributes": [],
          "identity_schema_version": 0,
          "private": "eyJlMmJmYjczMC1lY2FhLTExZTYtOGY4OC0zNDM2M2JjN2M0YzAiOnsiY3JlYXRlIjozMDAwMDAwMDAwMDAsImRlbGV0ZSI6MzAwMDAwMDAwMDAwLCJyZWFkIjozMDAwMDAwMDAwMDB9LCJzY2hlbWFfdmVyc2lvbiI6IjEifQ==",
          "dependencies": [
            "azuread_application.api",
            "azuread_group.power_user",
            "azuread_service_principal.api",
            "data.azuread_client_config.current",
            "random_uuid.role_a2a_code_access",
            "random_uuid.role_a2a_code_analyze_code",
            "random_uuid.role_a2a_code_execute_csharp",
            "random_uuid.role_a2a_code_generate_code",
            "random_uuid.role_a2a_code_generate_tests",
            "random_uuid.role_a2a_code_refactor_code",
            "random_uuid.role_a2a_planner_access",
            "random_uuid.role_a2a_planner_assess_complexity",
            "random_uuid.role_a2a_planner_create_plan",
            "random_uuid.role_a2a_planner_orchestrate_workflow",
            "random_uuid.role_a2a_planner_suggest_agents",
            "random_uuid.role_a2a_research_access",
            "random_uuid.role_a2a_research_gather_context",
            "random_uuid.role_a2a_research_get_topic_details",
            "random_uuid.role_a2a_research_search_knowledge",
            "random_uuid.role_a2a_research_suggest_topics",
            "random_uuid.role_a2a_reviewer_access",
            "random_uuid.role_a2a_reviewer_provide_feedback",
            "random_uuid.role_a2a_reviewer_review_code",
            "random_uuid.role_a2a_reviewer_review_plan",
            "random_uuid.role_a2a_reviewer_review_response",
            "random_uuid.role_api_access",
            "random_uuid.role_api_chat_read",
            "random_uuid.role_api_chat_write",
            "random_uuid.role_api_sessions_manage",
            "random_uuid.role_mcp_access",
            "random_uuid.role_mcp_tools_convert_units",
            "random_uuid.role_mcp_tools_get_time",
            "random_uuid.role_mcp_tools_get_weather",
            "random_uuid.scope_access_as_user"
          ]
        },
        {
          "index_key": "a2a_code_analyze_code",
          "schema_version": 1,
          "attributes": {
            "app_role_id": "1bc3f5e2-2b78-7c38-688a-f5c9e9e06e30",
            "id": "/servicePrincipals/2eb9cb9f-e465-4521-8334-bb4caf298752/appRoleAssignedTo/ONoxW8TMKkGoG52a1lDXodDqtrjxq_hJrORColGJZ6k",
            "principal_display_name": "AspireOllama - Power User",
            "principal_object_id": "5b31da38-ccc4-412a-a81b-9d9ad650d7a1",
            "principal_type": "Group",
            "resource_display_name": "AspireOllama",
            "resource_object_id": "2eb9cb9f-e465-4521-8334-bb4caf298752",
            "timeouts": null
          },
          "sensitive_attributes": [],
          "identity_schema_version": 0,
          "private": "eyJlMmJmYjczMC1lY2FhLTExZTYtOGY4OC0zNDM2M2JjN2M0YzAiOnsiY3JlYXRlIjozMDAwMDAwMDAwMDAsImRlbGV0ZSI6MzAwMDAwMDAwMDAwLCJyZWFkIjozMDAwMDAwMDAwMDB9LCJzY2hlbWFfdmVyc2lvbiI6IjEifQ==",
          "dependencies": [
            "azuread_application.api",
            "azuread_group.power_user",
            "azuread_service_principal.api",
            "data.azuread_client_config.current",
            "random_uuid.role_a2a_code_access",
            "random_uuid.role_a2a_code_analyze_code",
            "random_uuid.role_a2a_code_execute_csharp",
            "random_uuid.role_a2a_code_generate_code",
            "random_uuid.role_a2a_code_generate_tests",
            "random_uuid.role_a2a_code_refactor_code",
            "random_uuid.role_a2a_planner_access",
            "random_uuid.role_a2a_planner_assess_complexity",
            "random_uuid.role_a2a_planner_create_plan",
            "random_uuid.role_a2a_planner_orchestrate_workflow",
            "random_uuid.role_a2a_planner_suggest_agents",
            "random_uuid.role_a2a_research_access",
            "random_uuid.role_a2a_research_gather_context",
            "random_uuid.role_a2a_research_get_topic_details",
            "random_uuid.role_a2a_research_search_knowledge",
            "random_uuid.role_a2a_research_suggest_topics",
            "random_uuid.role_a2a_reviewer_access",
            "random_uuid.role_a2a_reviewer_provide_feedback",
            "random_uuid.role_a2a_reviewer_review_code",
            "random_uuid.role_a2a_reviewer_review_plan",
            "random_uuid.role_a2a_reviewer_review_response",
            "random_uuid.role_api_access",
            "random_uuid.role_api_chat_read",
            "random_uuid.role_api_chat_write",
            "random_uuid.role_api_sessions_manage",
            "random_uuid.role_mcp_access",
            "random_uuid.role_mcp_tools_convert_units",
            "random_uuid.role_mcp_tools_get_time",
            "random_uuid.role_mcp_tools_get_weather",
            "random_uuid.scope_access_as_user"
          ]
        },
        {
          "index_key": "a2a_code_execute_csharp",
          "schema_version": 1,
          "attributes": {
            "app_role_id": "c4c51f77-d77e-b378-5495-1448ae9b91d4",
            "id": "/servicePrincipals/2eb9cb9f-e465-4521-8334-bb4caf298752/appRoleAssignedTo/ONoxW8TMKkGoG52a1lDXoVbLYnRUc7tOq-o-soq5g1Y",
            "principal_display_name": "AspireOllama - Power User",
            "principal_object_id": "5b31da38-ccc4-412a-a81b-9d9ad650d7a1",
            "principal_type": "Group",
            "resource_display_name": "AspireOllama",
            "resource_object_id": "2eb9cb9f-e465-4521-8334-bb4caf298752",
            "timeouts": null
          },
          "sensitive_attributes": [],
          "identity_schema_version": 0,
          "private": "eyJlMmJmYjczMC1lY2FhLTExZTYtOGY4OC0zNDM2M2JjN2M0YzAiOnsiY3JlYXRlIjozMDAwMDAwMDAwMDAsImRlbGV0ZSI6MzAwMDAwMDAwMDAwLCJyZWFkIjozMDAwMDAwMDAwMDB9LCJzY2hlbWFfdmVyc2lvbiI6IjEifQ==",
          "dependencies": [
            "azuread_application.api",
            "azuread_group.power_user",
            "azuread_service_principal.api",
            "data.azuread_client_config.current",
            "random_uuid.role_a2a_code_access",
            "random_uuid.role_a2a_code_analyze_code",
            "random_uuid.role_a2a_code_execute_csharp",
            "random_uuid.role_a2a_code_generate_code",
            "random_uuid.role_a2a_code_generate_tests",
            "random_uuid.role_a2a_code_refactor_code",
            "random_uuid.role_a2a_planner_access",
            "random_uuid.role_a2a_planner_assess_complexity",
            "random_uuid.role_a2a_planner_create_plan",
            "random_uuid.role_a2a_planner_orchestrate_workflow",
            "random_uuid.role_a2a_planner_suggest_agents",
            "random_uuid.role_a2a_research_access",
            "random_uuid.role_a2a_research_gather_context",
            "random_uuid.role_a2a_research_get_topic_details",
            "random_uuid.role_a2a_research_search_knowledge",
            "random_uuid.role_a2a_research_suggest_topics",
            "random_uuid.role_a2a_reviewer_access",
            "random_uuid.role_a2a_reviewer_provide_feedback",
            "random_uuid.role_a2a_reviewer_review_code",
            "random_uuid.role_a2a_reviewer_review_plan",
            "random_uuid.role_a2a_reviewer_review_response",
            "random_uuid.role_api_access",
            "random_uuid.role_api_chat_read",
            "random_uuid.role_api_chat_write",
            "random_uuid.role_api_sessions_manage",
            "random_uuid.role_mcp_access",
            "random_uuid.role_mcp_tools_convert_units",
            "random_uuid.role_mcp_tools_get_time",
            "random_uuid.role_mcp_tools_get_weather",
            "random_uuid.scope_access_as_user"
          ]
        },
        {
          "index_key": "a2a_code_generate_code",
          "schema_version": 1,
          "attributes": {
            "app_role_id": "38efa301-a7a1-ee32-e38f-70325c21e247",
            "id": "/servicePrincipals/2eb9cb9f-e465-4521-8334-bb4caf298752/appRoleAssignedTo/ONoxW8TMKkGoG52a1lDXoY_rQrp6w5VEsXlzdD0Gmgg",
            "principal_display_name": "AspireOllama - Power User",
            "principal_object_id": "5b31da38-ccc4-412a-a81b-9d9ad650d7a1",
            "principal_type": "Group",
            "resource_display_name": "AspireOllama",
            "resource_object_id": "2eb9cb9f-e465-4521-8334-bb4caf298752",
            "timeouts": null
          },
          "sensitive_attributes": [],
          "identity_schema_version": 0,
          "private": "eyJlMmJmYjczMC1lY2FhLTExZTYtOGY4OC0zNDM2M2JjN2M0YzAiOnsiY3JlYXRlIjozMDAwMDAwMDAwMDAsImRlbGV0ZSI6MzAwMDAwMDAwMDAwLCJyZWFkIjozMDAwMDAwMDAwMDB9LCJzY2hlbWFfdmVyc2lvbiI6IjEifQ==",
          "dependencies": [
            "azuread_application.api",
            "azuread_group.power_user",
            "azuread_service_principal.api",
            "data.azuread_client_config.current",
            "random_uuid.role_a2a_code_access",
            "random_uuid.role_a2a_code_analyze_code",
            "random_uuid.role_a2a_code_execute_csharp",
            "random_uuid.role_a2a_code_generate_code",
            "random_uuid.role_a2a_code_generate_tests",
            "random_uuid.role_a2a_code_refactor_code",
            "random_uuid.role_a2a_planner_access",
            "random_uuid.role_a2a_planner_assess_complexity",
            "random_uuid.role_a2a_planner_create_plan",
            "random_uuid.role_a2a_planner_orchestrate_workflow",
            "random_uuid.role_a2a_planner_suggest_agents",
            "random_uuid.role_a2a_research_access",
            "random_uuid.role_a2a_research_gather_context",
            "random_uuid.role_a2a_research_get_topic_details",
            "random_uuid.role_a2a_research_search_knowledge",
            "random_uuid.role_a2a_research_suggest_topics",
            "random_uuid.role_a2a_reviewer_access",
            "random_uuid.role_a2a_reviewer_provide_feedback",
            "random_uuid.role_a2a_reviewer_review_code",
            "random_uuid.role_a2a_reviewer_review_plan",
            "random_uuid.role_a2a_reviewer_review_response",
            "random_uuid.role_api_access",
            "random_uuid.role_api_chat_read",
            "random_uuid.role_api_chat_write",
            "random_uuid.role_api_sessions_manage",
            "random_uuid.role_mcp_access",
            "random_uuid.role_mcp_tools_convert_units",
            "random_uuid.role_mcp_tools_get_time",
            "random_uuid.role_mcp_tools_get_weather",
            "random_uuid.scope_access_as_user"
          ]
        },
        {
          "index_key": "a2a_code_generate_tests",
          "schema_version": 1,
          "attributes": {
            "app_role_id": "0ed6d1de-97e8-ff60-00ac-b946cfa339ad",
            "id": "/servicePrincipals/2eb9cb9f-e465-4521-8334-bb4caf298752/appRoleAssignedTo/ONoxW8TMKkGoG52a1lDXoSxyo1nqoUFNkJ00TeunWZ0",
            "principal_display_name": "AspireOllama - Power User",
            "principal_object_id": "5b31da38-ccc4-412a-a81b-9d9ad650d7a1",
            "principal_type": "Group",
            "resource_display_name": "AspireOllama",
            "resource_object_id": "2eb9cb9f-e465-4521-8334-bb4caf298752",
            "timeouts": null
          },
          "sensitive_attributes": [],
          "identity_schema_version": 0,
          "private": "eyJlMmJmYjczMC1lY2FhLTExZTYtOGY4OC0zNDM2M2JjN2M0YzAiOnsiY3JlYXRlIjozMDAwMDAwMDAwMDAsImRlbGV0ZSI6MzAwMDAwMDAwMDAwLCJyZWFkIjozMDAwMDAwMDAwMDB9LCJzY2hlbWFfdmVyc2lvbiI6IjEifQ==",
          "dependencies": [
            "azuread_application.api",
            "azuread_group.power_user",
            "azuread_service_principal.api",
            "data.azuread_client_config.current",
            "random_uuid.role_a2a_code_access",
            "random_uuid.role_a2a_code_analyze_code",
            "random_uuid.role_a2a_code_execute_csharp",
            "random_uuid.role_a2a_code_generate_code",
            "random_uuid.role_a2a_code_generate_tests",
            "random_uuid.role_a2a_code_refactor_code",
            "random_uuid.role_a2a_planner_access",
            "random_uuid.role_a2a_planner_assess_complexity",
            "random_uuid.role_a2a_planner_create_plan",
            "random_uuid.role_a2a_planner_orchestrate_workflow",
            "random_uuid.role_a2a_planner_suggest_agents",
            "random_uuid.role_a2a_research_access",
            "random_uuid.role_a2a_research_gather_context",
            "random_uuid.role_a2a_research_get_topic_details",
            "random_uuid.role_a2a_research_search_knowledge",
            "random_uuid.role_a2a_research_suggest_topics",
            "random_uuid.role_a2a_reviewer_access",
            "random_uuid.role_a2a_reviewer_provide_feedback",
            "random_uuid.role_a2a_reviewer_review_code",
            "random_uuid.role_a2a_reviewer_review_plan",
            "random_uuid.role_a2a_reviewer_review_response",
            "random_uuid.role_api_access",
            "random_uuid.role_api_chat_read",
            "random_uuid.role_api_chat_write",
            "random_uuid.role_api_sessions_manage",
            "random_uuid.role_mcp_access",
            "random_uuid.role_mcp_tools_convert_units",
            "random_uuid.role_mcp_tools_get_time",
            "random_uuid.role_mcp_tools_get_weather",
            "random_uuid.scope_access_as_user"
          ]
        },
        {
          "index_key": "a2a_code_refactor_code",
          "schema_version": 1,
          "attributes": {
            "app_role_id": "ddd49f4a-4d7e-95b2-75e4-023ee053d976",
            "id": "/servicePrincipals/2eb9cb9f-e465-4521-8334-bb4caf298752/appRoleAssignedTo/ONoxW8TMKkGoG52a1lDXoZvszvfptjFOl-GuL96Tgqc",
            "principal_display_name": "AspireOllama - Power User",
            "principal_object_id": "5b31da38-ccc4-412a-a81b-9d9ad650d7a1",
            "principal_type": "Group",
            "resource_display_name": "AspireOllama",
            "resource_object_id": "2eb9cb9f-e465-4521-8334-bb4caf298752",
            "timeouts": null
          },
          "sensitive_attributes": [],
          "identity_schema_version": 0,
          "private": "eyJlMmJmYjczMC1lY2FhLTExZTYtOGY4OC0zNDM2M2JjN2M0YzAiOnsiY3JlYXRlIjozMDAwMDAwMDAwMDAsImRlbGV0ZSI6MzAwMDAwMDAwMDAwLCJyZWFkIjozMDAwMDAwMDAwMDB9LCJzY2hlbWFfdmVyc2lvbiI6IjEifQ==",
          "dependencies": [
            "azuread_application.api",
            "azuread_group.power_user",
            "azuread_service_principal.api",
            "data.azuread_client_config.current",
            "random_uuid.role_a2a_code_access",
            "random_uuid.role_a2a_code_analyze_code",
            "random_uuid.role_a2a_code_execute_csharp",
            "random_uuid.role_a2a_code_generate_code",
            "random_uuid.role_a2a_code_generate_tests",
            "random_uuid.role_a2a_code_refactor_code",
            "random_uuid.role_a2a_planner_access",
            "random_uuid.role_a2a_planner_assess_complexity",
            "random_uuid.role_a2a_planner_create_plan",
            "random_uuid.role_a2a_planner_orchestrate_workflow",
            "random_uuid.role_a2a_planner_suggest_agents",
            "random_uuid.role_a2a_research_access",
            "random_uuid.role_a2a_research_gather_context",
            "random_uuid.role_a2a_research_get_topic_details",
            "random_uuid.role_a2a_research_search_knowledge",
            "random_uuid.role_a2a_research_suggest_topics",
            "random_uuid.role_a2a_reviewer_access",
            "random_uuid.role_a2a_reviewer_provide_feedback",
            "random_uuid.role_a2a_reviewer_review_code",
            "random_uuid.role_a2a_reviewer_review_plan",
            "random_uuid.role_a2a_reviewer_review_response",
            "random_uuid.role_api_access",
            "random_uuid.role_api_chat_read",
            "random_uuid.role_api_chat_write",
            "random_uuid.role_api_sessions_manage",
            "random_uuid.role_mcp_access",
            "random_uuid.role_mcp_tools_convert_units",
            "random_uuid.role_mcp_tools_get_time",
            "random_uuid.role_mcp_tools_get_weather",
            "random_uuid.scope_access_as_user"
          ]
        },
        {
          "index_key": "a2a_planner_access",
          "schema_version": 1,
          "attributes": {
            "app_role_id": "e1aa72a2-7515-5415-efb2-3719bd935ab7",
            "id": "/servicePrincipals/2eb9cb9f-e465-4521-8334-bb4caf298752/appRoleAssignedTo/ONoxW8TMKkGoG52a1lDXoYjsFcOZzpBBuK3m_929zGY",
            "principal_display_name": "AspireOllama - Power User",
            "principal_object_id": "5b31da38-ccc4-412a-a81b-9d9ad650d7a1",
            "principal_type": "Group",
            "resource_display_name": "AspireOllama",
            "resource_object_id": "2eb9cb9f-e465-4521-8334-bb4caf298752",
            "timeouts": null
          },
          "sensitive_attributes": [],
          "identity_schema_version": 0,
          "private": "eyJlMmJmYjczMC1lY2FhLTExZTYtOGY4OC0zNDM2M2JjN2M0YzAiOnsiY3JlYXRlIjozMDAwMDAwMDAwMDAsImRlbGV0ZSI6MzAwMDAwMDAwMDAwLCJyZWFkIjozMDAwMDAwMDAwMDB9LCJzY2hlbWFfdmVyc2lvbiI6IjEifQ==",
          "dependencies": [
            "azuread_application.api",
            "azuread_group.power_user",
            "azuread_service_principal.api",
            "data.azuread_client_config.current",
            "random_uuid.role_a2a_code_access",
            "random_uuid.role_a2a_code_analyze_code",
            "random_uuid.role_a2a_code_execute_csharp",
            "random_uuid.role_a2a_code_generate_code",
            "random_uuid.role_a2a_code_generate_tests",
            "random_uuid.role_a2a_code_refactor_code",
            "random_uuid.role_a2a_planner_access",
            "random_uuid.role_a2a_planner_assess_complexity",
            "random_uuid.role_a2a_planner_create_plan",
            "random_uuid.role_a2a_planner_orchestrate_workflow",
            "random_uuid.role_a2a_planner_suggest_agents",
            "random_uuid.role_a2a_research_access",
            "random_uuid.role_a2a_research_gather_context",
            "random_uuid.role_a2a_research_get_topic_details",
            "random_uuid.role_a2a_research_search_knowledge",
            "random_uuid.role_a2a_research_suggest_topics",
            "random_uuid.role_a2a_reviewer_access",
            "random_uuid.role_a2a_reviewer_provide_feedback",
            "random_uuid.role_a2a_reviewer_review_code",
            "random_uuid.role_a2a_reviewer_review_plan",
            "random_uuid.role_a2a_reviewer_review_response",
            "random_uuid.role_api_access",
            "random_uuid.role_api_chat_read",
            "random_uuid.role_api_chat_write",
            "random_uuid.role_api_sessions_manage",
            "random_uuid.role_mcp_access",
            "random_uuid.role_mcp_tools_convert_units",
            "random_uuid.role_mcp_tools_get_time",
            "random_uuid.role_mcp_tools_get_weather",
            "random_uuid.scope_access_as_user"
          ]
        },
        {
          "index_key": "a2a_planner_assess_complexity",
          "schema_version": 1,
          "attributes": {
            "app_role_id": "db1d6b46-ed8e-7e43-0690-80ac6b34dc14",
            "id": "/servicePrincipals/2eb9cb9f-e465-4521-8334-bb4caf298752/appRoleAssignedTo/ONoxW8TMKkGoG52a1lDXoVwDfQpLOQVAjRE2uotjMgM",
            "principal_display_name": "AspireOllama - Power User",
            "principal_object_id": "5b31da38-ccc4-412a-a81b-9d9ad650d7a1",
            "principal_type": "Group",
            "resource_display_name": "AspireOllama",
            "resource_object_id": "2eb9cb9f-e465-4521-8334-bb4caf298752",
            "timeouts": null
          },
          "sensitive_attributes": [],
          "identity_schema_version": 0,
          "private": "eyJlMmJmYjczMC1lY2FhLTExZTYtOGY4OC0zNDM2M2JjN2M0YzAiOnsiY3JlYXRlIjozMDAwMDAwMDAwMDAsImRlbGV0ZSI6MzAwMDAwMDAwMDAwLCJyZWFkIjozMDAwMDAwMDAwMDB9LCJzY2hlbWFfdmVyc2lvbiI6IjEifQ==",
          "dependencies": [
            "azuread_application.api",
            "azuread_group.power_user",
            "azuread_service_principal.api",
            "data.azuread_client_config.current",
            "random_uuid.role_a2a_code_access",
            "random_uuid.role_a2a_code_analyze_code",
            "random_uuid.role_a2a_code_execute_csharp",
            "random_uuid.role_a2a_code_generate_code",
            "random_uuid.role_a2a_code_generate_tests",
            "random_uuid.role_a2a_code_refactor_code",
            "random_uuid.role_a2a_planner_access",
            "random_uuid.role_a2a_planner_assess_complexity",
            "random_uuid.role_a2a_planner_create_plan",
            "random_uuid.role_a2a_planner_orchestrate_workflow",
            "random_uuid.role_a2a_planner_suggest_agents",
            "random_uuid.role_a2a_research_access",
            "random_uuid.role_a2a_research_gather_context",
            "random_uuid.role_a2a_research_get_topic_details",
            "random_uuid.role_a2a_research_search_knowledge",
            "random_uuid.role_a2a_research_suggest_topics",
            "random_uuid.role_a2a_reviewer_access",
            "random_uuid.role_a2a_reviewer_provide_feedback",
            "random_uuid.role_a2a_reviewer_review_code",
            "random_uuid.role_a2a_reviewer_review_plan",
            "random_uuid.role_a2a_reviewer_review_response",
            "random_uuid.role_api_access",
            "random_uuid.role_api_chat_read",
            "random_uuid.role_api_chat_write",
            "random_uuid.role_api_sessions_manage",
            "random_uuid.role_mcp_access",
            "random_uuid.role_mcp_tools_convert_units",
            "random_uuid.role_mcp_tools_get_time",
            "random_uuid.role_mcp_tools_get_weather",
            "random_uuid.scope_access_as_user"
          ]
        },
        {
          "index_key": "a2a_planner_create_plan",
          "schema_version": 1,
          "attributes": {
            "app_role_id": "5080f6eb-6c8b-9871-ec81-6284a3c2de82",
            "id": "/servicePrincipals/2eb9cb9f-e465-4521-8334-bb4caf298752/appRoleAssignedTo/ONoxW8TMKkGoG52a1lDXocVuV7-OdBRKqVqEJ1MRpPA",
            "principal_display_name": "AspireOllama - Power User",
            "principal_object_id": "5b31da38-ccc4-412a-a81b-9d9ad650d7a1",
            "principal_type": "Group",
            "resource_display_name": "AspireOllama",
            "resource_object_id": "2eb9cb9f-e465-4521-8334-bb4caf298752",
            "timeouts": null
          },
          "sensitive_attributes": [],
          "identity_schema_version": 0,
          "private": "eyJlMmJmYjczMC1lY2FhLTExZTYtOGY4OC0zNDM2M2JjN2M0YzAiOnsiY3JlYXRlIjozMDAwMDAwMDAwMDAsImRlbGV0ZSI6MzAwMDAwMDAwMDAwLCJyZWFkIjozMDAwMDAwMDAwMDB9LCJzY2hlbWFfdmVyc2lvbiI6IjEifQ==",
          "dependencies": [
            "azuread_application.api",
            "azuread_group.power_user",
            "azuread_service_principal.api",
            "data.azuread_client_config.current",
            "random_uuid.role_a2a_code_access",
            "random_uuid.role_a2a_code_analyze_code",
            "random_uuid.role_a2a_code_execute_csharp",
            "random_uuid.role_a2a_code_generate_code",
            "random_uuid.role_a2a_code_generate_tests",
            "random_uuid.role_a2a_code_refactor_code",
            "random_uuid.role_a2a_planner_access",
            "random_uuid.role_a2a_planner_assess_complexity",
            "random_uuid.role_a2a_planner_create_plan",
            "random_uuid.role_a2a_planner_orchestrate_workflow",
            "random_uuid.role_a2a_planner_suggest_agents",
            "random_uuid.role_a2a_research_access",
            "random_uuid.role_a2a_research_gather_context",
            "random_uuid.role_a2a_research_get_topic_details",
            "random_uuid.role_a2a_research_search_knowledge",
            "random_uuid.role_a2a_research_suggest_topics",
            "random_uuid.role_a2a_reviewer_access",
            "random_uuid.role_a2a_reviewer_provide_feedback",
            "random_uuid.role_a2a_reviewer_review_code",
            "random_uuid.role_a2a_reviewer_review_plan",
            "random_uuid.role_a2a_reviewer_review_response",
            "random_uuid.role_api_access",
            "random_uuid.role_api_chat_read",
            "random_uuid.role_api_chat_write",
            "random_uuid.role_api_sessions_manage",
            "random_uuid.role_mcp_access",
            "random_uuid.role_mcp_tools_convert_units",
            "random_uuid.role_mcp_tools_get_time",
            "random_uuid.role_mcp_tools_get_weather",
            "random_uuid.scope_access_as_user"
          ]
        },
        {
          "index_key": "a2a_planner_orchestrate_workflow",
          "schema_version": 1,
          "attributes": {
            "app_role_id": "23105e46-3e1a-3b77-b65f-bae72eb6b062",
            "id": "/servicePrincipals/2eb9cb9f-e465-4521-8334-bb4caf298752/appRoleAssignedTo/ONoxW8TMKkGoG52a1lDXoUqFbmmaw-hDmhUqtA2jbGI",
            "principal_display_name": "AspireOllama - Power User",
            "principal_object_id": "5b31da38-ccc4-412a-a81b-9d9ad650d7a1",
            "principal_type": "Group",
            "resource_display_name": "AspireOllama",
            "resource_object_id": "2eb9cb9f-e465-4521-8334-bb4caf298752",
            "timeouts": null
          },
          "sensitive_attributes": [],
          "identity_schema_version": 0,
          "private": "eyJlMmJmYjczMC1lY2FhLTExZTYtOGY4OC0zNDM2M2JjN2M0YzAiOnsiY3JlYXRlIjozMDAwMDAwMDAwMDAsImRlbGV0ZSI6MzAwMDAwMDAwMDAwLCJyZWFkIjozMDAwMDAwMDAwMDB9LCJzY2hlbWFfdmVyc2lvbiI6IjEifQ==",
          "dependencies": [
            "azuread_application.api",
            "azuread_group.power_user",
            "azuread_service_principal.api",
            "data.azuread_client_config.current",
            "random_uuid.role_a2a_code_access",
            "random_uuid.role_a2a_code_analyze_code",
            "random_uuid.role_a2a_code_execute_csharp",
            "random_uuid.role_a2a_code_generate_code",
            "random_uuid.role_a2a_code_generate_tests",
            "random_uuid.role_a2a_code_refactor_code",
            "random_uuid.role_a2a_planner_access",
            "random_uuid.role_a2a_planner_assess_complexity",
            "random_uuid.role_a2a_planner_create_plan",
            "random_uuid.role_a2a_planner_orchestrate_workflow",
            "random_uuid.role_a2a_planner_suggest_agents",
            "random_uuid.role_a2a_research_access",
            "random_uuid.role_a2a_research_gather_context",
            "random_uuid.role_a2a_research_get_topic_details",
            "random_uuid.role_a2a_research_search_knowledge",
            "random_uuid.role_a2a_research_suggest_topics",
            "random_uuid.role_a2a_reviewer_access",
            "random_uuid.role_a2a_reviewer_provide_feedback",
            "random_uuid.role_a2a_reviewer_review_code",
            "random_uuid.role_a2a_reviewer_review_plan",
            "random_uuid.role_a2a_reviewer_review_response",
            "random_uuid.role_api_access",
            "random_uuid.role_api_chat_read",
            "random_uuid.role_api_chat_write",
            "random_uuid.role_api_sessions_manage",
            "random_uuid.role_mcp_access",
            "random_uuid.role_mcp_tools_convert_units",
            "random_uuid.role_mcp_tools_get_time",
            "random_uuid.role_mcp_tools_get_weather",
            "random_uuid.scope_access_as_user"
          ]
        },
        {
          "index_key": "a2a_planner_suggest_agents",
          "schema_version": 1,
          "attributes": {
            "app_role_id": "1a51e82c-7262-316a-b579-95e5ae320419",
            "id": "/servicePrincipals/2eb9cb9f-e465-4521-8334-bb4caf298752/appRoleAssignedTo/ONoxW8TMKkGoG52a1lDXoX2LDk4LnMVHlv4nH4RAexI",
            "principal_display_name": "AspireOllama - Power User",
            "principal_object_id": "5b31da38-ccc4-412a-a81b-9d9ad650d7a1",
            "principal_type": "Group",
            "resource_display_name": "AspireOllama",
            "resource_object_id": "2eb9cb9f-e465-4521-8334-bb4caf298752",
            "timeouts": null
          },
          "sensitive_attributes": [],
          "identity_schema_version": 0,
          "private": "eyJlMmJmYjczMC1lY2FhLTExZTYtOGY4OC0zNDM2M2JjN2M0YzAiOnsiY3JlYXRlIjozMDAwMDAwMDAwMDAsImRlbGV0ZSI6MzAwMDAwMDAwMDAwLCJyZWFkIjozMDAwMDAwMDAwMDB9LCJzY2hlbWFfdmVyc2lvbiI6IjEifQ==",
          "dependencies": [
            "azuread_application.api",
            "azuread_group.power_user",
            "azuread_service_principal.api",
            "data.azuread_client_config.current",
            "random_uuid.role_a2a_code_access",
            "random_uuid.role_a2a_code_analyze_code",
            "random_uuid.role_a2a_code_execute_csharp",
            "random_uuid.role_a2a_code_generate_code",
            "random_uuid.role_a2a_code_generate_tests",
            "random_uuid.role_a2a_code_refactor_code",
            "random_uuid.role_a2a_planner_access",
            "random_uuid.role_a2a_planner_assess_complexity",
            "random_uuid.role_a2a_planner_create_plan",
            "random_uuid.role_a2a_planner_orchestrate_workflow",
            "random_uuid.role_a2a_planner_suggest_agents",
            "random_uuid.role_a2a_research_access",
            "random_uuid.role_a2a_research_gather_context",
            "random_uuid.role_a2a_research_get_topic_details",
            "random_uuid.role_a2a_research_search_knowledge",
            "random_uuid.role_a2a_research_suggest_topics",
            "random_uuid.role_a2a_reviewer_access",
            "random_uuid.role_a2a_reviewer_provide_feedback",
            "random_uuid.role_a2a_reviewer_review_code",
            "random_uuid.role_a2a_reviewer_review_plan",
            "random_uuid.role_a2a_reviewer_review_response",
            "random_uuid.role_api_access",
            "random_uuid.role_api_chat_read",
            "random_uuid.role_api_chat_write",
            "random_uuid.role_api_sessions_manage",
            "random_uuid.role_mcp_access",
            "random_uuid.role_mcp_tools_convert_units",
            "random_uuid.role_mcp_tools_get_time",
            "random_uuid.role_mcp_tools_get_weather",
            "random_uuid.scope_access_as_user"
          ]
        },
        {
          "index_key": "a2a_research_access",
          "schema_version": 1,
          "attributes": {
            "app_role_id": "088d0e71-b52b-2528-93c7-4fcfc2e1e2c8",
            "id": "/servicePrincipals/2eb9cb9f-e465-4521-8334-bb4caf298752/appRoleAssignedTo/ONoxW8TMKkGoG52a1lDXofE8ukVCRxpGgmdJBN9_AO4",
            "principal_display_name": "AspireOllama - Power User",
            "principal_object_id": "5b31da38-ccc4-412a-a81b-9d9ad650d7a1",
            "principal_type": "Group",
            "resource_display_name": "AspireOllama",
            "resource_object_id": "2eb9cb9f-e465-4521-8334-bb4caf298752",
            "timeouts": null
          },
          "sensitive_attributes": [],
          "identity_schema_version": 0,
          "private": "eyJlMmJmYjczMC1lY2FhLTExZTYtOGY4OC0zNDM2M2JjN2M0YzAiOnsiY3JlYXRlIjozMDAwMDAwMDAwMDAsImRlbGV0ZSI6MzAwMDAwMDAwMDAwLCJyZWFkIjozMDAwMDAwMDAwMDB9LCJzY2hlbWFfdmVyc2lvbiI6IjEifQ==",
          "dependencies": [
            "azuread_application.api",
            "azuread_group.power_user",
            "azuread_service_principal.api",
            "data.azuread_client_config.current",
            "random_uuid.role_a2a_code_access",
            "random_uuid.role_a2a_code_analyze_code",
            "random_uuid.role_a2a_code_execute_csharp",
            "random_uuid.role_a2a_code_generate_code",
            "random_uuid.role_a2a_code_generate_tests",
            "random_uuid.role_a2a_code_refactor_code",
            "random_uuid.role_a2a_planner_access",
            "random_uuid.role_a2a_planner_assess_complexity",
            "random_uuid.role_a2a_planner_create_plan",
            "random_uuid.role_a2a_planner_orchestrate_workflow",
            "random_uuid.role_a2a_planner_suggest_agents",
            "random_uuid.role_a2a_research_access",
            "random_uuid.role_a2a_research_gather_context",
            "random_uuid.role_a2a_research_get_topic_details",
            "random_uuid.role_a2a_research_search_knowledge",
            "random_uuid.role_a2a_research_suggest_topics",
            "random_uuid.role_a2a_reviewer_access",
            "random_uuid.role_a2a_reviewer_provide_feedback",
            "random_uuid.role_a2a_reviewer_review_code",
            "random_uuid.role_a2a_reviewer_review_plan",
            "random_uuid.role_a2a_reviewer_review_response",
            "random_uuid.role_api_access",
            "random_uuid.role_api_chat_read",
            "random_uuid.role_api_chat_write",
            "random_uuid.role_api_sessions_manage",
            "random_uuid.role_mcp_access",
            "random_uuid.role_mcp_tools_convert_units",
            "random_uuid.role_mcp_tools_get_time",
            "random_uuid.role_mcp_tools_get_weather",
            "random_uuid.scope_access_as_user"
          ]
        },
        {
          "index_key": "a2a_research_gather_context",
          "schema_version": 1,
          "attributes": {
            "app_role_id": "91cc49f0-a0ac-3883-037a-54973851fe77",
            "id": "/servicePrincipals/2eb9cb9f-e465-4521-8334-bb4caf298752/appRoleAssignedTo/ONoxW8TMKkGoG52a1lDXoaLDfbNcAzxItulZ6aCWapY",
            "principal_display_name": "AspireOllama - Power User",
            "principal_object_id": "5b31da38-ccc4-412a-a81b-9d9ad650d7a1",
            "principal_type": "Group",
            "resource_display_name": "AspireOllama",
            "resource_object_id": "2eb9cb9f-e465-4521-8334-bb4caf298752",
            "timeouts": null
          },
          "sensitive_attributes": [],
          "identity_schema_version": 0,
          "private": "eyJlMmJmYjczMC1lY2FhLTExZTYtOGY4OC0zNDM2M2JjN2M0YzAiOnsiY3JlYXRlIjozMDAwMDAwMDAwMDAsImRlbGV0ZSI6MzAwMDAwMDAwMDAwLCJyZWFkIjozMDAwMDAwMDAwMDB9LCJzY2hlbWFfdmVyc2lvbiI6IjEifQ==",
          "dependencies": [
            "azuread_application.api",
            "azuread_group.power_user",
            "azuread_service_principal.api",
            "data.azuread_client_config.current",
            "random_uuid.role_a2a_code_access",
            "random_uuid.role_a2a_code_analyze_code",
            "random_uuid.role_a2a_code_execute_csharp",
            "random_uuid.role_a2a_code_generate_code",
            "random_uuid.role_a2a_code_generate_tests",
            "random_uuid.role_a2a_code_refactor_code",
            "random_uuid.role_a2a_planner_access",
            "random_uuid.role_a2a_planner_assess_complexity",
            "random_uuid.role_a2a_planner_create_plan",
            "random_uuid.role_a2a_planner_orchestrate_workflow",
            "random_uuid.role_a2a_planner_suggest_agents",
            "random_uuid.role_a2a_research_access",
            "random_uuid.role_a2a_research_gather_context",
            "random_uuid.role_a2a_research_get_topic_details",
            "random_uuid.role_a2a_research_search_knowledge",
            "random_uuid.role_a2a_research_suggest_topics",
            "random_uuid.role_a2a_reviewer_access",
            "random_uuid.role_a2a_reviewer_provide_feedback",
            "random_uuid.role_a2a_reviewer_review_code",
            "random_uuid.role_a2a_reviewer_review_plan",
            "random_uuid.role_a2a_reviewer_review_response",
            "random_uuid.role_api_access",
            "random_uuid.role_api_chat_read",
            "random_uuid.role_api_chat_write",
            "random_uuid.role_api_sessions_manage",
            "random_uuid.role_mcp_access",
            "random_uuid.role_mcp_tools_convert_units",
            "random_uuid.role_mcp_tools_get_time",
            "random_uuid.role_mcp_tools_get_weather",
            "random_uuid.scope_access_as_user"
          ]
        },
        {
          "index_key": "a2a_research_get_topic_details",
          "schema_version": 1,
          "attributes": {
            "app_role_id": "4fa3fa89-2e8d-8dbb-f10d-28d84757dd2d",
            "id": "/servicePrincipals/2eb9cb9f-e465-4521-8334-bb4caf298752/appRoleAssignedTo/ONoxW8TMKkGoG52a1lDXoUZrt9VmOcxLrp5pRuPHsuk",
            "principal_display_name": "AspireOllama - Power User",
            "principal_object_id": "5b31da38-ccc4-412a-a81b-9d9ad650d7a1",
            "principal_type": "Group",
            "resource_display_name": "AspireOllama",
            "resource_object_id": "2eb9cb9f-e465-4521-8334-bb4caf298752",
            "timeouts": null
          },
          "sensitive_attributes": [],
          "identity_schema_version": 0,
          "private": "eyJlMmJmYjczMC1lY2FhLTExZTYtOGY4OC0zNDM2M2JjN2M0YzAiOnsiY3JlYXRlIjozMDAwMDAwMDAwMDAsImRlbGV0ZSI6MzAwMDAwMDAwMDAwLCJyZWFkIjozMDAwMDAwMDAwMDB9LCJzY2hlbWFfdmVyc2lvbiI6IjEifQ==",
          "dependencies": [
            "azuread_application.api",
            "azuread_group.power_user",
            "azuread_service_principal.api",
            "data.azuread_client_config.current",
            "random_uuid.role_a2a_code_access",
            "random_uuid.role_a2a_code_analyze_code",
            "random_uuid.role_a2a_code_execute_csharp",
            "random_uuid.role_a2a_code_generate_code",
            "random_uuid.role_a2a_code_generate_tests",
            "random_uuid.role_a2a_code_refactor_code",
            "random_uuid.role_a2a_planner_access",
            "random_uuid.role_a2a_planner_assess_complexity",
            "random_uuid.role_a2a_planner_create_plan",
            "random_uuid.role_a2a_planner_orchestrate_workflow",
            "random_uuid.role_a2a_planner_suggest_agents",
            "random_uuid.role_a2a_research_access",
            "random_uuid.role_a2a_research_gather_context",
            "random_uuid.role_a2a_research_get_topic_details",
            "random_uuid.role_a2a_research_search_knowledge",
            "random_uuid.role_a2a_research_suggest_topics",
            "random_uuid.role_a2a_reviewer_access",
            "random_uuid.role_a2a_reviewer_provide_feedback",
            "random_uuid.role_a2a_reviewer_review_code",
            "random_uuid.role_a2a_reviewer_review_plan",
            "random_uuid.role_a2a_reviewer_review_response",
            "random_uuid.role_api_access",
            "random_uuid.role_api_chat_read",
            "random_uuid.role_api_chat_write",
            "random_uuid.role_api_sessions_manage",
            "random_uuid.role_mcp_access",
            "random_uuid.role_mcp_tools_convert_units",
            "random_uuid.role_mcp_tools_get_time",
            "random_uuid.role_mcp_tools_get_weather",
            "random_uuid.scope_access_as_user"
          ]
        },
        {
          "index_key": "a2a_research_search_knowledge",
          "schema_version": 1,
          "attributes": {
            "app_role_id": "ad6ee666-2d43-d7ba-d795-2a8b587d10e2",
            "id": "/servicePrincipals/2eb9cb9f-e465-4521-8334-bb4caf298752/appRoleAssignedTo/ONoxW8TMKkGoG52a1lDXoZ6kAMJE-wRDr7GSAljVujo",
            "principal_display_name": "AspireOllama - Power User",
            "principal_object_id": "5b31da38-ccc4-412a-a81b-9d9ad650d7a1",
            "principal_type": "Group",
            "resource_display_name": "AspireOllama",
            "resource_object_id": "2eb9cb9f-e465-4521-8334-bb4caf298752",
            "timeouts": null
          },
          "sensitive_attributes": [],
          "identity_schema_version": 0,
          "private": "eyJlMmJmYjczMC1lY2FhLTExZTYtOGY4OC0zNDM2M2JjN2M0YzAiOnsiY3JlYXRlIjozMDAwMDAwMDAwMDAsImRlbGV0ZSI6MzAwMDAwMDAwMDAwLCJyZWFkIjozMDAwMDAwMDAwMDB9LCJzY2hlbWFfdmVyc2lvbiI6IjEifQ==",
          "dependencies": [
            "azuread_application.api",
            "azuread_group.power_user",
            "azuread_service_principal.api",
            "data.azuread_client_config.current",
            "random_uuid.role_a2a_code_access",
            "random_uuid.role_a2a_code_analyze_code",
            "random_uuid.role_a2a_code_execute_csharp",
            "random_uuid.role_a2a_code_generate_code",
            "random_uuid.role_a2a_code_generate_tests",
            "random_uuid.role_a2a_code_refactor_code",
            "random_uuid.role_a2a_planner_access",
            "random_uuid.role_a2a_planner_assess_complexity",
            "random_uuid.role_a2a_planner_create_plan",
            "random_uuid.role_a2a_planner_orchestrate_workflow",
            "random_uuid.role_a2a_planner_suggest_agents",
            "random_uuid.role_a2a_research_access",
            "random_uuid.role_a2a_research_gather_context",
            "random_uuid.role_a2a_research_get_topic_details",
            "random_uuid.role_a2a_research_search_knowledge",
            "random_uuid.role_a2a_research_suggest_topics",
            "random_uuid.role_a2a_reviewer_access",
            "random_uuid.role_a2a_reviewer_provide_feedback",
            "random_uuid.role_a2a_reviewer_review_code",
            "random_uuid.role_a2a_reviewer_review_plan",
            "random_uuid.role_a2a_reviewer_review_response",
            "random_uuid.role_api_access",
            "random_uuid.role_api_chat_read",
            "random_uuid.role_api_chat_write",
            "random_uuid.role_api_sessions_manage",
            "random_uuid.role_mcp_access",
            "random_uuid.role_mcp_tools_convert_units",
            "random_uuid.role_mcp_tools_get_time",
            "random_uuid.role_mcp_tools_get_weather",
            "random_uuid.scope_access_as_user"
          ]
        },
        {
          "index_key": "a2a_research_suggest_topics",
          "schema_version": 1,
          "attributes": {
            "app_role_id": "8a475d47-7ef5-7107-4398-cf59b5e06cbb",
            "id": "/servicePrincipals/2eb9cb9f-e465-4521-8334-bb4caf298752/appRoleAssignedTo/ONoxW8TMKkGoG52a1lDXoW-U_-n73RFNh2qZgDBCGvI",
            "principal_display_name": "AspireOllama - Power User",
            "principal_object_id": "5b31da38-ccc4-412a-a81b-9d9ad650d7a1",
            "principal_type": "Group",
            "resource_display_name": "AspireOllama",
            "resource_object_id": "2eb9cb9f-e465-4521-8334-bb4caf298752",
            "timeouts": null
          },
          "sensitive_attributes": [],
          "identity_schema_version": 0,
          "private": "eyJlMmJmYjczMC1lY2FhLTExZTYtOGY4OC0zNDM2M2JjN2M0YzAiOnsiY3JlYXRlIjozMDAwMDAwMDAwMDAsImRlbGV0ZSI6MzAwMDAwMDAwMDAwLCJyZWFkIjozMDAwMDAwMDAwMDB9LCJzY2hlbWFfdmVyc2lvbiI6IjEifQ==",
          "dependencies": [
            "azuread_application.api",
            "azuread_group.power_user",
            "azuread_service_principal.api",
            "data.azuread_client_config.current",
            "random_uuid.role_a2a_code_access",
            "random_uuid.role_a2a_code_analyze_code",
            "random_uuid.role_a2a_code_execute_csharp",
            "random_uuid.role_a2a_code_generate_code",
            "random_uuid.role_a2a_code_generate_tests",
            "random_uuid.role_a2a_code_refactor_code",
            "random_uuid.role_a2a_planner_access",
            "random_uuid.role_a2a_planner_assess_complexity",
            "random_uuid.role_a2a_planner_create_plan",
            "random_uuid.role_a2a_planner_orchestrate_workflow",
            "random_uuid.role_a2a_planner_suggest_agents",
            "random_uuid.role_a2a_research_access",
            "random_uuid.role_a2a_research_gather_context",
            "random_uuid.role_a2a_research_get_topic_details",
            "random_uuid.role_a2a_research_search_knowledge",
            "random_uuid.role_a2a_research_suggest_topics",
            "random_uuid.role_a2a_reviewer_access",
            "random_uuid.role_a2a_reviewer_provide_feedback",
            "random_uuid.role_a2a_reviewer_review_code",
            "random_uuid.role_a2a_reviewer_review_plan",
            "random_uuid.role_a2a_reviewer_review_response",
            "random_uuid.role_api_access",
            "random_uuid.role_api_chat_read",
            "random_uuid.role_api_chat_write",
            "random_uuid.role_api_sessions_manage",
            "random_uuid.role_mcp_access",
            "random_uuid.role_mcp_tools_convert_units",
            "random_uuid.role_mcp_tools_get_time",
            "random_uuid.role_mcp_tools_get_weather",
            "random_uuid.scope_access_as_user"
          ]
        },
        {
          "index_key": "a2a_reviewer_access",
          "schema_version": 1,
          "attributes": {
            "app_role_id": "1a1fc06b-f119-52f1-d287-0b17b58a6608",
            "id": "/servicePrincipals/2eb9cb9f-e465-4521-8334-bb4caf298752/appRoleAssignedTo/ONoxW8TMKkGoG52a1lDXoROMLo3_O0pNmWBAqFZOXP0",
            "principal_display_name": "AspireOllama - Power User",
            "principal_object_id": "5b31da38-ccc4-412a-a81b-9d9ad650d7a1",
            "principal_type": "Group",
            "resource_display_name": "AspireOllama",
            "resource_object_id": "2eb9cb9f-e465-4521-8334-bb4caf298752",
            "timeouts": null
          },
          "sensitive_attributes": [],
          "identity_schema_version": 0,
          "private": "eyJlMmJmYjczMC1lY2FhLTExZTYtOGY4OC0zNDM2M2JjN2M0YzAiOnsiY3JlYXRlIjozMDAwMDAwMDAwMDAsImRlbGV0ZSI6MzAwMDAwMDAwMDAwLCJyZWFkIjozMDAwMDAwMDAwMDB9LCJzY2hlbWFfdmVyc2lvbiI6IjEifQ==",
          "dependencies": [
            "azuread_application.api",
            "azuread_group.power_user",
            "azuread_service_principal.api",
            "data.azuread_client_config.current",
            "random_uuid.role_a2a_code_access",
            "random_uuid.role_a2a_code_analyze_code",
            "random_uuid.role_a2a_code_execute_csharp",
            "random_uuid.role_a2a_code_generate_code",
            "random_uuid.role_a2a_code_generate_tests",
            "random_uuid.role_a2a_code_refactor_code",
            "random_uuid.role_a2a_planner_access",
            "random_uuid.role_a2a_planner_assess_complexity",
            "random_uuid.role_a2a_planner_create_plan",
            "random_uuid.role_a2a_planner_orchestrate_workflow",
            "random_uuid.role_a2a_planner_suggest_agents",
            "random_uuid.role_a2a_research_access",
            "random_uuid.role_a2a_research_gather_context",
            "random_uuid.role_a2a_research_get_topic_details",
            "random_uuid.role_a2a_research_search_knowledge",
            "random_uuid.role_a2a_research_suggest_topics",
            "random_uuid.role_a2a_reviewer_access",
            "random_uuid.role_a2a_reviewer_provide_feedback",
            "random_uuid.role_a2a_reviewer_review_code",
            "random_uuid.role_a2a_reviewer_review_plan",
            "random_uuid.role_a2a_reviewer_review_response",
            "random_uuid.role_api_access",
            "random_uuid.role_api_chat_read",
            "random_uuid.role_api_chat_write",
            "random_uuid.role_api_sessions_manage",
            "random_uuid.role_mcp_access",
            "random_uuid.role_mcp_tools_convert_units",
            "random_uuid.role_mcp_tools_get_time",
            "random_uuid.role_mcp_tools_get_weather",
            "random_uuid.scope_access_as_user"
          ]
        },
        {
          "index_key": "a2a_reviewer_provide_feedback",
          "schema_version": 1,
          "attributes": {
            "app_role_id": "054bb263-15b7-db81-0f1e-976474e95f47",
            "id": "/servicePrincipals/2eb9cb9f-e465-4521-8334-bb4caf298752/appRoleAssignedTo/ONoxW8TMKkGoG52a1lDXoYzNH8oM75JPp4Xa-V4pjvo",
            "principal_display_name": "AspireOllama - Power User",
            "principal_object_id": "5b31da38-ccc4-412a-a81b-9d9ad650d7a1",
            "principal_type": "Group",
            "resource_display_name": "AspireOllama",
            "resource_object_id": "2eb9cb9f-e465-4521-8334-bb4caf298752",
            "timeouts": null
          },
          "sensitive_attributes": [],
          "identity_schema_version": 0,
          "private": "eyJlMmJmYjczMC1lY2FhLTExZTYtOGY4OC0zNDM2M2JjN2M0YzAiOnsiY3JlYXRlIjozMDAwMDAwMDAwMDAsImRlbGV0ZSI6MzAwMDAwMDAwMDAwLCJyZWFkIjozMDAwMDAwMDAwMDB9LCJzY2hlbWFfdmVyc2lvbiI6IjEifQ==",
          "dependencies": [
            "azuread_application.api",
            "azuread_group.power_user",
            "azuread_service_principal.api",
            "data.azuread_client_config.current",
            "random_uuid.role_a2a_code_access",
            "random_uuid.role_a2a_code_analyze_code",
            "random_uuid.role_a2a_code_execute_csharp",
            "random_uuid.role_a2a_code_generate_code",
            "random_uuid.role_a2a_code_generate_tests",
            "random_uuid.role_a2a_code_refactor_code",
            "random_uuid.role_a2a_planner_access",
            "random_uuid.role_a2a_planner_assess_complexity",
            "random_uuid.role_a2a_planner_create_plan",
            "random_uuid.role_a2a_planner_orchestrate_workflow",
            "random_uuid.role_a2a_planner_suggest_agents",
            "random_uuid.role_a2a_research_access",
            "random_uuid.role_a2a_research_gather_context",
            "random_uuid.role_a2a_research_get_topic_details",
            "random_uuid.role_a2a_research_search_knowledge",
            "random_uuid.role_a2a_research_suggest_topics",
            "random_uuid.role_a2a_reviewer_access",
            "random_uuid.role_a2a_reviewer_provide_feedback",
            "random_uuid.role_a2a_reviewer_review_code",
            "random_uuid.role_a2a_reviewer_review_plan",
            "random_uuid.role_a2a_reviewer_review_response",
            "random_uuid.role_api_access",
            "random_uuid.role_api_chat_read",
            "random_uuid.role_api_chat_write",
            "random_uuid.role_api_sessions_manage",
            "random_uuid.role_mcp_access",
            "random_uuid.role_mcp_tools_convert_units",
            "random_uuid.role_mcp_tools_get_time",
            "random_uuid.role_mcp_tools_get_weather",
            "random_uuid.scope_access_as_user"
          ]
        },
        {
          "index_key": "a2a_reviewer_review_code",
          "schema_version": 1,
          "attributes": {
            "app_role_id": "e2a14306-d81f-9b6f-855c-ddadcf6b0f13",
            "id": "/servicePrincipals/2eb9cb9f-e465-4521-8334-bb4caf298752/appRoleAssignedTo/ONoxW8TMKkGoG52a1lDXoRdNkO_Dy7lPoSxRSWxt3Y4",
            "principal_display_name": "AspireOllama - Power User",
            "principal_object_id": "5b31da38-ccc4-412a-a81b-9d9ad650d7a1",
            "principal_type": "Group",
            "resource_display_name": "AspireOllama",
            "resource_object_id": "2eb9cb9f-e465-4521-8334-bb4caf298752",
            "timeouts": null
          },
          "sensitive_attributes": [],
          "identity_schema_version": 0,
          "private": "eyJlMmJmYjczMC1lY2FhLTExZTYtOGY4OC0zNDM2M2JjN2M0YzAiOnsiY3JlYXRlIjozMDAwMDAwMDAwMDAsImRlbGV0ZSI6MzAwMDAwMDAwMDAwLCJyZWFkIjozMDAwMDAwMDAwMDB9LCJzY2hlbWFfdmVyc2lvbiI6IjEifQ==",
          "dependencies": [
            "azuread_application.api",
            "azuread_group.power_user",
            "azuread_service_principal.api",
            "data.azuread_client_config.current",
            "random_uuid.role_a2a_code_access",
            "random_uuid.role_a2a_code_analyze_code",
            "random_uuid.role_a2a_code_execute_csharp",
            "random_uuid.role_a2a_code_generate_code",
            "random_uuid.role_a2a_code_generate_tests",
            "random_uuid.role_a2a_code_refactor_code",
            "random_uuid.role_a2a_planner_access",
            "random_uuid.role_a2a_planner_assess_complexity",
            "random_uuid.role_a2a_planner_create_plan",
            "random_uuid.role_a2a_planner_orchestrate_workflow",
            "random_uuid.role_a2a_planner_suggest_agents",
            "random_uuid.role_a2a_research_access",
            "random_uuid.role_a2a_research_gather_context",
            "random_uuid.role_a2a_research_get_topic_details",
            "random_uuid.role_a2a_research_search_knowledge",
            "random_uuid.role_a2a_research_suggest_topics",
            "random_uuid.role_a2a_reviewer_access",
            "random_uuid.role_a2a_reviewer_provide_feedback",
            "random_uuid.role_a2a_reviewer_review_code",
            "random_uuid.role_a2a_reviewer_review_plan",
            "random_uuid.role_a2a_reviewer_review_response",
            "random_uuid.role_api_access",
            "random_uuid.role_api_chat_read",
            "random_uuid.role_api_chat_write",
            "random_uuid.role_api_sessions_manage",
            "random_uuid.role_mcp_access",
            "random_uuid.role_mcp_tools_convert_units",
            "random_uuid.role_mcp_tools_get_time",
            "random_uuid.role_mcp_tools_get_weather",
            "random_uuid.scope_access_as_user"
          ]
        },
        {
          "index_key": "a2a_reviewer_review_plan",
          "schema_version": 1,
          "attributes": {
            "app_role_id": "bd77911e-d01f-ba61-38dd-fb0bfc4873b6",
            "id": "/servicePrincipals/2eb9cb9f-e465-4521-8334-bb4caf298752/appRoleAssignedTo/ONoxW8TMKkGoG52a1lDXoZePxfTRxLlMjcQpcgVQG8s",
            "principal_display_name": "AspireOllama - Power User",
            "principal_object_id": "5b31da38-ccc4-412a-a81b-9d9ad650d7a1",
            "principal_type": "Group",
            "resource_display_name": "AspireOllama",
            "resource_object_id": "2eb9cb9f-e465-4521-8334-bb4caf298752",
            "timeouts": null
          },
          "sensitive_attributes": [],
          "identity_schema_version": 0,
          "private": "eyJlMmJmYjczMC1lY2FhLTExZTYtOGY4OC0zNDM2M2JjN2M0YzAiOnsiY3JlYXRlIjozMDAwMDAwMDAwMDAsImRlbGV0ZSI6MzAwMDAwMDAwMDAwLCJyZWFkIjozMDAwMDAwMDAwMDB9LCJzY2hlbWFfdmVyc2lvbiI6IjEifQ==",
          "dependencies": [
            "azuread_application.api",
            "azuread_group.power_user",
            "azuread_service_principal.api",
            "data.azuread_client_config.current",
            "random_uuid.role_a2a_code_access",
            "random_uuid.role_a2a_code_analyze_code",
            "random_uuid.role_a2a_code_execute_csharp",
            "random_uuid.role_a2a_code_generate_code",
            "random_uuid.role_a2a_code_generate_tests",
            "random_uuid.role_a2a_code_refactor_code",
            "random_uuid.role_a2a_planner_access",
            "random_uuid.role_a2a_planner_assess_complexity",
            "random_uuid.role_a2a_planner_create_plan",
            "random_uuid.role_a2a_planner_orchestrate_workflow",
            "random_uuid.role_a2a_planner_suggest_agents",
            "random_uuid.role_a2a_research_access",
            "random_uuid.role_a2a_research_gather_context",
            "random_uuid.role_a2a_research_get_topic_details",
            "random_uuid.role_a2a_research_search_knowledge",
            "random_uuid.role_a2a_research_suggest_topics",
            "random_uuid.role_a2a_reviewer_access",
            "random_uuid.role_a2a_reviewer_provide_feedback",
            "random_uuid.role_a2a_reviewer_review_code",
            "random_uuid.role_a2a_reviewer_review_plan",
            "random_uuid.role_a2a_reviewer_review_response",
            "random_uuid.role_api_access",
            "random_uuid.role_api_chat_read",
            "random_uuid.role_api_chat_write",
            "random_uuid.role_api_sessions_manage",
            "random_uuid.role_mcp_access",
            "random_uuid.role_mcp_tools_convert_units",
            "random_uuid.role_mcp_tools_get_time",
            "random_uuid.role_mcp_tools_get_weather",
            "random_uuid.scope_access_as_user"
          ]
        },
        {
          "index_key": "a2a_reviewer_review_response",
          "schema_version": 1,
          "attributes": {
            "app_role_id": "cf7529fe-a006-dd05-01ce-a565d6b16bc5",
            "id": "/servicePrincipals/2eb9cb9f-e465-4521-8334-bb4caf298752/appRoleAssignedTo/ONoxW8TMKkGoG52a1lDXoUiz9jnVL8ZOpp41SUrhtxY",
            "principal_display_name": "AspireOllama - Power User",
            "principal_object_id": "5b31da38-ccc4-412a-a81b-9d9ad650d7a1",
            "principal_type": "Group",
            "resource_display_name": "AspireOllama",
            "resource_object_id": "2eb9cb9f-e465-4521-8334-bb4caf298752",
            "timeouts": null
          },
          "sensitive_attributes": [],
          "identity_schema_version": 0,
          "private": "eyJlMmJmYjczMC1lY2FhLTExZTYtOGY4OC0zNDM2M2JjN2M0YzAiOnsiY3JlYXRlIjozMDAwMDAwMDAwMDAsImRlbGV0ZSI6MzAwMDAwMDAwMDAwLCJyZWFkIjozMDAwMDAwMDAwMDB9LCJzY2hlbWFfdmVyc2lvbiI6IjEifQ==",
          "dependencies": [
            "azuread_application.api",
            "azuread_group.power_user",
            "azuread_service_principal.api",
            "data.azuread_client_config.current",
            "random_uuid.role_a2a_code_access",
            "random_uuid.role_a2a_code_analyze_code",
            "random_uuid.role_a2a_code_execute_csharp",
            "random_uuid.role_a2a_code_generate_code",
            "random_uuid.role_a2a_code_generate_tests",
            "random_uuid.role_a2a_code_refactor_code",
            "random_uuid.role_a2a_planner_access",
            "random_uuid.role_a2a_planner_assess_complexity",
            "random_uuid.role_a2a_planner_create_plan",
            "random_uuid.role_a2a_planner_orchestrate_workflow",
            "random_uuid.role_a2a_planner_suggest_agents",
            "random_uuid.role_a2a_research_access",
            "random_uuid.role_a2a_research_gather_context",
            "random_uuid.role_a2a_research_get_topic_details",
            "random_uuid.role_a2a_research_search_knowledge",
            "random_uuid.role_a2a_research_suggest_topics",
            "random_uuid.role_a2a_reviewer_access",
            "random_uuid.role_a2a_reviewer_provide_feedback",
            "random_uuid.role_a2a_reviewer_review_code",
            "random_uuid.role_a2a_reviewer_review_plan",
            "random_uuid.role_a2a_reviewer_review_response",
            "random_uuid.role_api_access",
            "random_uuid.role_api_chat_read",
            "random_uuid.role_api_chat_write",
            "random_uuid.role_api_sessions_manage",
            "random_uuid.role_mcp_access",
            "random_uuid.role_mcp_tools_convert_units",
            "random_uuid.role_mcp_tools_get_time",
            "random_uuid.role_mcp_tools_get_weather",
            "random_uuid.scope_access_as_user"
          ]
        }
      ]
    },
    {
      "mode": "managed",
      "type": "azuread_app_role_assignment",
      "name": "power_user_standard",
      "provider": "provider[\"registry.terraform.io/hashicorp/azuread\"]",
      "instances": [
        {
          "index_key": "api_access",
          "schema_version": 1,
          "attributes": {
            "app_role_id": "d0418bc7-fd96-9610-009b-659010f4473a",
            "id": "/servicePrincipals/2eb9cb9f-e465-4521-8334-bb4caf298752/appRoleAssignedTo/ONoxW8TMKkGoG52a1lDXocLt2U-GrYxFmh_LfE0lISw",
            "principal_display_name": "AspireOllama - Power User",
            "principal_object_id": "5b31da38-ccc4-412a-a81b-9d9ad650d7a1",
            "principal_type": "Group",
            "resource_display_name": "AspireOllama",
            "resource_object_id": "2eb9cb9f-e465-4521-8334-bb4caf298752",
            "timeouts": null
          },
          "sensitive_attributes": [],
          "identity_schema_version": 0,
          "private": "eyJlMmJmYjczMC1lY2FhLTExZTYtOGY4OC0zNDM2M2JjN2M0YzAiOnsiY3JlYXRlIjozMDAwMDAwMDAwMDAsImRlbGV0ZSI6MzAwMDAwMDAwMDAwLCJyZWFkIjozMDAwMDAwMDAwMDB9LCJzY2hlbWFfdmVyc2lvbiI6IjEifQ==",
          "dependencies": [
            "azuread_application.api",
            "azuread_group.power_user",
            "azuread_service_principal.api",
            "data.azuread_client_config.current",
            "random_uuid.role_a2a_code_access",
            "random_uuid.role_a2a_code_analyze_code",
            "random_uuid.role_a2a_code_execute_csharp",
            "random_uuid.role_a2a_code_generate_code",
            "random_uuid.role_a2a_code_generate_tests",
            "random_uuid.role_a2a_code_refactor_code",
            "random_uuid.role_a2a_planner_access",
            "random_uuid.role_a2a_planner_assess_complexity",
            "random_uuid.role_a2a_planner_create_plan",
            "random_uuid.role_a2a_planner_orchestrate_workflow",
            "random_uuid.role_a2a_planner_suggest_agents",
            "random_uuid.role_a2a_research_access",
            "random_uuid.role_a2a_research_gather_context",
            "random_uuid.role_a2a_research_get_topic_details",
            "random_uuid.role_a2a_research_search_knowledge",
            "random_uuid.role_a2a_research_suggest_topics",
            "random_uuid.role_a2a_reviewer_access",
            "random_uuid.role_a2a_reviewer_provide_feedback",
            "random_uuid.role_a2a_reviewer_review_code",
            "random_uuid.role_a2a_reviewer_review_plan",
            "random_uuid.role_a2a_reviewer_review_response",
            "random_uuid.role_api_access",
            "random_uuid.role_api_chat_read",
            "random_uuid.role_api_chat_write",
            "random_uuid.role_api_sessions_manage",
            "random_uuid.role_mcp_access",
            "random_uuid.role_mcp_tools_convert_units",
            "random_uuid.role_mcp_tools_get_time",
            "random_uuid.role_mcp_tools_get_weather",
            "random_uuid.scope_access_as_user"
          ]
        },
        {
          "index_key": "api_chat_read",
          "schema_version": 1,
          "attributes": {
            "app_role_id": "e61973f6-cfb0-f360-6ca5-78a675a30625",
            "id": "/servicePrincipals/2eb9cb9f-e465-4521-8334-bb4caf298752/appRoleAssignedTo/ONoxW8TMKkGoG52a1lDXoRVGOI5cukhBpaYKdr5uIms",
            "principal_display_name": "AspireOllama - Power User",
            "principal_object_id": "5b31da38-ccc4-412a-a81b-9d9ad650d7a1",
            "principal_type": "Group",
            "resource_display_name": "AspireOllama",
            "resource_object_id": "2eb9cb9f-e465-4521-8334-bb4caf298752",
            "timeouts": null
          },
          "sensitive_attributes": [],
          "identity_schema_version": 0,
          "private": "eyJlMmJmYjczMC1lY2FhLTExZTYtOGY4OC0zNDM2M2JjN2M0YzAiOnsiY3JlYXRlIjozMDAwMDAwMDAwMDAsImRlbGV0ZSI6MzAwMDAwMDAwMDAwLCJyZWFkIjozMDAwMDAwMDAwMDB9LCJzY2hlbWFfdmVyc2lvbiI6IjEifQ==",
          "dependencies": [
            "azuread_application.api",
            "azuread_group.power_user",
            "azuread_service_principal.api",
            "data.azuread_client_config.current",
            "random_uuid.role_a2a_code_access",
            "random_uuid.role_a2a_code_analyze_code",
            "random_uuid.role_a2a_code_execute_csharp",
            "random_uuid.role_a2a_code_generate_code",
            "random_uuid.role_a2a_code_generate_tests",
            "random_uuid.role_a2a_code_refactor_code",
            "random_uuid.role_a2a_planner_access",
            "random_uuid.role_a2a_planner_assess_complexity",
            "random_uuid.role_a2a_planner_create_plan",
            "random_uuid.role_a2a_planner_orchestrate_workflow",
            "random_uuid.role_a2a_planner_suggest_agents",
            "random_uuid.role_a2a_research_access",
            "random_uuid.role_a2a_research_gather_context",
            "random_uuid.role_a2a_research_get_topic_details",
            "random_uuid.role_a2a_research_search_knowledge",
            "random_uuid.role_a2a_research_suggest_topics",
            "random_uuid.role_a2a_reviewer_access",
            "random_uuid.role_a2a_reviewer_provide_feedback",
            "random_uuid.role_a2a_reviewer_review_code",
            "random_uuid.role_a2a_reviewer_review_plan",
            "random_uuid.role_a2a_reviewer_review_response",
            "random_uuid.role_api_access",
            "random_uuid.role_api_chat_read",
            "random_uuid.role_api_chat_write",
            "random_uuid.role_api_sessions_manage",
            "random_uuid.role_mcp_access",
            "random_uuid.role_mcp_tools_convert_units",
            "random_uuid.role_mcp_tools_get_time",
            "random_uuid.role_mcp_tools_get_weather",
            "random_uuid.scope_access_as_user"
          ]
        },
        {
          "index_key": "api_chat_write",
          "schema_version": 1,
          "attributes": {
            "app_role_id": "7f2d2d0b-54d4-6219-680e-d0ca1634c715",
            "id": "/servicePrincipals/2eb9cb9f-e465-4521-8334-bb4caf298752/appRoleAssignedTo/ONoxW8TMKkGoG52a1lDXoSI2iJSpDU5MgUq3QyGfi-Y",
            "principal_display_name": "AspireOllama - Power User",
            "principal_object_id": "5b31da38-ccc4-412a-a81b-9d9ad650d7a1",
            "principal_type": "Group",
            "resource_display_name": "AspireOllama",
            "resource_object_id": "2eb9cb9f-e465-4521-8334-bb4caf298752",
            "timeouts": null
          },
          "sensitive_attributes": [],
          "identity_schema_version": 0,
          "private": "eyJlMmJmYjczMC1lY2FhLTExZTYtOGY4OC0zNDM2M2JjN2M0YzAiOnsiY3JlYXRlIjozMDAwMDAwMDAwMDAsImRlbGV0ZSI6MzAwMDAwMDAwMDAwLCJyZWFkIjozMDAwMDAwMDAwMDB9LCJzY2hlbWFfdmVyc2lvbiI6IjEifQ==",
          "dependencies": [
            "azuread_application.api",
            "azuread_group.power_user",
            "azuread_service_principal.api",
            "data.azuread_client_config.current",
            "random_uuid.role_a2a_code_access",
            "random_uuid.role_a2a_code_analyze_code",
            "random_uuid.role_a2a_code_execute_csharp",
            "random_uuid.role_a2a_code_generate_code",
            "random_uuid.role_a2a_code_generate_tests",
            "random_uuid.role_a2a_code_refactor_code",
            "random_uuid.role_a2a_planner_access",
            "random_uuid.role_a2a_planner_assess_complexity",
            "random_uuid.role_a2a_planner_create_plan",
            "random_uuid.role_a2a_planner_orchestrate_workflow",
            "random_uuid.role_a2a_planner_suggest_agents",
            "random_uuid.role_a2a_research_access",
            "random_uuid.role_a2a_research_gather_context",
            "random_uuid.role_a2a_research_get_topic_details",
            "random_uuid.role_a2a_research_search_knowledge",
            "random_uuid.role_a2a_research_suggest_topics",
            "random_uuid.role_a2a_reviewer_access",
            "random_uuid.role_a2a_reviewer_provide_feedback",
            "random_uuid.role_a2a_reviewer_review_code",
            "random_uuid.role_a2a_reviewer_review_plan",
            "random_uuid.role_a2a_reviewer_review_response",
            "random_uuid.role_api_access",
            "random_uuid.role_api_chat_read",
            "random_uuid.role_api_chat_write",
            "random_uuid.role_api_sessions_manage",
            "random_uuid.role_mcp_access",
            "random_uuid.role_mcp_tools_convert_units",
            "random_uuid.role_mcp_tools_get_time",
            "random_uuid.role_mcp_tools_get_weather",
            "random_uuid.scope_access_as_user"
          ]
        },
        {
          "index_key": "api_sessions_manage",
          "schema_version": 1,
          "attributes": {
            "app_role_id": "263d6619-389d-ed00-4216-eea1cb025f14",
            "id": "/servicePrincipals/2eb9cb9f-e465-4521-8334-bb4caf298752/appRoleAssignedTo/ONoxW8TMKkGoG52a1lDXoToX5lCaTMxIq_35kFxzhqU",
            "principal_display_name": "AspireOllama - Power User",
            "principal_object_id": "5b31da38-ccc4-412a-a81b-9d9ad650d7a1",
            "principal_type": "Group",
            "resource_display_name": "AspireOllama",
            "resource_object_id": "2eb9cb9f-e465-4521-8334-bb4caf298752",
            "timeouts": null
          },
          "sensitive_attributes": [],
          "identity_schema_version": 0,
          "private": "eyJlMmJmYjczMC1lY2FhLTExZTYtOGY4OC0zNDM2M2JjN2M0YzAiOnsiY3JlYXRlIjozMDAwMDAwMDAwMDAsImRlbGV0ZSI6MzAwMDAwMDAwMDAwLCJyZWFkIjozMDAwMDAwMDAwMDB9LCJzY2hlbWFfdmVyc2lvbiI6IjEifQ==",
          "dependencies": [
            "azuread_application.api",
            "azuread_group.power_user",
            "azuread_service_principal.api",
            "data.azuread_client_config.current",
            "random_uuid.role_a2a_code_access",
            "random_uuid.role_a2a_code_analyze_code",
            "random_uuid.role_a2a_code_execute_csharp",
            "random_uuid.role_a2a_code_generate_code",
            "random_uuid.role_a2a_code_generate_tests",
            "random_uuid.role_a2a_code_refactor_code",
            "random_uuid.role_a2a_planner_access",
            "random_uuid.role_a2a_planner_assess_complexity",
            "random_uuid.role_a2a_planner_create_plan",
            "random_uuid.role_a2a_planner_orchestrate_workflow",
            "random_uuid.role_a2a_planner_suggest_agents",
            "random_uuid.role_a2a_research_access",
            "random_uuid.role_a2a_research_gather_context",
            "random_uuid.role_a2a_research_get_topic_details",
            "random_uuid.role_a2a_research_search_knowledge",
            "random_uuid.role_a2a_research_suggest_topics",
            "random_uuid.role_a2a_reviewer_access",
            "random_uuid.role_a2a_reviewer_provide_feedback",
            "random_uuid.role_a2a_reviewer_review_code",
            "random_uuid.role_a2a_reviewer_review_plan",
            "random_uuid.role_a2a_reviewer_review_response",
            "random_uuid.role_api_access",
            "random_uuid.role_api_chat_read",
            "random_uuid.role_api_chat_write",
            "random_uuid.role_api_sessions_manage",
            "random_uuid.role_mcp_access",
            "random_uuid.role_mcp_tools_convert_units",
            "random_uuid.role_mcp_tools_get_time",
            "random_uuid.role_mcp_tools_get_weather",
            "random_uuid.scope_access_as_user"
          ]
        },
        {
          "index_key": "mcp_access",
          "schema_version": 1,
          "attributes": {
            "app_role_id": "91026d68-a5de-8944-6574-680dfaa796b3",
            "id": "/servicePrincipals/2eb9cb9f-e465-4521-8334-bb4caf298752/appRoleAssignedTo/ONoxW8TMKkGoG52a1lDXobM3cbZy_7pKkp1pqICqZtQ",
            "principal_display_name": "AspireOllama - Power User",
            "principal_object_id": "5b31da38-ccc4-412a-a81b-9d9ad650d7a1",
            "principal_type": "Group",
            "resource_display_name": "AspireOllama",
            "resource_object_id": "2eb9cb9f-e465-4521-8334-bb4caf298752",
            "timeouts": null
          },
          "sensitive_attributes": [],
          "identity_schema_version": 0,
          "private": "eyJlMmJmYjczMC1lY2FhLTExZTYtOGY4OC0zNDM2M2JjN2M0YzAiOnsiY3JlYXRlIjozMDAwMDAwMDAwMDAsImRlbGV0ZSI6MzAwMDAwMDAwMDAwLCJyZWFkIjozMDAwMDAwMDAwMDB9LCJzY2hlbWFfdmVyc2lvbiI6IjEifQ==",
          "dependencies": [
            "azuread_application.api",
            "azuread_group.power_user",
            "azuread_service_principal.api",
            "data.azuread_client_config.current",
            "random_uuid.role_a2a_code_access",
            "random_uuid.role_a2a_code_analyze_code",
            "random_uuid.role_a2a_code_execute_csharp",
            "random_uuid.role_a2a_code_generate_code",
            "random_uuid.role_a2a_code_generate_tests",
            "random_uuid.role_a2a_code_refactor_code",
            "random_uuid.role_a2a_planner_access",
            "random_uuid.role_a2a_planner_assess_complexity",
            "random_uuid.role_a2a_planner_create_plan",
            "random_uuid.role_a2a_planner_orchestrate_workflow",
            "random_uuid.role_a2a_planner_suggest_agents",
            "random_uuid.role_a2a_research_access",
            "random_uuid.role_a2a_research_gather_context",
            "random_uuid.role_a2a_research_get_topic_details",
            "random_uuid.role_a2a_research_search_knowledge",
            "random_uuid.role_a2a_research_suggest_topics",
            "random_uuid.role_a2a_reviewer_access",
            "random_uuid.role_a2a_reviewer_provide_feedback",
            "random_uuid.role_a2a_reviewer_review_code",
            "random_uuid.role_a2a_reviewer_review_plan",
            "random_uuid.role_a2a_reviewer_review_response",
            "random_uuid.role_api_access",
            "random_uuid.role_api_chat_read",
            "random_uuid.role_api_chat_write",
            "random_uuid.role_api_sessions_manage",
            "random_uuid.role_mcp_access",
            "random_uuid.role_mcp_tools_convert_units",
            "random_uuid.role_mcp_tools_get_time",
            "random_uuid.role_mcp_tools_get_weather",
            "random_uuid.scope_access_as_user"
          ]
        },
        {
          "index_key": "mcp_tools_convert_units",
          "schema_version": 1,
          "attributes": {
            "app_role_id": "d4e74e8e-b9f9-e51c-ec43-893f5572f789",
            "id": "/servicePrincipals/2eb9cb9f-e465-4521-8334-bb4caf298752/appRoleAssignedTo/ONoxW8TMKkGoG52a1lDXoeFXVn5dso1BlOKgNDgje3E",
            "principal_display_name": "AspireOllama - Power User",
            "principal_object_id": "5b31da38-ccc4-412a-a81b-9d9ad650d7a1",
            "principal_type": "Group",
            "resource_display_name": "AspireOllama",
            "resource_object_id": "2eb9cb9f-e465-4521-8334-bb4caf298752",
            "timeouts": null
          },
          "sensitive_attributes": [],
          "identity_schema_version": 0,
          "private": "eyJlMmJmYjczMC1lY2FhLTExZTYtOGY4OC0zNDM2M2JjN2M0YzAiOnsiY3JlYXRlIjozMDAwMDAwMDAwMDAsImRlbGV0ZSI6MzAwMDAwMDAwMDAwLCJyZWFkIjozMDAwMDAwMDAwMDB9LCJzY2hlbWFfdmVyc2lvbiI6IjEifQ==",
          "dependencies": [
            "azuread_application.api",
            "azuread_group.power_user",
            "azuread_service_principal.api",
            "data.azuread_client_config.current",
            "random_uuid.role_a2a_code_access",
            "random_uuid.role_a2a_code_analyze_code",
            "random_uuid.role_a2a_code_execute_csharp",
            "random_uuid.role_a2a_code_generate_code",
            "random_uuid.role_a2a_code_generate_tests",
            "random_uuid.role_a2a_code_refactor_code",
            "random_uuid.role_a2a_planner_access",
            "random_uuid.role_a2a_planner_assess_complexity",
            "random_uuid.role_a2a_planner_create_plan",
            "random_uuid.role_a2a_planner_orchestrate_workflow",
            "random_uuid.role_a2a_planner_suggest_agents",
            "random_uuid.role_a2a_research_access",
            "random_uuid.role_a2a_research_gather_context",
            "random_uuid.role_a2a_research_get_topic_details",
            "random_uuid.role_a2a_research_search_knowledge",
            "random_uuid.role_a2a_research_suggest_topics",
            "random_uuid.role_a2a_reviewer_access",
            "random_uuid.role_a2a_reviewer_provide_feedback",
            "random_uuid.role_a2a_reviewer_review_code",
            "random_uuid.role_a2a_reviewer_review_plan",
            "random_uuid.role_a2a_reviewer_review_response",
            "random_uuid.role_api_access",
            "random_uuid.role_api_chat_read",
            "random_uuid.role_api_chat_write",
            "random_uuid.role_api_sessions_manage",
            "random_uuid.role_mcp_access",
            "random_uuid.role_mcp_tools_convert_units",
            "random_uuid.role_mcp_tools_get_time",
            "random_uuid.role_mcp_tools_get_weather",
            "random_uuid.scope_access_as_user"
          ]
        },
        {
          "index_key": "mcp_tools_get_time",
          "schema_version": 1,
          "attributes": {
            "app_role_id": "2f7f928b-30ee-a271-45d7-6cd8b16b0617",
            "id": "/servicePrincipals/2eb9cb9f-e465-4521-8334-bb4caf298752/appRoleAssignedTo/ONoxW8TMKkGoG52a1lDXobb7c2LL2XhBvosU5_Z7_yE",
            "principal_display_name": "AspireOllama - Power User",
            "principal_object_id": "5b31da38-ccc4-412a-a81b-9d9ad650d7a1",
            "principal_type": "Group",
            "resource_display_name": "AspireOllama",
            "resource_object_id": "2eb9cb9f-e465-4521-8334-bb4caf298752",
            "timeouts": null
          },
          "sensitive_attributes": [],
          "identity_schema_version": 0,
          "private": "eyJlMmJmYjczMC1lY2FhLTExZTYtOGY4OC0zNDM2M2JjN2M0YzAiOnsiY3JlYXRlIjozMDAwMDAwMDAwMDAsImRlbGV0ZSI6MzAwMDAwMDAwMDAwLCJyZWFkIjozMDAwMDAwMDAwMDB9LCJzY2hlbWFfdmVyc2lvbiI6IjEifQ==",
          "dependencies": [
            "azuread_application.api",
            "azuread_group.power_user",
            "azuread_service_principal.api",
            "data.azuread_client_config.current",
            "random_uuid.role_a2a_code_access",
            "random_uuid.role_a2a_code_analyze_code",
            "random_uuid.role_a2a_code_execute_csharp",
            "random_uuid.role_a2a_code_generate_code",
            "random_uuid.role_a2a_code_generate_tests",
            "random_uuid.role_a2a_code_refactor_code",
            "random_uuid.role_a2a_planner_access",
            "random_uuid.role_a2a_planner_assess_complexity",
            "random_uuid.role_a2a_planner_create_plan",
            "random_uuid.role_a2a_planner_orchestrate_workflow",
            "random_uuid.role_a2a_planner_suggest_agents",
            "random_uuid.role_a2a_research_access",
            "random_uuid.role_a2a_research_gather_context",
            "random_uuid.role_a2a_research_get_topic_details",
            "random_uuid.role_a2a_research_search_knowledge",
            "random_uuid.role_a2a_research_suggest_topics",
            "random_uuid.role_a2a_reviewer_access",
            "random_uuid.role_a2a_reviewer_provide_feedback",
            "random_uuid.role_a2a_reviewer_review_code",
            "random_uuid.role_a2a_reviewer_review_plan",
            "random_uuid.role_a2a_reviewer_review_response",
            "random_uuid.role_api_access",
            "random_uuid.role_api_chat_read",
            "random_uuid.role_api_chat_write",
            "random_uuid.role_api_sessions_manage",
            "random_uuid.role_mcp_access",
            "random_uuid.role_mcp_tools_convert_units",
            "random_uuid.role_mcp_tools_get_time",
            "random_uuid.role_mcp_tools_get_weather",
            "random_uuid.scope_access_as_user"
          ]
        },
        {
          "index_key": "mcp_tools_get_weather",
          "schema_version": 1,
          "attributes": {
            "app_role_id": "88d727de-91b4-c2e1-e5e8-f1a3a66491c6",
            "id": "/servicePrincipals/2eb9cb9f-e465-4521-8334-bb4caf298752/appRoleAssignedTo/ONoxW8TMKkGoG52a1lDXocc6XTyG_TpHlp56WMhRWfs",
            "principal_display_name": "AspireOllama - Power User",
            "principal_object_id": "5b31da38-ccc4-412a-a81b-9d9ad650d7a1",
            "principal_type": "Group",
            "resource_display_name": "AspireOllama",
            "resource_object_id": "2eb9cb9f-e465-4521-8334-bb4caf298752",
            "timeouts": null
          },
          "sensitive_attributes": [],
          "identity_schema_version": 0,
          "private": "eyJlMmJmYjczMC1lY2FhLTExZTYtOGY4OC0zNDM2M2JjN2M0YzAiOnsiY3JlYXRlIjozMDAwMDAwMDAwMDAsImRlbGV0ZSI6MzAwMDAwMDAwMDAwLCJyZWFkIjozMDAwMDAwMDAwMDB9LCJzY2hlbWFfdmVyc2lvbiI6IjEifQ==",
          "dependencies": [
            "azuread_application.api",
            "azuread_group.power_user",
            "azuread_service_principal.api",
            "data.azuread_client_config.current",
            "random_uuid.role_a2a_code_access",
            "random_uuid.role_a2a_code_analyze_code",
            "random_uuid.role_a2a_code_execute_csharp",
            "random_uuid.role_a2a_code_generate_code",
            "random_uuid.role_a2a_code_generate_tests",
            "random_uuid.role_a2a_code_refactor_code",
            "random_uuid.role_a2a_planner_access",
            "random_uuid.role_a2a_planner_assess_complexity",
            "random_uuid.role_a2a_planner_create_plan",
            "random_uuid.role_a2a_planner_orchestrate_workflow",
            "random_uuid.role_a2a_planner_suggest_agents",
            "random_uuid.role_a2a_research_access",
            "random_uuid.role_a2a_research_gather_context",
            "random_uuid.role_a2a_research_get_topic_details",
            "random_uuid.role_a2a_research_search_knowledge",
            "random_uuid.role_a2a_research_suggest_topics",
            "random_uuid.role_a2a_reviewer_access",
            "random_uuid.role_a2a_reviewer_provide_feedback",
            "random_uuid.role_a2a_reviewer_review_code",
            "random_uuid.role_a2a_reviewer_review_plan",
            "random_uuid.role_a2a_reviewer_review_response",
            "random_uuid.role_api_access",
            "random_uuid.role_api_chat_read",
            "random_uuid.role_api_chat_write",
            "random_uuid.role_api_sessions_manage",
            "random_uuid.role_mcp_access",
            "random_uuid.role_mcp_tools_convert_units",
            "random_uuid.role_mcp_tools_get_time",
            "random_uuid.role_mcp_tools_get_weather",
            "random_uuid.scope_access_as_user"
          ]
        }
      ]
    },
    {
      "mode": "managed",
      "type": "azuread_app_role_assignment",
      "name": "standard_user",
      "provider": "provider[\"registry.terraform.io/hashicorp/azuread\"]",
      "instances": [
        {
          "index_key": "api_access",
          "schema_version": 1,
          "attributes": {
            "app_role_id": "d0418bc7-fd96-9610-009b-659010f4473a",
            "id": "/servicePrincipals/2eb9cb9f-e465-4521-8334-bb4caf298752/appRoleAssignedTo/w6YtFomV-kW_jVArCnj6HyyYjpqOBY1NnfRyiYJrJTY",
            "principal_display_name": "AspireOllama - Standard User",
            "principal_object_id": "162da6c3-9589-45fa-bf8d-502b0a78fa1f",
            "principal_type": "Group",
            "resource_display_name": "AspireOllama",
            "resource_object_id": "2eb9cb9f-e465-4521-8334-bb4caf298752",
            "timeouts": null
          },
          "sensitive_attributes": [],
          "identity_schema_version": 0,
          "private": "eyJlMmJmYjczMC1lY2FhLTExZTYtOGY4OC0zNDM2M2JjN2M0YzAiOnsiY3JlYXRlIjozMDAwMDAwMDAwMDAsImRlbGV0ZSI6MzAwMDAwMDAwMDAwLCJyZWFkIjozMDAwMDAwMDAwMDB9LCJzY2hlbWFfdmVyc2lvbiI6IjEifQ==",
          "dependencies": [
            "azuread_application.api",
            "azuread_group.standard_user",
            "azuread_service_principal.api",
            "data.azuread_client_config.current",
            "random_uuid.role_a2a_code_access",
            "random_uuid.role_a2a_code_analyze_code",
            "random_uuid.role_a2a_code_execute_csharp",
            "random_uuid.role_a2a_code_generate_code",
            "random_uuid.role_a2a_code_generate_tests",
            "random_uuid.role_a2a_code_refactor_code",
            "random_uuid.role_a2a_planner_access",
            "random_uuid.role_a2a_planner_assess_complexity",
            "random_uuid.role_a2a_planner_create_plan",
            "random_uuid.role_a2a_planner_orchestrate_workflow",
            "random_uuid.role_a2a_planner_suggest_agents",
            "random_uuid.role_a2a_research_access",
            "random_uuid.role_a2a_research_gather_context",
            "random_uuid.role_a2a_research_get_topic_details",
            "random_uuid.role_a2a_research_search_knowledge",
            "random_uuid.role_a2a_research_suggest_topics",
            "random_uuid.role_a2a_reviewer_access",
            "random_uuid.role_a2a_reviewer_provide_feedback",
            "random_uuid.role_a2a_reviewer_review_code",
            "random_uuid.role_a2a_reviewer_review_plan",
            "random_uuid.role_a2a_reviewer_review_response",
            "random_uuid.role_api_access",
            "random_uuid.role_api_chat_read",
            "random_uuid.role_api_chat_write",
            "random_uuid.role_api_sessions_manage",
            "random_uuid.role_mcp_access",
            "random_uuid.role_mcp_tools_convert_units",
            "random_uuid.role_mcp_tools_get_time",
            "random_uuid.role_mcp_tools_get_weather",
            "random_uuid.scope_access_as_user"
          ]
        },
        {
          "index_key": "api_chat_read",
          "schema_version": 1,
          "attributes": {
            "app_role_id": "e61973f6-cfb0-f360-6ca5-78a675a30625",
            "id": "/servicePrincipals/2eb9cb9f-e465-4521-8334-bb4caf298752/appRoleAssignedTo/w6YtFomV-kW_jVArCnj6HwWB0T0JEnJCqvpTpcsNBY8",
            "principal_display_name": "AspireOllama - Standard User",
            "principal_object_id": "162da6c3-9589-45fa-bf8d-502b0a78fa1f",
            "principal_type": "Group",
            "resource_display_name": "AspireOllama",
            "resource_object_id": "2eb9cb9f-e465-4521-8334-bb4caf298752",
            "timeouts": null
          },
          "sensitive_attributes": [],
          "identity_schema_version": 0,
          "private": "eyJlMmJmYjczMC1lY2FhLTExZTYtOGY4OC0zNDM2M2JjN2M0YzAiOnsiY3JlYXRlIjozMDAwMDAwMDAwMDAsImRlbGV0ZSI6MzAwMDAwMDAwMDAwLCJyZWFkIjozMDAwMDAwMDAwMDB9LCJzY2hlbWFfdmVyc2lvbiI6IjEifQ==",
          "dependencies": [
            "azuread_application.api",
            "azuread_group.standard_user",
            "azuread_service_principal.api",
            "data.azuread_client_config.current",
            "random_uuid.role_a2a_code_access",
            "random_uuid.role_a2a_code_analyze_code",
            "random_uuid.role_a2a_code_execute_csharp",
            "random_uuid.role_a2a_code_generate_code",
            "random_uuid.role_a2a_code_generate_tests",
            "random_uuid.role_a2a_code_refactor_code",
            "random_uuid.role_a2a_planner_access",
            "random_uuid.role_a2a_planner_assess_complexity",
            "random_uuid.role_a2a_planner_create_plan",
            "random_uuid.role_a2a_planner_orchestrate_workflow",
            "random_uuid.role_a2a_planner_suggest_agents",
            "random_uuid.role_a2a_research_access",
            "random_uuid.role_a2a_research_gather_context",
            "random_uuid.role_a2a_research_get_topic_details",
            "random_uuid.role_a2a_research_search_knowledge",
            "random_uuid.role_a2a_research_suggest_topics",
            "random_uuid.role_a2a_reviewer_access",
            "random_uuid.role_a2a_reviewer_provide_feedback",
            "random_uuid.role_a2a_reviewer_review_code",
            "random_uuid.role_a2a_reviewer_review_plan",
            "random_uuid.role_a2a_reviewer_review_response",
            "random_uuid.role_api_access",
            "random_uuid.role_api_chat_read",
            "random_uuid.role_api_chat_write",
            "random_uuid.role_api_sessions_manage",
            "random_uuid.role_mcp_access",
            "random_uuid.role_mcp_tools_convert_units",
            "random_uuid.role_mcp_tools_get_time",
            "random_uuid.role_mcp_tools_get_weather",
            "random_uuid.scope_access_as_user"
          ]
        },
        {
          "index_key": "api_chat_write",
          "schema_version": 1,
          "attributes": {
            "app_role_id": "7f2d2d0b-54d4-6219-680e-d0ca1634c715",
            "id": "/servicePrincipals/2eb9cb9f-e465-4521-8334-bb4caf298752/appRoleAssignedTo/w6YtFomV-kW_jVArCnj6Hxw2DAusq_tOnkMSi0SMQvI",
            "principal_display_name": "AspireOllama - Standard User",
            "principal_object_id": "162da6c3-9589-45fa-bf8d-502b0a78fa1f",
            "principal_type": "Group",
            "resource_display_name": "AspireOllama",
            "resource_object_id": "2eb9cb9f-e465-4521-8334-bb4caf298752",
            "timeouts": null
          },
          "sensitive_attributes": [],
          "identity_schema_version": 0,
          "private": "eyJlMmJmYjczMC1lY2FhLTExZTYtOGY4OC0zNDM2M2JjN2M0YzAiOnsiY3JlYXRlIjozMDAwMDAwMDAwMDAsImRlbGV0ZSI6MzAwMDAwMDAwMDAwLCJyZWFkIjozMDAwMDAwMDAwMDB9LCJzY2hlbWFfdmVyc2lvbiI6IjEifQ==",
          "dependencies": [
            "azuread_application.api",
            "azuread_group.standard_user",
            "azuread_service_principal.api",
            "data.azuread_client_config.current",
            "random_uuid.role_a2a_code_access",
            "random_uuid.role_a2a_code_analyze_code",
            "random_uuid.role_a2a_code_execute_csharp",
            "random_uuid.role_a2a_code_generate_code",
            "random_uuid.role_a2a_code_generate_tests",
            "random_uuid.role_a2a_code_refactor_code",
            "random_uuid.role_a2a_planner_access",
            "random_uuid.role_a2a_planner_assess_complexity",
            "random_uuid.role_a2a_planner_create_plan",
            "random_uuid.role_a2a_planner_orchestrate_workflow",
            "random_uuid.role_a2a_planner_suggest_agents",
            "random_uuid.role_a2a_research_access",
            "random_uuid.role_a2a_research_gather_context",
            "random_uuid.role_a2a_research_get_topic_details",
            "random_uuid.role_a2a_research_search_knowledge",
            "random_uuid.role_a2a_research_suggest_topics",
            "random_uuid.role_a2a_reviewer_access",
            "random_uuid.role_a2a_reviewer_provide_feedback",
            "random_uuid.role_a2a_reviewer_review_code",
            "random_uuid.role_a2a_reviewer_review_plan",
            "random_uuid.role_a2a_reviewer_review_response",
            "random_uuid.role_api_access",
            "random_uuid.role_api_chat_read",
            "random_uuid.role_api_chat_write",
            "random_uuid.role_api_sessions_manage",
            "random_uuid.role_mcp_access",
            "random_uuid.role_mcp_tools_convert_units",
            "random_uuid.role_mcp_tools_get_time",
            "random_uuid.role_mcp_tools_get_weather",
            "random_uuid.scope_access_as_user"
          ]
        },
        {
          "index_key": "api_sessions_manage",
          "schema_version": 1,
          "attributes": {
            "app_role_id": "263d6619-389d-ed00-4216-eea1cb025f14",
            "id": "/servicePrincipals/2eb9cb9f-e465-4521-8334-bb4caf298752/appRoleAssignedTo/w6YtFomV-kW_jVArCnj6Hy_ptyFK6jhFt4raGm_1vxM",
            "principal_display_name": "AspireOllama - Standard User",
            "principal_object_id": "162da6c3-9589-45fa-bf8d-502b0a78fa1f",
            "principal_type": "Group",
            "resource_display_name": "AspireOllama",
            "resource_object_id": "2eb9cb9f-e465-4521-8334-bb4caf298752",
            "timeouts": null
          },
          "sensitive_attributes": [],
          "identity_schema_version": 0,
          "private": "eyJlMmJmYjczMC1lY2FhLTExZTYtOGY4OC0zNDM2M2JjN2M0YzAiOnsiY3JlYXRlIjozMDAwMDAwMDAwMDAsImRlbGV0ZSI6MzAwMDAwMDAwMDAwLCJyZWFkIjozMDAwMDAwMDAwMDB9LCJzY2hlbWFfdmVyc2lvbiI6IjEifQ==",
          "dependencies": [
            "azuread_application.api",
            "azuread_group.standard_user",
            "azuread_service_principal.api",
            "data.azuread_client_config.current",
            "random_uuid.role_a2a_code_access",
            "random_uuid.role_a2a_code_analyze_code",
            "random_uuid.role_a2a_code_execute_csharp",
            "random_uuid.role_a2a_code_generate_code",
            "random_uuid.role_a2a_code_generate_tests",
            "random_uuid.role_a2a_code_refactor_code",
            "random_uuid.role_a2a_planner_access",
            "random_uuid.role_a2a_planner_assess_complexity",
            "random_uuid.role_a2a_planner_create_plan",
            "random_uuid.role_a2a_planner_orchestrate_workflow",
            "random_uuid.role_a2a_planner_suggest_agents",
            "random_uuid.role_a2a_research_access",
            "random_uuid.role_a2a_research_gather_context",
            "random_uuid.role_a2a_research_get_topic_details",
            "random_uuid.role_a2a_research_search_knowledge",
            "random_uuid.role_a2a_research_suggest_topics",
            "random_uuid.role_a2a_reviewer_access",
            "random_uuid.role_a2a_reviewer_provide_feedback",
            "random_uuid.role_a2a_reviewer_review_code",
            "random_uuid.role_a2a_reviewer_review_plan",
            "random_uuid.role_a2a_reviewer_review_response",
            "random_uuid.role_api_access",
            "random_uuid.role_api_chat_read",
            "random_uuid.role_api_chat_write",
            "random_uuid.role_api_sessions_manage",
            "random_uuid.role_mcp_access",
            "random_uuid.role_mcp_tools_convert_units",
            "random_uuid.role_mcp_tools_get_time",
            "random_uuid.role_mcp_tools_get_weather",
            "random_uuid.scope_access_as_user"
          ]
        },
        {
          "index_key": "mcp_access",
          "schema_version": 1,
          "attributes": {
            "app_role_id": "91026d68-a5de-8944-6574-680dfaa796b3",
            "id": "/servicePrincipals/2eb9cb9f-e465-4521-8334-bb4caf298752/appRoleAssignedTo/w6YtFomV-kW_jVArCnj6Hwl9MbHnyqdBhzB4jB-Oe0k",
            "principal_display_name": "AspireOllama - Standard User",
            "principal_object_id": "162da6c3-9589-45fa-bf8d-502b0a78fa1f",
            "principal_type": "Group",
            "resource_display_name": "AspireOllama",
            "resource_object_id": "2eb9cb9f-e465-4521-8334-bb4caf298752",
            "timeouts": null
          },
          "sensitive_attributes": [],
          "identity_schema_version": 0,
          "private": "eyJlMmJmYjczMC1lY2FhLTExZTYtOGY4OC0zNDM2M2JjN2M0YzAiOnsiY3JlYXRlIjozMDAwMDAwMDAwMDAsImRlbGV0ZSI6MzAwMDAwMDAwMDAwLCJyZWFkIjozMDAwMDAwMDAwMDB9LCJzY2hlbWFfdmVyc2lvbiI6IjEifQ==",
          "dependencies": [
            "azuread_application.api",
            "azuread_group.standard_user",
            "azuread_service_principal.api",
            "data.azuread_client_config.current",
            "random_uuid.role_a2a_code_access",
            "random_uuid.role_a2a_code_analyze_code",
            "random_uuid.role_a2a_code_execute_csharp",
            "random_uuid.role_a2a_code_generate_code",
            "random_uuid.role_a2a_code_generate_tests",
            "random_uuid.role_a2a_code_refactor_code",
            "random_uuid.role_a2a_planner_access",
            "random_uuid.role_a2a_planner_assess_complexity",
            "random_uuid.role_a2a_planner_create_plan",
            "random_uuid.role_a2a_planner_orchestrate_workflow",
            "random_uuid.role_a2a_planner_suggest_agents",
            "random_uuid.role_a2a_research_access",
            "random_uuid.role_a2a_research_gather_context",
            "random_uuid.role_a2a_research_get_topic_details",
            "random_uuid.role_a2a_research_search_knowledge",
            "random_uuid.role_a2a_research_suggest_topics",
            "random_uuid.role_a2a_reviewer_access",
            "random_uuid.role_a2a_reviewer_provide_feedback",
            "random_uuid.role_a2a_reviewer_review_code",
            "random_uuid.role_a2a_reviewer_review_plan",
            "random_uuid.role_a2a_reviewer_review_response",
            "random_uuid.role_api_access",
            "random_uuid.role_api_chat_read",
            "random_uuid.role_api_chat_write",
            "random_uuid.role_api_sessions_manage",
            "random_uuid.role_mcp_access",
            "random_uuid.role_mcp_tools_convert_units",
            "random_uuid.role_mcp_tools_get_time",
            "random_uuid.role_mcp_tools_get_weather",
            "random_uuid.scope_access_as_user"
          ]
        },
        {
          "index_key": "mcp_tools_convert_units",
          "schema_version": 1,
          "attributes": {
            "app_role_id": "d4e74e8e-b9f9-e51c-ec43-893f5572f789",
            "id": "/servicePrincipals/2eb9cb9f-e465-4521-8334-bb4caf298752/appRoleAssignedTo/w6YtFomV-kW_jVArCnj6HxS1t4TjkWxBsLXK4JuaWWU",
            "principal_display_name": "AspireOllama - Standard User",
            "principal_object_id": "162da6c3-9589-45fa-bf8d-502b0a78fa1f",
            "principal_type": "Group",
            "resource_display_name": "AspireOllama",
            "resource_object_id": "2eb9cb9f-e465-4521-8334-bb4caf298752",
            "timeouts": null
          },
          "sensitive_attributes": [],
          "identity_schema_version": 0,
          "private": "eyJlMmJmYjczMC1lY2FhLTExZTYtOGY4OC0zNDM2M2JjN2M0YzAiOnsiY3JlYXRlIjozMDAwMDAwMDAwMDAsImRlbGV0ZSI6MzAwMDAwMDAwMDAwLCJyZWFkIjozMDAwMDAwMDAwMDB9LCJzY2hlbWFfdmVyc2lvbiI6IjEifQ==",
          "dependencies": [
            "azuread_application.api",
            "azuread_group.standard_user",
            "azuread_service_principal.api",
            "data.azuread_client_config.current",
            "random_uuid.role_a2a_code_access",
            "random_uuid.role_a2a_code_analyze_code",
            "random_uuid.role_a2a_code_execute_csharp",
            "random_uuid.role_a2a_code_generate_code",
            "random_uuid.role_a2a_code_generate_tests",
            "random_uuid.role_a2a_code_refactor_code",
            "random_uuid.role_a2a_planner_access",
            "random_uuid.role_a2a_planner_assess_complexity",
            "random_uuid.role_a2a_planner_create_plan",
            "random_uuid.role_a2a_planner_orchestrate_workflow",
            "random_uuid.role_a2a_planner_suggest_agents",
            "random_uuid.role_a2a_research_access",
            "random_uuid.role_a2a_research_gather_context",
            "random_uuid.role_a2a_research_get_topic_details",
            "random_uuid.role_a2a_research_search_knowledge",
            "random_uuid.role_a2a_research_suggest_topics",
            "random_uuid.role_a2a_reviewer_access",
            "random_uuid.role_a2a_reviewer_provide_feedback",
            "random_uuid.role_a2a_reviewer_review_code",
            "random_uuid.role_a2a_reviewer_review_plan",
            "random_uuid.role_a2a_reviewer_review_response",
            "random_uuid.role_api_access",
            "random_uuid.role_api_chat_read",
            "random_uuid.role_api_chat_write",
            "random_uuid.role_api_sessions_manage",
            "random_uuid.role_mcp_access",
            "random_uuid.role_mcp_tools_convert_units",
            "random_uuid.role_mcp_tools_get_time",
            "random_uuid.role_mcp_tools_get_weather",
            "random_uuid.scope_access_as_user"
          ]
        },
        {
          "index_key": "mcp_tools_get_time",
          "schema_version": 1,
          "attributes": {
            "app_role_id": "2f7f928b-30ee-a271-45d7-6cd8b16b0617",
            "id": "/servicePrincipals/2eb9cb9f-e465-4521-8334-bb4caf298752/appRoleAssignedTo/w6YtFomV-kW_jVArCnj6H9nsga9InFFKkfJO6kS8XSw",
            "principal_display_name": "AspireOllama - Standard User",
            "principal_object_id": "162da6c3-9589-45fa-bf8d-502b0a78fa1f",
            "principal_type": "Group",
            "resource_display_name": "AspireOllama",
            "resource_object_id": "2eb9cb9f-e465-4521-8334-bb4caf298752",
            "timeouts": null
          },
          "sensitive_attributes": [],
          "identity_schema_version": 0,
          "private": "eyJlMmJmYjczMC1lY2FhLTExZTYtOGY4OC0zNDM2M2JjN2M0YzAiOnsiY3JlYXRlIjozMDAwMDAwMDAwMDAsImRlbGV0ZSI6MzAwMDAwMDAwMDAwLCJyZWFkIjozMDAwMDAwMDAwMDB9LCJzY2hlbWFfdmVyc2lvbiI6IjEifQ==",
          "dependencies": [
            "azuread_application.api",
            "azuread_group.standard_user",
            "azuread_service_principal.api",
            "data.azuread_client_config.current",
            "random_uuid.role_a2a_code_access",
            "random_uuid.role_a2a_code_analyze_code",
            "random_uuid.role_a2a_code_execute_csharp",
            "random_uuid.role_a2a_code_generate_code",
            "random_uuid.role_a2a_code_generate_tests",
            "random_uuid.role_a2a_code_refactor_code",
            "random_uuid.role_a2a_planner_access",
            "random_uuid.role_a2a_planner_assess_complexity",
            "random_uuid.role_a2a_planner_create_plan",
            "random_uuid.role_a2a_planner_orchestrate_workflow",
            "random_uuid.role_a2a_planner_suggest_agents",
            "random_uuid.role_a2a_research_access",
            "random_uuid.role_a2a_research_gather_context",
            "random_uuid.role_a2a_research_get_topic_details",
            "random_uuid.role_a2a_research_search_knowledge",
            "random_uuid.role_a2a_research_suggest_topics",
            "random_uuid.role_a2a_reviewer_access",
            "random_uuid.role_a2a_reviewer_provide_feedback",
            "random_uuid.role_a2a_reviewer_review_code",
            "random_uuid.role_a2a_reviewer_review_plan",
            "random_uuid.role_a2a_reviewer_review_response",
            "random_uuid.role_api_access",
            "random_uuid.role_api_chat_read",
            "random_uuid.role_api_chat_write",
            "random_uuid.role_api_sessions_manage",
            "random_uuid.role_mcp_access",
            "random_uuid.role_mcp_tools_convert_units",
            "random_uuid.role_mcp_tools_get_time",
            "random_uuid.role_mcp_tools_get_weather",
            "random_uuid.scope_access_as_user"
          ]
        },
        {
          "index_key": "mcp_tools_get_weather",
          "schema_version": 1,
          "attributes": {
            "app_role_id": "88d727de-91b4-c2e1-e5e8-f1a3a66491c6",
            "id": "/servicePrincipals/2eb9cb9f-e465-4521-8334-bb4caf298752/appRoleAssignedTo/w6YtFomV-kW_jVArCnj6H4sUjaC47n1KhAbAgUUPOZw",
            "principal_display_name": "AspireOllama - Standard User",
            "principal_object_id": "162da6c3-9589-45fa-bf8d-502b0a78fa1f",
            "principal_type": "Group",
            "resource_display_name": "AspireOllama",
            "resource_object_id": "2eb9cb9f-e465-4521-8334-bb4caf298752",
            "timeouts": null
          },
          "sensitive_attributes": [],
          "identity_schema_version": 0,
          "private": "eyJlMmJmYjczMC1lY2FhLTExZTYtOGY4OC0zNDM2M2JjN2M0YzAiOnsiY3JlYXRlIjozMDAwMDAwMDAwMDAsImRlbGV0ZSI6MzAwMDAwMDAwMDAwLCJyZWFkIjozMDAwMDAwMDAwMDB9LCJzY2hlbWFfdmVyc2lvbiI6IjEifQ==",
          "dependencies": [
            "azuread_application.api",
            "azuread_group.standard_user",
            "azuread_service_principal.api",
            "data.azuread_client_config.current",
            "random_uuid.role_a2a_code_access",
            "random_uuid.role_a2a_code_analyze_code",
            "random_uuid.role_a2a_code_execute_csharp",
            "random_uuid.role_a2a_code_generate_code",
            "random_uuid.role_a2a_code_generate_tests",
            "random_uuid.role_a2a_code_refactor_code",
            "random_uuid.role_a2a_planner_access",
            "random_uuid.role_a2a_planner_assess_complexity",
            "random_uuid.role_a2a_planner_create_plan",
            "random_uuid.role_a2a_planner_orchestrate_workflow",
            "random_uuid.role_a2a_planner_suggest_agents",
            "random_uuid.role_a2a_research_access",
            "random_uuid.role_a2a_research_gather_context",
            "random_uuid.role_a2a_research_get_topic_details",
            "random_uuid.role_a2a_research_search_knowledge",
            "random_uuid.role_a2a_research_suggest_topics",
            "random_uuid.role_a2a_reviewer_access",
            "random_uuid.role_a2a_reviewer_provide_feedback",
            "random_uuid.role_a2a_reviewer_review_code",
            "random_uuid.role_a2a_reviewer_review_plan",
            "random_uuid.role_a2a_reviewer_review_response",
            "random_uuid.role_api_access",
            "random_uuid.role_api_chat_read",
            "random_uuid.role_api_chat_write",
            "random_uuid.role_api_sessions_manage",
            "random_uuid.role_mcp_access",
            "random_uuid.role_mcp_tools_convert_units",
            "random_uuid.role_mcp_tools_get_time",
            "random_uuid.role_mcp_tools_get_weather",
            "random_uuid.scope_access_as_user"
          ]
        }
      ]
    },
    {
      "mode": "managed",
      "type": "azuread_app_role_assignment",
      "name": "viewer_api_chat_read",
      "provider": "provider[\"registry.terraform.io/hashicorp/azuread\"]",
      "instances": [
        {
          "schema_version": 1,
          "attributes": {
            "app_role_id": "e61973f6-cfb0-f360-6ca5-78a675a30625",
            "id": "/servicePrincipals/2eb9cb9f-e465-4521-8334-bb4caf298752/appRoleAssignedTo/xN1pGb4AsUC7n0dIW0fJjM1t6wBLFIdFmAxnSEarvfg",
            "principal_display_name": "AspireOllama - Read-Only Viewer",
            "principal_object_id": "1969ddc4-00be-40b1-bb9f-47485b47c98c",
            "principal_type": "Group",
            "resource_display_name": "AspireOllama",
            "resource_object_id": "2eb9cb9f-e465-4521-8334-bb4caf298752",
            "timeouts": null
          },
          "sensitive_attributes": [],
          "identity_schema_version": 0,
          "private": "eyJlMmJmYjczMC1lY2FhLTExZTYtOGY4OC0zNDM2M2JjN2M0YzAiOnsiY3JlYXRlIjozMDAwMDAwMDAwMDAsImRlbGV0ZSI6MzAwMDAwMDAwMDAwLCJyZWFkIjozMDAwMDAwMDAwMDB9LCJzY2hlbWFfdmVyc2lvbiI6IjEifQ==",
          "dependencies": [
            "azuread_application.api",
            "azuread_group.viewer",
            "azuread_service_principal.api",
            "data.azuread_client_config.current",
            "random_uuid.role_a2a_code_access",
            "random_uuid.role_a2a_code_analyze_code",
            "random_uuid.role_a2a_code_execute_csharp",
            "random_uuid.role_a2a_code_generate_code",
            "random_uuid.role_a2a_code_generate_tests",
            "random_uuid.role_a2a_code_refactor_code",
            "random_uuid.role_a2a_planner_access",
            "random_uuid.role_a2a_planner_assess_complexity",
            "random_uuid.role_a2a_planner_create_plan",
            "random_uuid.role_a2a_planner_orchestrate_workflow",
            "random_uuid.role_a2a_planner_suggest_agents",
            "random_uuid.role_a2a_research_access",
            "random_uuid.role_a2a_research_gather_context",
            "random_uuid.role_a2a_research_get_topic_details",
            "random_uuid.role_a2a_research_search_knowledge",
            "random_uuid.role_a2a_research_suggest_topics",
            "random_uuid.role_a2a_reviewer_access",
            "random_uuid.role_a2a_reviewer_provide_feedback",
            "random_uuid.role_a2a_reviewer_review_code",
            "random_uuid.role_a2a_reviewer_review_plan",
            "random_uuid.role_a2a_reviewer_review_response",
            "random_uuid.role_api_access",
            "random_uuid.role_api_chat_read",
            "random_uuid.role_api_chat_write",
            "random_uuid.role_api_sessions_manage",
            "random_uuid.role_mcp_access",
            "random_uuid.role_mcp_tools_convert_units",
            "random_uuid.role_mcp_tools_get_time",
            "random_uuid.role_mcp_tools_get_weather",
            "random_uuid.scope_access_as_user"
          ]
        }
      ]
    },
    {
      "mode": "managed",
      "type": "azuread_application",
      "name": "api",
      "provider": "provider[\"registry.terraform.io/hashicorp/azuread\"]",
      "instances": [
        {
          "schema_version": 2,
          "attributes": {
            "api": [
              {
                "known_client_applications": [],
                "mapped_claims_enabled": false,
                "oauth2_permission_scope": [
                  {
                    "admin_consent_description": "Allows the app to access AspireOllama APIs on behalf of the signed-in user",
                    "admin_consent_display_name": "Access AspireOllama as signed-in user",
                    "enabled": true,
                    "id": "fa0d0f64-3f56-d844-d2d6-09e513364244",
                    "type": "Admin",
                    "user_consent_description": "",
                    "user_consent_display_name": "",
                    "value": "access_as_user"
                  }
                ],
                "requested_access_token_version": 2
              }
            ],
            "app_role": [
              {
                "allowed_member_types": [
                  "User"
                ],
                "description": "Analyze code",
                "display_name": "Analyze Code",
                "enabled": true,
                "id": "1bc3f5e2-2b78-7c38-688a-f5c9e9e06e30",
                "value": "A2A.Code.AnalyzeCode"
              },
              {
                "allowed_member_types": [
                  "User"
                ],
                "description": "Assess task complexity",
                "display_name": "Assess Complexity",
                "enabled": true,
                "id": "db1d6b46-ed8e-7e43-0690-80ac6b34dc14",
                "value": "A2A.Planner.AssessComplexity"
              },
              {
                "allowed_member_types": [
                  "User"
                ],
                "description": "Coarse access to Code agent",
                "display_name": "Code Access",
                "enabled": true,
                "id": "b33cf18d-62ef-756c-515d-b24eed6f199a",
                "value": "A2A.Code.Access"
              },
              {
                "allowed_member_types": [
                  "User"
                ],
                "description": "Coarse access to MCP tools",
                "display_name": "MCP Access",
                "enabled": true,
                "id": "91026d68-a5de-8944-6574-680dfaa796b3",
                "value": "Mcp.Access"
              },
              {
                "allowed_member_types": [
                  "User"
                ],
                "description": "Coarse access to Planner agent",
                "display_name": "Planner Access",
                "enabled": true,
                "id": "e1aa72a2-7515-5415-efb2-3719bd935ab7",
                "value": "A2A.Planner.Access"
              },
              {
                "allowed_member_types": [
                  "User"
                ],
                "description": "Coarse access to Research agent",
                "display_name": "Research Access",
                "enabled": true,
                "id": "088d0e71-b52b-2528-93c7-4fcfc2e1e2c8",
                "value": "A2A.Research.Access"
              },
              {
                "allowed_member_types": [
                  "User"
                ],
                "description": "Coarse access to Reviewer agent",
                "display_name": "Reviewer Access",
                "enabled": true,
                "id": "1a1fc06b-f119-52f1-d287-0b17b58a6608",
                "value": "A2A.Reviewer.Access"
              },
              {
                "allowed_member_types": [
                  "User"
                ],
                "description": "Coarse access to the API Service",
                "display_name": "API Access",
                "enabled": true,
                "id": "d0418bc7-fd96-9610-009b-659010f4473a",
                "value": "Api.Access"
              },
              {
                "allowed_member_types": [
                  "User"
                ],
                "description": "Create and delete chat sessions",
                "display_name": "Manage Sessions",
                "enabled": true,
                "id": "263d6619-389d-ed00-4216-eea1cb025f14",
                "value": "Api.Sessions.Manage"
              },
              {
                "allowed_member_types": [
                  "User"
                ],
                "description": "Create task plans",
                "display_name": "Create Plan",
                "enabled": true,
                "id": "5080f6eb-6c8b-9871-ec81-6284a3c2de82",
                "value": "A2A.Planner.CreatePlan"
              },
              {
                "allowed_member_types": [
                  "User"
                ],
                "description": "Execute C# code",
                "display_name": "Execute C#",
                "enabled": true,
                "id": "c4c51f77-d77e-b378-5495-1448ae9b91d4",
                "value": "A2A.Code.ExecuteCsharp"
              },
              {
                "allowed_member_types": [
                  "User"
                ],
                "description": "Gather research context",
                "display_name": "Gather Context",
                "enabled": true,
                "id": "91cc49f0-a0ac-3883-037a-54973851fe77",
                "value": "A2A.Research.GatherContext"
              },
              {
                "allowed_member_types": [
                  "User"
                ],
                "description": "Generate code",
                "display_name": "Generate Code",
                "enabled": true,
                "id": "38efa301-a7a1-ee32-e38f-70325c21e247",
                "value": "A2A.Code.GenerateCode"
              },
              {
                "allowed_member_types": [
                  "User"
                ],
                "description": "Generate test code",
                "display_name": "Generate Tests",
                "enabled": true,
                "id": "0ed6d1de-97e8-ff60-00ac-b946cfa339ad",
                "value": "A2A.Code.GenerateTests"
              },
              {
                "allowed_member_types": [
                  "User"
                ],
                "description": "Get agent suggestions for a task",
                "display_name": "Suggest Agents",
                "enabled": true,
                "id": "1a51e82c-7262-316a-b579-95e5ae320419",
                "value": "A2A.Planner.SuggestAgents"
              },
              {
                "allowed_member_types": [
                  "User"
                ],
                "description": "Get detailed topic info",
                "display_name": "Get Topic Details",
                "enabled": true,
                "id": "4fa3fa89-2e8d-8dbb-f10d-28d84757dd2d",
                "value": "A2A.Research.GetTopicDetails"
              },
              {
                "allowed_member_types": [
                  "User"
                ],
                "description": "Get review feedback",
                "display_name": "Provide Feedback",
                "enabled": true,
                "id": "054bb263-15b7-db81-0f1e-976474e95f47",
                "value": "A2A.Reviewer.ProvideFeedback"
              },
              {
                "allowed_member_types": [
                  "User"
                ],
                "description": "Get topic suggestions",
                "display_name": "Suggest Topics",
                "enabled": true,
                "id": "8a475d47-7ef5-7107-4398-cf59b5e06cbb",
                "value": "A2A.Research.SuggestTopics"
              },
              {
                "allowed_member_types": [
                  "User"
                ],
                "description": "Read chat messages and session history",
                "display_name": "Read Chat",
                "enabled": true,
                "id": "e61973f6-cfb0-f360-6ca5-78a675a30625",
                "value": "Api.Chat.Read"
              },
              {
                "allowed_member_types": [
                  "User"
                ],
                "description": "Refactor code",
                "display_name": "Refactor Code",
                "enabled": true,
                "id": "ddd49f4a-4d7e-95b2-75e4-023ee053d976",
                "value": "A2A.Code.RefactorCode"
              },
              {
                "allowed_member_types": [
                  "User"
                ],
                "description": "Review AI responses",
                "display_name": "Review Response",
                "enabled": true,
                "id": "cf7529fe-a006-dd05-01ce-a565d6b16bc5",
                "value": "A2A.Reviewer.ReviewResponse"
              },
              {
                "allowed_member_types": [
                  "User"
                ],
                "description": "Review code",
                "display_name": "Review Code",
                "enabled": true,
                "id": "e2a14306-d81f-9b6f-855c-ddadcf6b0f13",
                "value": "A2A.Reviewer.ReviewCode"
              },
              {
                "allowed_member_types": [
                  "User"
                ],
                "description": "Review plans",
                "display_name": "Review Plan",
                "enabled": true,
                "id": "bd77911e-d01f-ba61-38dd-fb0bfc4873b6",
                "value": "A2A.Reviewer.ReviewPlan"
              },
              {
                "allowed_member_types": [
                  "User"
                ],
                "description": "Run multi-agent workflows",
                "display_name": "Orchestrate Workflow",
                "enabled": true,
                "id": "23105e46-3e1a-3b77-b65f-bae72eb6b062",
                "value": "A2A.Planner.OrchestrateWorkflow"
              },
              {
                "allowed_member_types": [
                  "User"
                ],
                "description": "Search knowledge base",
                "display_name": "Search Knowledge",
                "enabled": true,
                "id": "ad6ee666-2d43-d7ba-d795-2a8b587d10e2",
                "value": "A2A.Research.SearchKnowledge"
              },
              {
                "allowed_member_types": [
                  "User"
                ],
                "description": "Send chat messages and call agents",
                "display_name": "Write Chat",
                "enabled": true,
                "id": "7f2d2d0b-54d4-6219-680e-d0ca1634c715",
                "value": "Api.Chat.Write"
              },
              {
                "allowed_member_types": [
                  "User"
                ],
                "description": "Use the time tool",
                "display_name": "Get Time",
                "enabled": true,
                "id": "2f7f928b-30ee-a271-45d7-6cd8b16b0617",
                "value": "Mcp.Tools.GetTime"
              },
              {
                "allowed_member_types": [
                  "User"
                ],
                "description": "Use the unit conversion tool",
                "display_name": "Convert Units",
                "enabled": true,
                "id": "d4e74e8e-b9f9-e51c-ec43-893f5572f789",
                "value": "Mcp.Tools.ConvertUnits"
              },
              {
                "allowed_member_types": [
                  "User"
                ],
                "description": "Use the weather tool",
                "display_name": "Get Weather",
                "enabled": true,
                "id": "88d727de-91b4-c2e1-e5e8-f1a3a66491c6",
                "value": "Mcp.Tools.GetWeather"
              }
            ],
            "app_role_ids": {
              "A2A.Code.Access": "b33cf18d-62ef-756c-515d-b24eed6f199a",
              "A2A.Code.AnalyzeCode": "1bc3f5e2-2b78-7c38-688a-f5c9e9e06e30",
              "A2A.Code.ExecuteCsharp": "c4c51f77-d77e-b378-5495-1448ae9b91d4",
              "A2A.Code.GenerateCode": "38efa301-a7a1-ee32-e38f-70325c21e247",
              "A2A.Code.GenerateTests": "0ed6d1de-97e8-ff60-00ac-b946cfa339ad",
              "A2A.Code.RefactorCode": "ddd49f4a-4d7e-95b2-75e4-023ee053d976",
              "A2A.Planner.Access": "e1aa72a2-7515-5415-efb2-3719bd935ab7",
              "A2A.Planner.AssessComplexity": "db1d6b46-ed8e-7e43-0690-80ac6b34dc14",
              "A2A.Planner.CreatePlan": "5080f6eb-6c8b-9871-ec81-6284a3c2de82",
              "A2A.Planner.OrchestrateWorkflow": "23105e46-3e1a-3b77-b65f-bae72eb6b062",
              "A2A.Planner.SuggestAgents": "1a51e82c-7262-316a-b579-95e5ae320419",
              "A2A.Research.Access": "088d0e71-b52b-2528-93c7-4fcfc2e1e2c8",
              "A2A.Research.GatherContext": "91cc49f0-a0ac-3883-037a-54973851fe77",
              "A2A.Research.GetTopicDetails": "4fa3fa89-2e8d-8dbb-f10d-28d84757dd2d",
              "A2A.Research.SearchKnowledge": "ad6ee666-2d43-d7ba-d795-2a8b587d10e2",
              "A2A.Research.SuggestTopics": "8a475d47-7ef5-7107-4398-cf59b5e06cbb",
              "A2A.Reviewer.Access": "1a1fc06b-f119-52f1-d287-0b17b58a6608",
              "A2A.Reviewer.ProvideFeedback": "054bb263-15b7-db81-0f1e-976474e95f47",
              "A2A.Reviewer.ReviewCode": "e2a14306-d81f-9b6f-855c-ddadcf6b0f13",
              "A2A.Reviewer.ReviewPlan": "bd77911e-d01f-ba61-38dd-fb0bfc4873b6",
              "A2A.Reviewer.ReviewResponse": "cf7529fe-a006-dd05-01ce-a565d6b16bc5",
              "Api.Access": "d0418bc7-fd96-9610-009b-659010f4473a",
              "Api.Chat.Read": "e61973f6-cfb0-f360-6ca5-78a675a30625",
              "Api.Chat.Write": "7f2d2d0b-54d4-6219-680e-d0ca1634c715",
              "Api.Sessions.Manage": "263d6619-389d-ed00-4216-eea1cb025f14",
              "Mcp.Access": "91026d68-a5de-8944-6574-680dfaa796b3",
              "Mcp.Tools.ConvertUnits": "d4e74e8e-b9f9-e51c-ec43-893f5572f789",
              "Mcp.Tools.GetTime": "2f7f928b-30ee-a271-45d7-6cd8b16b0617",
              "Mcp.Tools.GetWeather": "88d727de-91b4-c2e1-e5e8-f1a3a66491c6"
            },
            "client_id": "c14d26b4-249c-4fb4-99fe-c1e767f5ae2d",
            "description": "",
            "device_only_auth_enabled": false,
            "disabled_by_microsoft": "",
            "display_name": "AspireOllama",
            "fallback_public_client_enabled": false,
            "feature_tags": [
              {
                "custom_single_sign_on": false,
                "enterprise": false,
                "gallery": false,
                "hide": false
              }
            ],
            "group_membership_claims": [],
            "id": "/applications/8dd16546-8a56-4f8a-b641-4d3c60cd09a7",
            "identifier_uris": [],
            "logo_image": "",
            "logo_url": "",
            "marketing_url": "",
            "notes": "",
            "oauth2_permission_scope_ids": {
              "access_as_user": "fa0d0f64-3f56-d844-d2d6-09e513364244"
            },
            "oauth2_post_response_required": false,
            "object_id": "8dd16546-8a56-4f8a-b641-4d3c60cd09a7",
            "optional_claims": [
              {
                "access_token": [],
                "id_token": [],
                "saml2_token": []
              }
            ],
            "owners": [
              "ec1b1e80-f539-47d4-a222-67befd6343b7"
            ],
            "password": [],
            "prevent_duplicate_names": false,
            "privacy_statement_url": "",
            "public_client": [
              {
                "redirect_uris": []
              }
            ],
            "publisher_domain": "Demos26.onmicrosoft.com",
            "required_resource_access": [
              {
                "resource_access": [
                  {
                    "id": "e1fe6dd8-ba31-4d61-89e7-88639da4683d",
                    "type": "Scope"
                  }
                ],
                "resource_app_id": "00000003-0000-0000-c000-000000000000"
              }
            ],
            "service_management_reference": "",
            "sign_in_audience": "AzureADMyOrg",
            "single_page_application": [
              {
                "redirect_uris": []
              }
            ],
            "support_url": "",
            "tags": [],
            "template_id": "",
            "terms_of_service_url": "",
            "timeouts": null,
            "web": [
              {
                "homepage_url": "",
                "implicit_grant": [
                  {
                    "access_token_issuance_enabled": false,
                    "id_token_issuance_enabled": false
                  }
                ],
                "logout_url": "",
                "redirect_uris": []
              }
            ]
          },
          "sensitive_attributes": [],
          "identity_schema_version": 0,
          "private": "eyJlMmJmYjczMC1lY2FhLTExZTYtOGY4OC0zNDM2M2JjN2M0YzAiOnsiY3JlYXRlIjo2MDAwMDAwMDAwMDAsImRlbGV0ZSI6MzAwMDAwMDAwMDAwLCJyZWFkIjozMDAwMDAwMDAwMDAsInVwZGF0ZSI6NjAwMDAwMDAwMDAwfSwic2NoZW1hX3ZlcnNpb24iOiIyIn0=",
          "dependencies": [
            "data.azuread_client_config.current",
            "random_uuid.role_a2a_code_access",
            "random_uuid.role_a2a_code_analyze_code",
            "random_uuid.role_a2a_code_execute_csharp",
            "random_uuid.role_a2a_code_generate_code",
            "random_uuid.role_a2a_code_generate_tests",
            "random_uuid.role_a2a_code_refactor_code",
            "random_uuid.role_a2a_planner_access",
            "random_uuid.role_a2a_planner_assess_complexity",
            "random_uuid.role_a2a_planner_create_plan",
            "random_uuid.role_a2a_planner_orchestrate_workflow",
            "random_uuid.role_a2a_planner_suggest_agents",
            "random_uuid.role_a2a_research_access",
            "random_uuid.role_a2a_research_gather_context",
            "random_uuid.role_a2a_research_get_topic_details",
            "random_uuid.role_a2a_research_search_knowledge",
            "random_uuid.role_a2a_research_suggest_topics",
            "random_uuid.role_a2a_reviewer_access",
            "random_uuid.role_a2a_reviewer_provide_feedback",
            "random_uuid.role_a2a_reviewer_review_code",
            "random_uuid.role_a2a_reviewer_review_plan",
            "random_uuid.role_a2a_reviewer_review_response",
            "random_uuid.role_api_access",
            "random_uuid.role_api_chat_read",
            "random_uuid.role_api_chat_write",
            "random_uuid.role_api_sessions_manage",
            "random_uuid.role_mcp_access",
            "random_uuid.role_mcp_tools_convert_units",
            "random_uuid.role_mcp_tools_get_time",
            "random_uuid.role_mcp_tools_get_weather",
            "random_uuid.scope_access_as_user"
          ]
        }
      ]
    },
    {
      "mode": "managed",
      "type": "azuread_application",
      "name": "web",
      "provider": "provider[\"registry.terraform.io/hashicorp/azuread\"]",
      "instances": [
        {
          "schema_version": 2,
          "attributes": {
            "api": [
              {
                "known_client_applications": [],
                "mapped_claims_enabled": false,
                "oauth2_permission_scope": [],
                "requested_access_token_version": 1
              }
            ],
            "app_role": [],
            "app_role_ids": {},
            "client_id": "24ab0a27-c1bf-4c69-be0e-576e4ff10ed3",
            "description": "",
            "device_only_auth_enabled": false,
            "disabled_by_microsoft": "",
            "display_name": "AspireOllama-Web",
            "fallback_public_client_enabled": false,
            "feature_tags": [
              {
                "custom_single_sign_on": false,
                "enterprise": false,
                "gallery": false,
                "hide": false
              }
            ],
            "group_membership_claims": [],
            "id": "/applications/514e92fb-d268-4d1b-bd1a-5783ffa4ef5a",
            "identifier_uris": [],
            "logo_image": "",
            "logo_url": "",
            "marketing_url": "",
            "notes": "",
            "oauth2_permission_scope_ids": {},
            "oauth2_post_response_required": false,
            "object_id": "514e92fb-d268-4d1b-bd1a-5783ffa4ef5a",
            "optional_claims": [
              {
                "access_token": [],
                "id_token": [],
                "saml2_token": []
              }
            ],
            "owners": [
              "ec1b1e80-f539-47d4-a222-67befd6343b7"
            ],
            "password": [],
            "prevent_duplicate_names": false,
            "privacy_statement_url": "",
            "public_client": [
              {
                "redirect_uris": []
              }
            ],
            "publisher_domain": "Demos26.onmicrosoft.com",
            "required_resource_access": [
              {
                "resource_access": [
                  {
                    "id": "e1fe6dd8-ba31-4d61-89e7-88639da4683d",
                    "type": "Scope"
                  }
                ],
                "resource_app_id": "00000003-0000-0000-c000-000000000000"
              },
              {
                "resource_access": [
                  {
                    "id": "fa0d0f64-3f56-d844-d2d6-09e513364244",
                    "type": "Scope"
                  }
                ],
                "resource_app_id": "c14d26b4-249c-4fb4-99fe-c1e767f5ae2d"
              }
            ],
            "service_management_reference": "",
            "sign_in_audience": "AzureADMyOrg",
            "single_page_application": [
              {
                "redirect_uris": []
              }
            ],
            "support_url": "",
            "tags": [],
            "template_id": "",
            "terms_of_service_url": "",
            "timeouts": null,
            "web": [
              {
                "homepage_url": "",
                "implicit_grant": [
                  {
                    "access_token_issuance_enabled": false,
                    "id_token_issuance_enabled": false
                  }
                ],
                "logout_url": "",
                "redirect_uris": [
                  "https://localhost:7000/signin-oidc"
                ]
              }
            ]
          },
          "sensitive_attributes": [],
          "identity_schema_version": 0,
          "private": "eyJlMmJmYjczMC1lY2FhLTExZTYtOGY4OC0zNDM2M2JjN2M0YzAiOnsiY3JlYXRlIjo2MDAwMDAwMDAwMDAsImRlbGV0ZSI6MzAwMDAwMDAwMDAwLCJyZWFkIjozMDAwMDAwMDAwMDAsInVwZGF0ZSI6NjAwMDAwMDAwMDAwfSwic2NoZW1hX3ZlcnNpb24iOiIyIn0=",
          "dependencies": [
            "azuread_application.api",
            "data.azuread_client_config.current",
            "random_uuid.role_a2a_code_access",
            "random_uuid.role_a2a_code_analyze_code",
            "random_uuid.role_a2a_code_execute_csharp",
            "random_uuid.role_a2a_code_generate_code",
            "random_uuid.role_a2a_code_generate_tests",
            "random_uuid.role_a2a_code_refactor_code",
            "random_uuid.role_a2a_planner_access",
            "random_uuid.role_a2a_planner_assess_complexity",
            "random_uuid.role_a2a_planner_create_plan",
            "random_uuid.role_a2a_planner_orchestrate_workflow",
            "random_uuid.role_a2a_planner_suggest_agents",
            "random_uuid.role_a2a_research_access",
            "random_uuid.role_a2a_research_gather_context",
            "random_uuid.role_a2a_research_get_topic_details",
            "random_uuid.role_a2a_research_search_knowledge",
            "random_uuid.role_a2a_research_suggest_topics",
            "random_uuid.role_a2a_reviewer_access",
            "random_uuid.role_a2a_reviewer_provide_feedback",
            "random_uuid.role_a2a_reviewer_review_code",
            "random_uuid.role_a2a_reviewer_review_plan",
            "random_uuid.role_a2a_reviewer_review_response",
            "random_uuid.role_api_access",
            "random_uuid.role_api_chat_read",
            "random_uuid.role_api_chat_write",
            "random_uuid.role_api_sessions_manage",
            "random_uuid.role_mcp_access",
            "random_uuid.role_mcp_tools_convert_units",
            "random_uuid.role_mcp_tools_get_time",
            "random_uuid.role_mcp_tools_get_weather",
            "random_uuid.scope_access_as_user"
          ]
        }
      ]
    },
    {
      "mode": "managed",
      "type": "azuread_application_identifier_uri",
      "name": "api",
      "provider": "provider[\"registry.terraform.io/hashicorp/azuread\"]",
      "instances": [
        {
          "schema_version": 0,
          "attributes": {
            "application_id": "/applications/8dd16546-8a56-4f8a-b641-4d3c60cd09a7",
            "id": "/applications/8dd16546-8a56-4f8a-b641-4d3c60cd09a7/identifierUris/YXBpOi8vYzE0ZDI2YjQtMjQ5Yy00ZmI0LTk5ZmUtYzFlNzY3ZjVhZTJk",
            "identifier_uri": "api://c14d26b4-249c-4fb4-99fe-c1e767f5ae2d",
            "timeouts": null
          },
          "sensitive_attributes": [],
          "identity_schema_version": 0,
          "private": "eyJlMmJmYjczMC1lY2FhLTExZTYtOGY4OC0zNDM2M2JjN2M0YzAiOnsiY3JlYXRlIjo2MDAwMDAwMDAwMDAsImRlbGV0ZSI6MzAwMDAwMDAwMDAwLCJyZWFkIjozMDAwMDAwMDAwMDB9fQ==",
          "dependencies": [
            "azuread_application.api",
            "data.azuread_client_config.current",
            "random_uuid.role_a2a_code_access",
            "random_uuid.role_a2a_code_analyze_code",
            "random_uuid.role_a2a_code_execute_csharp",
            "random_uuid.role_a2a_code_generate_code",
            "random_uuid.role_a2a_code_generate_tests",
            "random_uuid.role_a2a_code_refactor_code",
            "random_uuid.role_a2a_planner_access",
            "random_uuid.role_a2a_planner_assess_complexity",
            "random_uuid.role_a2a_planner_create_plan",
            "random_uuid.role_a2a_planner_orchestrate_workflow",
            "random_uuid.role_a2a_planner_suggest_agents",
            "random_uuid.role_a2a_research_access",
            "random_uuid.role_a2a_research_gather_context",
            "random_uuid.role_a2a_research_get_topic_details",
            "random_uuid.role_a2a_research_search_knowledge",
            "random_uuid.role_a2a_research_suggest_topics",
            "random_uuid.role_a2a_reviewer_access",
            "random_uuid.role_a2a_reviewer_provide_feedback",
            "random_uuid.role_a2a_reviewer_review_code",
            "random_uuid.role_a2a_reviewer_review_plan",
            "random_uuid.role_a2a_reviewer_review_response",
            "random_uuid.role_api_access",
            "random_uuid.role_api_chat_read",
            "random_uuid.role_api_chat_write",
            "random_uuid.role_api_sessions_manage",
            "random_uuid.role_mcp_access",
            "random_uuid.role_mcp_tools_convert_units",
            "random_uuid.role_mcp_tools_get_time",
            "random_uuid.role_mcp_tools_get_weather",
            "random_uuid.scope_access_as_user"
          ]
        }
      ]
    },
    {
      "mode": "managed",
      "type": "azuread_application_password",
      "name": "api",
      "provider": "provider[\"registry.terraform.io/hashicorp/azuread\"]",
      "instances": [
        {
          "schema_version": 1,
          "attributes": {
            "application_id": "/applications/8dd16546-8a56-4f8a-b641-4d3c60cd09a7",
            "display_name": "AspireOllama API Secret",
            "end_date": "2026-12-31T23:59:59Z",
            "end_date_relative": null,
            "id": "8dd16546-8a56-4f8a-b641-4d3c60cd09a7/password/040ddc39-a712-427d-959b-2d3859f98dfd",
            "key_id": "040ddc39-a712-427d-959b-2d3859f98dfd",
            "rotate_when_changed": null,
            "start_date": "2026-03-17T23:54:24.6223399Z",
            "timeouts": null,
            "value": "JvY8Q~N~XJ_UUWftjBJ24tOqptX654p1eEKBVbIR"
          },
          "sensitive_attributes": [
            [
              {
                "type": "get_attr",
                "value": "value"
              }
            ]
          ],
          "identity_schema_version": 0,
          "private": "eyJlMmJmYjczMC1lY2FhLTExZTYtOGY4OC0zNDM2M2JjN2M0YzAiOnsiY3JlYXRlIjo5MDAwMDAwMDAwMDAsImRlbGV0ZSI6MzAwMDAwMDAwMDAwLCJyZWFkIjozMDAwMDAwMDAwMDAsInVwZGF0ZSI6MzAwMDAwMDAwMDAwfSwic2NoZW1hX3ZlcnNpb24iOiIxIn0=",
          "dependencies": [
            "azuread_application.api",
            "data.azuread_client_config.current",
            "random_uuid.role_a2a_code_access",
            "random_uuid.role_a2a_code_analyze_code",
            "random_uuid.role_a2a_code_execute_csharp",
            "random_uuid.role_a2a_code_generate_code",
            "random_uuid.role_a2a_code_generate_tests",
            "random_uuid.role_a2a_code_refactor_code",
            "random_uuid.role_a2a_planner_access",
            "random_uuid.role_a2a_planner_assess_complexity",
            "random_uuid.role_a2a_planner_create_plan",
            "random_uuid.role_a2a_planner_orchestrate_workflow",
            "random_uuid.role_a2a_planner_suggest_agents",
            "random_uuid.role_a2a_research_access",
            "random_uuid.role_a2a_research_gather_context",
            "random_uuid.role_a2a_research_get_topic_details",
            "random_uuid.role_a2a_research_search_knowledge",
            "random_uuid.role_a2a_research_suggest_topics",
            "random_uuid.role_a2a_reviewer_access",
            "random_uuid.role_a2a_reviewer_provide_feedback",
            "random_uuid.role_a2a_reviewer_review_code",
            "random_uuid.role_a2a_reviewer_review_plan",
            "random_uuid.role_a2a_reviewer_review_response",
            "random_uuid.role_api_access",
            "random_uuid.role_api_chat_read",
            "random_uuid.role_api_chat_write",
            "random_uuid.role_api_sessions_manage",
            "random_uuid.role_mcp_access",
            "random_uuid.role_mcp_tools_convert_units",
            "random_uuid.role_mcp_tools_get_time",
            "random_uuid.role_mcp_tools_get_weather",
            "random_uuid.scope_access_as_user"
          ]
        }
      ]
    },
    {
      "mode": "managed",
      "type": "azuread_application_password",
      "name": "web",
      "provider": "provider[\"registry.terraform.io/hashicorp/azuread\"]",
      "instances": [
        {
          "schema_version": 1,
          "attributes": {
            "application_id": "/applications/514e92fb-d268-4d1b-bd1a-5783ffa4ef5a",
            "display_name": "AspireOllama Web Secret",
            "end_date": "2026-12-31T23:59:59Z",
            "end_date_relative": null,
            "id": "514e92fb-d268-4d1b-bd1a-5783ffa4ef5a/password/40c0eb93-38cf-4be5-82ae-f763747d1e8a",
            "key_id": "40c0eb93-38cf-4be5-82ae-f763747d1e8a",
            "rotate_when_changed": null,
            "start_date": "2026-03-17T23:54:26.4113359Z",
            "timeouts": null,
            "value": "eW~8Q~EWv~c_x3i8H_Lz~UfA3sbnIFM1EuC~1dBk"
          },
          "sensitive_attributes": [
            [
              {
                "type": "get_attr",
                "value": "value"
              }
            ]
          ],
          "identity_schema_version": 0,
          "private": "eyJlMmJmYjczMC1lY2FhLTExZTYtOGY4OC0zNDM2M2JjN2M0YzAiOnsiY3JlYXRlIjo5MDAwMDAwMDAwMDAsImRlbGV0ZSI6MzAwMDAwMDAwMDAwLCJyZWFkIjozMDAwMDAwMDAwMDAsInVwZGF0ZSI6MzAwMDAwMDAwMDAwfSwic2NoZW1hX3ZlcnNpb24iOiIxIn0=",
          "dependencies": [
            "azuread_application.api",
            "azuread_application.web",
            "data.azuread_client_config.current",
            "random_uuid.role_a2a_code_access",
            "random_uuid.role_a2a_code_analyze_code",
            "random_uuid.role_a2a_code_execute_csharp",
            "random_uuid.role_a2a_code_generate_code",
            "random_uuid.role_a2a_code_generate_tests",
            "random_uuid.role_a2a_code_refactor_code",
            "random_uuid.role_a2a_planner_access",
            "random_uuid.role_a2a_planner_assess_complexity",
            "random_uuid.role_a2a_planner_create_plan",
            "random_uuid.role_a2a_planner_orchestrate_workflow",
            "random_uuid.role_a2a_planner_suggest_agents",
            "random_uuid.role_a2a_research_access",
            "random_uuid.role_a2a_research_gather_context",
            "random_uuid.role_a2a_research_get_topic_details",
            "random_uuid.role_a2a_research_search_knowledge",
            "random_uuid.role_a2a_research_suggest_topics",
            "random_uuid.role_a2a_reviewer_access",
            "random_uuid.role_a2a_reviewer_provide_feedback",
            "random_uuid.role_a2a_reviewer_review_code",
            "random_uuid.role_a2a_reviewer_review_plan",
            "random_uuid.role_a2a_reviewer_review_response",
            "random_uuid.role_api_access",
            "random_uuid.role_api_chat_read",
            "random_uuid.role_api_chat_write",
            "random_uuid.role_api_sessions_manage",
            "random_uuid.role_mcp_access",
            "random_uuid.role_mcp_tools_convert_units",
            "random_uuid.role_mcp_tools_get_time",
            "random_uuid.role_mcp_tools_get_weather",
            "random_uuid.scope_access_as_user"
          ]
        }
      ]
    },
    {
      "mode": "managed",
      "type": "azuread_group",
      "name": "admin",
      "provider": "provider[\"registry.terraform.io/hashicorp/azuread\"]",
      "instances": [
        {
          "schema_version": 1,
          "attributes": {
            "administrative_unit_ids": [],
            "assignable_to_role": false,
            "auto_subscribe_new_members": false,
            "behaviors": [],
            "description": "Full access to all 29 app roles",
            "display_name": "AspireOllama - Admin",
            "dynamic_membership": [],
            "external_senders_allowed": false,
            "hide_from_address_lists": false,
            "hide_from_outlook_clients": false,
            "id": "/groups/de33477d-9c81-4bf7-bf84-bed5c232bd71",
            "mail": "",
            "mail_enabled": false,
            "mail_nickname": "17312272-b",
            "members": [
              "ec1b1e80-f539-47d4-a222-67befd6343b7"
            ],
            "object_id": "de33477d-9c81-4bf7-bf84-bed5c232bd71",
            "onpremises_domain_name": "",
            "onpremises_group_type": "",
            "onpremises_netbios_name": "",
            "onpremises_sam_account_name": "",
            "onpremises_security_identifier": "",
            "onpremises_sync_enabled": false,
            "owners": [
              "ec1b1e80-f539-47d4-a222-67befd6343b7"
            ],
            "preferred_language": "",
            "prevent_duplicate_names": false,
            "provisioning_options": [],
            "proxy_addresses": [],
            "security_enabled": true,
            "theme": "",
            "timeouts": null,
            "types": [],
            "visibility": "",
            "writeback_enabled": false
          },
          "sensitive_attributes": [],
          "identity_schema_version": 0,
          "private": "eyJlMmJmYjczMC1lY2FhLTExZTYtOGY4OC0zNDM2M2JjN2M0YzAiOnsiY3JlYXRlIjoxODAwMDAwMDAwMDAwLCJkZWxldGUiOjMwMDAwMDAwMDAwMCwicmVhZCI6MzAwMDAwMDAwMDAwLCJ1cGRhdGUiOjE4MDAwMDAwMDAwMDB9LCJzY2hlbWFfdmVyc2lvbiI6IjEifQ==",
          "dependencies": [
            "data.azuread_client_config.current"
          ]
        }
      ]
    },
    {
      "mode": "managed",
      "type": "azuread_group",
      "name": "power_user",
      "provider": "provider[\"registry.terraform.io/hashicorp/azuread\"]",
      "instances": [
        {
          "schema_version": 1,
          "attributes": {
            "administrative_unit_ids": [],
            "assignable_to_role": false,
            "auto_subscribe_new_members": false,
            "behaviors": [],
            "description": "Standard User access plus all A2A agents",
            "display_name": "AspireOllama - Power User",
            "dynamic_membership": [],
            "external_senders_allowed": false,
            "hide_from_address_lists": false,
            "hide_from_outlook_clients": false,
            "id": "/groups/5b31da38-ccc4-412a-a81b-9d9ad650d7a1",
            "mail": "",
            "mail_enabled": false,
            "mail_nickname": "b314798c-b",
            "members": [],
            "object_id": "5b31da38-ccc4-412a-a81b-9d9ad650d7a1",
            "onpremises_domain_name": "",
            "onpremises_group_type": "",
            "onpremises_netbios_name": "",
            "onpremises_sam_account_name": "",
            "onpremises_security_identifier": "",
            "onpremises_sync_enabled": false,
            "owners": [
              "ec1b1e80-f539-47d4-a222-67befd6343b7"
            ],
            "preferred_language": "",
            "prevent_duplicate_names": false,
            "provisioning_options": [],
            "proxy_addresses": [],
            "security_enabled": true,
            "theme": "",
            "timeouts": null,
            "types": [],
            "visibility": "",
            "writeback_enabled": false
          },
          "sensitive_attributes": [],
          "identity_schema_version": 0,
          "private": "eyJlMmJmYjczMC1lY2FhLTExZTYtOGY4OC0zNDM2M2JjN2M0YzAiOnsiY3JlYXRlIjoxODAwMDAwMDAwMDAwLCJkZWxldGUiOjMwMDAwMDAwMDAwMCwicmVhZCI6MzAwMDAwMDAwMDAwLCJ1cGRhdGUiOjE4MDAwMDAwMDAwMDB9LCJzY2hlbWFfdmVyc2lvbiI6IjEifQ==",
          "dependencies": [
            "data.azuread_client_config.current"
          ]
        }
      ]
    },
    {
      "mode": "managed",
      "type": "azuread_group",
      "name": "standard_user",
      "provider": "provider[\"registry.terraform.io/hashicorp/azuread\"]",
      "instances": [
        {
          "schema_version": 1,
          "attributes": {
            "administrative_unit_ids": [],
            "assignable_to_role": false,
            "auto_subscribe_new_members": false,
            "behaviors": [],
            "description": "Chat, session management, and MCP tools access",
            "display_name": "AspireOllama - Standard User",
            "dynamic_membership": [],
            "external_senders_allowed": false,
            "hide_from_address_lists": false,
            "hide_from_outlook_clients": false,
            "id": "/groups/162da6c3-9589-45fa-bf8d-502b0a78fa1f",
            "mail": "",
            "mail_enabled": false,
            "mail_nickname": "a923c6bf-a",
            "members": [],
            "object_id": "162da6c3-9589-45fa-bf8d-502b0a78fa1f",
            "onpremises_domain_name": "",
            "onpremises_group_type": "",
            "onpremises_netbios_name": "",
            "onpremises_sam_account_name": "",
            "onpremises_security_identifier": "",
            "onpremises_sync_enabled": false,
            "owners": [
              "ec1b1e80-f539-47d4-a222-67befd6343b7"
            ],
            "preferred_language": "",
            "prevent_duplicate_names": false,
            "provisioning_options": [],
            "proxy_addresses": [],
            "security_enabled": true,
            "theme": "",
            "timeouts": null,
            "types": [],
            "visibility": "",
            "writeback_enabled": false
          },
          "sensitive_attributes": [],
          "identity_schema_version": 0,
          "private": "eyJlMmJmYjczMC1lY2FhLTExZTYtOGY4OC0zNDM2M2JjN2M0YzAiOnsiY3JlYXRlIjoxODAwMDAwMDAwMDAwLCJkZWxldGUiOjMwMDAwMDAwMDAwMCwicmVhZCI6MzAwMDAwMDAwMDAwLCJ1cGRhdGUiOjE4MDAwMDAwMDAwMDB9LCJzY2hlbWFfdmVyc2lvbiI6IjEifQ==",
          "dependencies": [
            "data.azuread_client_config.current"
          ]
        }
      ]
    },
    {
      "mode": "managed",
      "type": "azuread_group",
      "name": "viewer",
      "provider": "provider[\"registry.terraform.io/hashicorp/azuread\"]",
      "instances": [
        {
          "schema_version": 1,
          "attributes": {
            "administrative_unit_ids": [],
            "assignable_to_role": false,
            "auto_subscribe_new_members": false,
            "behaviors": [],
            "description": "Read-only access to chat and sessions",
            "display_name": "AspireOllama - Read-Only Viewer",
            "dynamic_membership": [],
            "external_senders_allowed": false,
            "hide_from_address_lists": false,
            "hide_from_outlook_clients": false,
            "id": "/groups/1969ddc4-00be-40b1-bb9f-47485b47c98c",
            "mail": "",
            "mail_enabled": false,
            "mail_nickname": "e984d569-e",
            "members": [],
            "object_id": "1969ddc4-00be-40b1-bb9f-47485b47c98c",
            "onpremises_domain_name": "",
            "onpremises_group_type": "",
            "onpremises_netbios_name": "",
            "onpremises_sam_account_name": "",
            "onpremises_security_identifier": "",
            "onpremises_sync_enabled": false,
            "owners": [
              "ec1b1e80-f539-47d4-a222-67befd6343b7"
            ],
            "preferred_language": "",
            "prevent_duplicate_names": false,
            "provisioning_options": [],
            "proxy_addresses": [],
            "security_enabled": true,
            "theme": "",
            "timeouts": null,
            "types": [],
            "visibility": "",
            "writeback_enabled": false
          },
          "sensitive_attributes": [],
          "identity_schema_version": 0,
          "private": "eyJlMmJmYjczMC1lY2FhLTExZTYtOGY4OC0zNDM2M2JjN2M0YzAiOnsiY3JlYXRlIjoxODAwMDAwMDAwMDAwLCJkZWxldGUiOjMwMDAwMDAwMDAwMCwicmVhZCI6MzAwMDAwMDAwMDAwLCJ1cGRhdGUiOjE4MDAwMDAwMDAwMDB9LCJzY2hlbWFfdmVyc2lvbiI6IjEifQ==",
          "dependencies": [
            "data.azuread_client_config.current"
          ]
        }
      ]
    },
    {
      "mode": "managed",
      "type": "azuread_service_principal",
      "name": "api",
      "provider": "provider[\"registry.terraform.io/hashicorp/azuread\"]",
      "instances": [
        {
          "schema_version": 1,
          "attributes": {
            "account_enabled": true,
            "alternative_names": [],
            "app_role_assignment_required": true,
            "app_role_ids": {
              "A2A.Code.Access": "b33cf18d-62ef-756c-515d-b24eed6f199a",
              "A2A.Code.AnalyzeCode": "1bc3f5e2-2b78-7c38-688a-f5c9e9e06e30",
              "A2A.Code.ExecuteCsharp": "c4c51f77-d77e-b378-5495-1448ae9b91d4",
              "A2A.Code.GenerateCode": "38efa301-a7a1-ee32-e38f-70325c21e247",
              "A2A.Code.GenerateTests": "0ed6d1de-97e8-ff60-00ac-b946cfa339ad",
              "A2A.Code.RefactorCode": "ddd49f4a-4d7e-95b2-75e4-023ee053d976",
              "A2A.Planner.Access": "e1aa72a2-7515-5415-efb2-3719bd935ab7",
              "A2A.Planner.AssessComplexity": "db1d6b46-ed8e-7e43-0690-80ac6b34dc14",
              "A2A.Planner.CreatePlan": "5080f6eb-6c8b-9871-ec81-6284a3c2de82",
              "A2A.Planner.OrchestrateWorkflow": "23105e46-3e1a-3b77-b65f-bae72eb6b062",
              "A2A.Planner.SuggestAgents": "1a51e82c-7262-316a-b579-95e5ae320419",
              "A2A.Research.Access": "088d0e71-b52b-2528-93c7-4fcfc2e1e2c8",
              "A2A.Research.GatherContext": "91cc49f0-a0ac-3883-037a-54973851fe77",
              "A2A.Research.GetTopicDetails": "4fa3fa89-2e8d-8dbb-f10d-28d84757dd2d",
              "A2A.Research.SearchKnowledge": "ad6ee666-2d43-d7ba-d795-2a8b587d10e2",
              "A2A.Research.SuggestTopics": "8a475d47-7ef5-7107-4398-cf59b5e06cbb",
              "A2A.Reviewer.Access": "1a1fc06b-f119-52f1-d287-0b17b58a6608",
              "A2A.Reviewer.ProvideFeedback": "054bb263-15b7-db81-0f1e-976474e95f47",
              "A2A.Reviewer.ReviewCode": "e2a14306-d81f-9b6f-855c-ddadcf6b0f13",
              "A2A.Reviewer.ReviewPlan": "bd77911e-d01f-ba61-38dd-fb0bfc4873b6",
              "A2A.Reviewer.ReviewResponse": "cf7529fe-a006-dd05-01ce-a565d6b16bc5",
              "Api.Access": "d0418bc7-fd96-9610-009b-659010f4473a",
              "Api.Chat.Read": "e61973f6-cfb0-f360-6ca5-78a675a30625",
              "Api.Chat.Write": "7f2d2d0b-54d4-6219-680e-d0ca1634c715",
              "Api.Sessions.Manage": "263d6619-389d-ed00-4216-eea1cb025f14",
              "Mcp.Access": "91026d68-a5de-8944-6574-680dfaa796b3",
              "Mcp.Tools.ConvertUnits": "d4e74e8e-b9f9-e51c-ec43-893f5572f789",
              "Mcp.Tools.GetTime": "2f7f928b-30ee-a271-45d7-6cd8b16b0617",
              "Mcp.Tools.GetWeather": "88d727de-91b4-c2e1-e5e8-f1a3a66491c6"
            },
            "app_roles": [
              {
                "allowed_member_types": [
                  "User"
                ],
                "description": "Send chat messages and call agents",
                "display_name": "Write Chat",
                "enabled": true,
                "id": "7f2d2d0b-54d4-6219-680e-d0ca1634c715",
                "value": "Api.Chat.Write"
              },
              {
                "allowed_member_types": [
                  "User"
                ],
                "description": "Analyze code",
                "display_name": "Analyze Code",
                "enabled": true,
                "id": "1bc3f5e2-2b78-7c38-688a-f5c9e9e06e30",
                "value": "A2A.Code.AnalyzeCode"
              },
              {
                "allowed_member_types": [
                  "User"
                ],
                "description": "Coarse access to Reviewer agent",
                "display_name": "Reviewer Access",
                "enabled": true,
                "id": "1a1fc06b-f119-52f1-d287-0b17b58a6608",
                "value": "A2A.Reviewer.Access"
              },
              {
                "allowed_member_types": [
                  "User"
                ],
                "description": "Review AI responses",
                "display_name": "Review Response",
                "enabled": true,
                "id": "cf7529fe-a006-dd05-01ce-a565d6b16bc5",
                "value": "A2A.Reviewer.ReviewResponse"
              },
              {
                "allowed_member_types": [
                  "User"
                ],
                "description": "Execute C# code",
                "display_name": "Execute C#",
                "enabled": true,
                "id": "c4c51f77-d77e-b378-5495-1448ae9b91d4",
                "value": "A2A.Code.ExecuteCsharp"
              },
              {
                "allowed_member_types": [
                  "User"
                ],
                "description": "Gather research context",
                "display_name": "Gather Context",
                "enabled": true,
                "id": "91cc49f0-a0ac-3883-037a-54973851fe77",
                "value": "A2A.Research.GatherContext"
              },
              {
                "allowed_member_types": [
                  "User"
                ],
                "description": "Generate code",
                "display_name": "Generate Code",
                "enabled": true,
                "id": "38efa301-a7a1-ee32-e38f-70325c21e247",
                "value": "A2A.Code.GenerateCode"
              },
              {
                "allowed_member_types": [
                  "User"
                ],
                "description": "Get agent suggestions for a task",
                "display_name": "Suggest Agents",
                "enabled": true,
                "id": "1a51e82c-7262-316a-b579-95e5ae320419",
                "value": "A2A.Planner.SuggestAgents"
              },
              {
                "allowed_member_types": [
                  "User"
                ],
                "description": "Coarse access to Research agent",
                "display_name": "Research Access",
                "enabled": true,
                "id": "088d0e71-b52b-2528-93c7-4fcfc2e1e2c8",
                "value": "A2A.Research.Access"
              },
              {
                "allowed_member_types": [
                  "User"
                ],
                "description": "Get detailed topic info",
                "display_name": "Get Topic Details",
                "enabled": true,
                "id": "4fa3fa89-2e8d-8dbb-f10d-28d84757dd2d",
                "value": "A2A.Research.GetTopicDetails"
              },
              {
                "allowed_member_types": [
                  "User"
                ],
                "description": "Create and delete chat sessions",
                "display_name": "Manage Sessions",
                "enabled": true,
                "id": "263d6619-389d-ed00-4216-eea1cb025f14",
                "value": "Api.Sessions.Manage"
              },
              {
                "allowed_member_types": [
                  "User"
                ],
                "description": "Coarse access to MCP tools",
                "display_name": "MCP Access",
                "enabled": true,
                "id": "91026d68-a5de-8944-6574-680dfaa796b3",
                "value": "Mcp.Access"
              },
              {
                "allowed_member_types": [
                  "User"
                ],
                "description": "Assess task complexity",
                "display_name": "Assess Complexity",
                "enabled": true,
                "id": "db1d6b46-ed8e-7e43-0690-80ac6b34dc14",
                "value": "A2A.Planner.AssessComplexity"
              },
              {
                "allowed_member_types": [
                  "User"
                ],
                "description": "Use the unit conversion tool",
                "display_name": "Convert Units",
                "enabled": true,
                "id": "d4e74e8e-b9f9-e51c-ec43-893f5572f789",
                "value": "Mcp.Tools.ConvertUnits"
              },
              {
                "allowed_member_types": [
                  "User"
                ],
                "description": "Get topic suggestions",
                "display_name": "Suggest Topics",
                "enabled": true,
                "id": "8a475d47-7ef5-7107-4398-cf59b5e06cbb",
                "value": "A2A.Research.SuggestTopics"
              },
              {
                "allowed_member_types": [
                  "User"
                ],
                "description": "Run multi-agent workflows",
                "display_name": "Orchestrate Workflow",
                "enabled": true,
                "id": "23105e46-3e1a-3b77-b65f-bae72eb6b062",
                "value": "A2A.Planner.OrchestrateWorkflow"
              },
              {
                "allowed_member_types": [
                  "User"
                ],
                "description": "Read chat messages and session history",
                "display_name": "Read Chat",
                "enabled": true,
                "id": "e61973f6-cfb0-f360-6ca5-78a675a30625",
                "value": "Api.Chat.Read"
              },
              {
                "allowed_member_types": [
                  "User"
                ],
                "description": "Review plans",
                "display_name": "Review Plan",
                "enabled": true,
                "id": "bd77911e-d01f-ba61-38dd-fb0bfc4873b6",
                "value": "A2A.Reviewer.ReviewPlan"
              },
              {
                "allowed_member_types": [
                  "User"
                ],
                "description": "Coarse access to Code agent",
                "display_name": "Code Access",
                "enabled": true,
                "id": "b33cf18d-62ef-756c-515d-b24eed6f199a",
                "value": "A2A.Code.Access"
              },
              {
                "allowed_member_types": [
                  "User"
                ],
                "description": "Generate test code",
                "display_name": "Generate Tests",
                "enabled": true,
                "id": "0ed6d1de-97e8-ff60-00ac-b946cfa339ad",
                "value": "A2A.Code.GenerateTests"
              },
              {
                "allowed_member_types": [
                  "User"
                ],
                "description": "Use the time tool",
                "display_name": "Get Time",
                "enabled": true,
                "id": "2f7f928b-30ee-a271-45d7-6cd8b16b0617",
                "value": "Mcp.Tools.GetTime"
              },
              {
                "allowed_member_types": [
                  "User"
                ],
                "description": "Coarse access to the API Service",
                "display_name": "API Access",
                "enabled": true,
                "id": "d0418bc7-fd96-9610-009b-659010f4473a",
                "value": "Api.Access"
              },
              {
                "allowed_member_types": [
                  "User"
                ],
                "description": "Create task plans",
                "display_name": "Create Plan",
                "enabled": true,
                "id": "5080f6eb-6c8b-9871-ec81-6284a3c2de82",
                "value": "A2A.Planner.CreatePlan"
              },
              {
                "allowed_member_types": [
                  "User"
                ],
                "description": "Coarse access to Planner agent",
                "display_name": "Planner Access",
                "enabled": true,
                "id": "e1aa72a2-7515-5415-efb2-3719bd935ab7",
                "value": "A2A.Planner.Access"
              },
              {
                "allowed_member_types": [
                  "User"
                ],
                "description": "Refactor code",
                "display_name": "Refactor Code",
                "enabled": true,
                "id": "ddd49f4a-4d7e-95b2-75e4-023ee053d976",
                "value": "A2A.Code.RefactorCode"
              },
              {
                "allowed_member_types": [
                  "User"
                ],
                "description": "Search knowledge base",
                "display_name": "Search Knowledge",
                "enabled": true,
                "id": "ad6ee666-2d43-d7ba-d795-2a8b587d10e2",
                "value": "A2A.Research.SearchKnowledge"
              },
              {
                "allowed_member_types": [
                  "User"
                ],
                "description": "Get review feedback",
                "display_name": "Provide Feedback",
                "enabled": true,
                "id": "054bb263-15b7-db81-0f1e-976474e95f47",
                "value": "A2A.Reviewer.ProvideFeedback"
              },
              {
                "allowed_member_types": [
                  "User"
                ],
                "description": "Review code",
                "display_name": "Review Code",
                "enabled": true,
                "id": "e2a14306-d81f-9b6f-855c-ddadcf6b0f13",
                "value": "A2A.Reviewer.ReviewCode"
              },
              {
                "allowed_member_types": [
                  "User"
                ],
                "description": "Use the weather tool",
                "display_name": "Get Weather",
                "enabled": true,
                "id": "88d727de-91b4-c2e1-e5e8-f1a3a66491c6",
                "value": "Mcp.Tools.GetWeather"
              }
            ],
            "application_tenant_id": "5066f1ae-2daf-414a-bca8-a47755920999",
            "client_id": "c14d26b4-249c-4fb4-99fe-c1e767f5ae2d",
            "description": "",
            "display_name": "AspireOllama",
            "feature_tags": [
              {
                "custom_single_sign_on": false,
                "enterprise": true,
                "gallery": false,
                "hide": false
              }
            ],
            "features": [
              {
                "custom_single_sign_on_app": false,
                "enterprise_application": true,
                "gallery_application": false,
                "visible_to_users": true
              }
            ],
            "homepage_url": "",
            "id": "/servicePrincipals/2eb9cb9f-e465-4521-8334-bb4caf298752",
            "login_url": "",
            "logout_url": "",
            "notes": "",
            "notification_email_addresses": [],
            "oauth2_permission_scope_ids": {
              "access_as_user": "fa0d0f64-3f56-d844-d2d6-09e513364244"
            },
            "oauth2_permission_scopes": [
              {
                "admin_consent_description": "Allows the app to access AspireOllama APIs on behalf of the signed-in user",
                "admin_consent_display_name": "Access AspireOllama as signed-in user",
                "enabled": true,
                "id": "fa0d0f64-3f56-d844-d2d6-09e513364244",
                "type": "Admin",
                "user_consent_description": "",
                "user_consent_display_name": "",
                "value": "access_as_user"
              }
            ],
            "object_id": "2eb9cb9f-e465-4521-8334-bb4caf298752",
            "owners": [
              "ec1b1e80-f539-47d4-a222-67befd6343b7"
            ],
            "preferred_single_sign_on_mode": "",
            "redirect_uris": [],
            "saml_metadata_url": "",
            "saml_single_sign_on": [
              {
                "relay_state": ""
              }
            ],
            "service_principal_names": [
              "api://c14d26b4-249c-4fb4-99fe-c1e767f5ae2d"
            ],
            "sign_in_audience": "AzureADMyOrg",
            "tags": [
              "WindowsAzureActiveDirectoryIntegratedApp"
            ],
            "timeouts": null,
            "type": "Application",
            "use_existing": null
          },
          "sensitive_attributes": [],
          "identity_schema_version": 0,
          "private": "eyJlMmJmYjczMC1lY2FhLTExZTYtOGY4OC0zNDM2M2JjN2M0YzAiOnsiY3JlYXRlIjo2MDAwMDAwMDAwMDAsImRlbGV0ZSI6MzAwMDAwMDAwMDAwLCJyZWFkIjozMDAwMDAwMDAwMDAsInVwZGF0ZSI6NjAwMDAwMDAwMDAwfSwic2NoZW1hX3ZlcnNpb24iOiIxIn0=",
          "dependencies": [
            "azuread_application.api",
            "data.azuread_client_config.current",
            "random_uuid.role_a2a_code_access",
            "random_uuid.role_a2a_code_analyze_code",
            "random_uuid.role_a2a_code_execute_csharp",
            "random_uuid.role_a2a_code_generate_code",
            "random_uuid.role_a2a_code_generate_tests",
            "random_uuid.role_a2a_code_refactor_code",
            "random_uuid.role_a2a_planner_access",
            "random_uuid.role_a2a_planner_assess_complexity",
            "random_uuid.role_a2a_planner_create_plan",
            "random_uuid.role_a2a_planner_orchestrate_workflow",
            "random_uuid.role_a2a_planner_suggest_agents",
            "random_uuid.role_a2a_research_access",
            "random_uuid.role_a2a_research_gather_context",
            "random_uuid.role_a2a_research_get_topic_details",
            "random_uuid.role_a2a_research_search_knowledge",
            "random_uuid.role_a2a_research_suggest_topics",
            "random_uuid.role_a2a_reviewer_access",
            "random_uuid.role_a2a_reviewer_provide_feedback",
            "random_uuid.role_a2a_reviewer_review_code",
            "random_uuid.role_a2a_reviewer_review_plan",
            "random_uuid.role_a2a_reviewer_review_response",
            "random_uuid.role_api_access",
            "random_uuid.role_api_chat_read",
            "random_uuid.role_api_chat_write",
            "random_uuid.role_api_sessions_manage",
            "random_uuid.role_mcp_access",
            "random_uuid.role_mcp_tools_convert_units",
            "random_uuid.role_mcp_tools_get_time",
            "random_uuid.role_mcp_tools_get_weather",
            "random_uuid.scope_access_as_user"
          ]
        }
      ]
    },
    {
      "mode": "managed",
      "type": "azuread_service_principal",
      "name": "web",
      "provider": "provider[\"registry.terraform.io/hashicorp/azuread\"]",
      "instances": [
        {
          "schema_version": 1,
          "attributes": {
            "account_enabled": true,
            "alternative_names": [],
            "app_role_assignment_required": true,
            "app_role_ids": {},
            "app_roles": [],
            "application_tenant_id": "5066f1ae-2daf-414a-bca8-a47755920999",
            "client_id": "24ab0a27-c1bf-4c69-be0e-576e4ff10ed3",
            "description": "",
            "display_name": "AspireOllama-Web",
            "feature_tags": [
              {
                "custom_single_sign_on": false,
                "enterprise": true,
                "gallery": false,
                "hide": false
              }
            ],
            "features": [
              {
                "custom_single_sign_on_app": false,
                "enterprise_application": true,
                "gallery_application": false,
                "visible_to_users": true
              }
            ],
            "homepage_url": "",
            "id": "/servicePrincipals/f97e0f32-4815-4d48-a362-69382e6d25b7",
            "login_url": "",
            "logout_url": "",
            "notes": "",
            "notification_email_addresses": [],
            "oauth2_permission_scope_ids": {},
            "oauth2_permission_scopes": [],
            "object_id": "f97e0f32-4815-4d48-a362-69382e6d25b7",
            "owners": [
              "ec1b1e80-f539-47d4-a222-67befd6343b7"
            ],
            "preferred_single_sign_on_mode": "",
            "redirect_uris": [
              "https://localhost:7000/signin-oidc"
            ],
            "saml_metadata_url": "",
            "saml_single_sign_on": [
              {
                "relay_state": ""
              }
            ],
            "service_principal_names": [],
            "sign_in_audience": "AzureADMyOrg",
            "tags": [
              "WindowsAzureActiveDirectoryIntegratedApp"
            ],
            "timeouts": null,
            "type": "Application",
            "use_existing": null
          },
          "sensitive_attributes": [],
          "identity_schema_version": 0,
          "private": "eyJlMmJmYjczMC1lY2FhLTExZTYtOGY4OC0zNDM2M2JjN2M0YzAiOnsiY3JlYXRlIjo2MDAwMDAwMDAwMDAsImRlbGV0ZSI6MzAwMDAwMDAwMDAwLCJyZWFkIjozMDAwMDAwMDAwMDAsInVwZGF0ZSI6NjAwMDAwMDAwMDAwfSwic2NoZW1hX3ZlcnNpb24iOiIxIn0=",
          "dependencies": [
            "azuread_application.api",
            "azuread_application.web",
            "data.azuread_client_config.current",
            "random_uuid.role_a2a_code_access",
            "random_uuid.role_a2a_code_analyze_code",
            "random_uuid.role_a2a_code_execute_csharp",
            "random_uuid.role_a2a_code_generate_code",
            "random_uuid.role_a2a_code_generate_tests",
            "random_uuid.role_a2a_code_refactor_code",
            "random_uuid.role_a2a_planner_access",
            "random_uuid.role_a2a_planner_assess_complexity",
            "random_uuid.role_a2a_planner_create_plan",
            "random_uuid.role_a2a_planner_orchestrate_workflow",
            "random_uuid.role_a2a_planner_suggest_agents",
            "random_uuid.role_a2a_research_access",
            "random_uuid.role_a2a_research_gather_context",
            "random_uuid.role_a2a_research_get_topic_details",
            "random_uuid.role_a2a_research_search_knowledge",
            "random_uuid.role_a2a_research_suggest_topics",
            "random_uuid.role_a2a_reviewer_access",
            "random_uuid.role_a2a_reviewer_provide_feedback",
            "random_uuid.role_a2a_reviewer_review_code",
            "random_uuid.role_a2a_reviewer_review_plan",
            "random_uuid.role_a2a_reviewer_review_response",
            "random_uuid.role_api_access",
            "random_uuid.role_api_chat_read",
            "random_uuid.role_api_chat_write",
            "random_uuid.role_api_sessions_manage",
            "random_uuid.role_mcp_access",
            "random_uuid.role_mcp_tools_convert_units",
            "random_uuid.role_mcp_tools_get_time",
            "random_uuid.role_mcp_tools_get_weather",
            "random_uuid.scope_access_as_user"
          ]
        }
      ]
    },
    {
      "mode": "managed",
      "type": "azuread_service_principal_delegated_permission_grant",
      "name": "web_to_api",
      "provider": "provider[\"registry.terraform.io/hashicorp/azuread\"]",
      "instances": [
        {
          "schema_version": 1,
          "attributes": {
            "claim_values": [
              "access_as_user"
            ],
            "id": "/oauth2PermissionGrants/Mg9--RVISE2jYmk4Lm0lt5_LuS5l5CFFgzS7TK8ph1I",
            "resource_service_principal_object_id": "2eb9cb9f-e465-4521-8334-bb4caf298752",
            "service_principal_object_id": "f97e0f32-4815-4d48-a362-69382e6d25b7",
            "timeouts": null,
            "user_object_id": ""
          },
          "sensitive_attributes": [],
          "identity_schema_version": 0,
          "private": "eyJlMmJmYjczMC1lY2FhLTExZTYtOGY4OC0zNDM2M2JjN2M0YzAiOnsiY3JlYXRlIjozMDAwMDAwMDAwMDAsImRlbGV0ZSI6MzAwMDAwMDAwMDAwLCJyZWFkIjozMDAwMDAwMDAwMDAsInVwZGF0ZSI6MzAwMDAwMDAwMDAwfSwic2NoZW1hX3ZlcnNpb24iOiIxIn0=",
          "dependencies": [
            "azuread_application.api",
            "azuread_application.web",
            "azuread_service_principal.api",
            "azuread_service_principal.web",
            "data.azuread_client_config.current",
            "random_uuid.role_a2a_code_access",
            "random_uuid.role_a2a_code_analyze_code",
            "random_uuid.role_a2a_code_execute_csharp",
            "random_uuid.role_a2a_code_generate_code",
            "random_uuid.role_a2a_code_generate_tests",
            "random_uuid.role_a2a_code_refactor_code",
            "random_uuid.role_a2a_planner_access",
            "random_uuid.role_a2a_planner_assess_complexity",
            "random_uuid.role_a2a_planner_create_plan",
            "random_uuid.role_a2a_planner_orchestrate_workflow",
            "random_uuid.role_a2a_planner_suggest_agents",
            "random_uuid.role_a2a_research_access",
            "random_uuid.role_a2a_research_gather_context",
            "random_uuid.role_a2a_research_get_topic_details",
            "random_uuid.role_a2a_research_search_knowledge",
            "random_uuid.role_a2a_research_suggest_topics",
            "random_uuid.role_a2a_reviewer_access",
            "random_uuid.role_a2a_reviewer_provide_feedback",
            "random_uuid.role_a2a_reviewer_review_code",
            "random_uuid.role_a2a_reviewer_review_plan",
            "random_uuid.role_a2a_reviewer_review_response",
            "random_uuid.role_api_access",
            "random_uuid.role_api_chat_read",
            "random_uuid.role_api_chat_write",
            "random_uuid.role_api_sessions_manage",
            "random_uuid.role_mcp_access",
            "random_uuid.role_mcp_tools_convert_units",
            "random_uuid.role_mcp_tools_get_time",
            "random_uuid.role_mcp_tools_get_weather",
            "random_uuid.scope_access_as_user"
          ]
        }
      ]
    },
    {
      "mode": "managed",
      "type": "local_sensitive_file",
      "name": "backend_secrets",
      "provider": "provider[\"registry.terraform.io/hashicorp/local\"]",
      "instances": [
        {
          "index_key": "api",
          "schema_version": 0,
          "attributes": {
            "content": "{\"AzureAd\":{\"Audience\":\"api://c14d26b4-249c-4fb4-99fe-c1e767f5ae2d\",\"ClientId\":\"c14d26b4-249c-4fb4-99fe-c1e767f5ae2d\",\"ClientSecret\":\"JvY8Q~N~XJ_UUWftjBJ24tOqptX654p1eEKBVbIR\",\"Instance\":\"https://login.microsoftonline.com/\",\"TenantId\":\"5066f1ae-2daf-414a-bca8-a47755920999\"},\"Gateway\":{\"SharedSecret\":\"QcBt96o7i3IseHgY65mWLGmBnMJmOru3POj73jnMxSSu\"}}",
            "content_base64": null,
            "content_base64sha256": "yKnw9ca6Jt7NIf6zkGRvgIU45euOVteS34LQcvbY/Jk=",
            "content_base64sha512": "9SXUAWy4XEFvc2F4g2dZ6hMxRolpuVqN6ko9p8WZkBxHH0dAUWEy4YGrdT54rGRb4G24br+IgxIb2oNBOCSkDw==",
            "content_md5": "b9e36a92e65d8aa0ef0079b78d79e2aa",
            "content_sha1": "df44d06b21428c7030a87d939b4ce9a53c01f675",
            "content_sha256": "c8a9f0f5c6ba26decd21feb390646f808538e5eb8e56d792df82d072f6d8fc99",
            "content_sha512": "f525d4016cb85c416f736178836759ea1331468969b95a8dea4a3da7c599901c471f4740516132e181ab753e78ac645be06db86ebf8883121bda83413824a40f",
            "directory_permission": "0700",
            "file_permission": "0700",
            "filename": "../../AspireOllama.ApiService/appsettings.Secrets.json",
            "id": "df44d06b21428c7030a87d939b4ce9a53c01f675",
            "source": null
          },
          "sensitive_attributes": [
            [
              {
                "type": "get_attr",
                "value": "content"
              }
            ],
            [
              {
                "type": "get_attr",
                "value": "content_base64"
              }
            ]
          ],
          "identity_schema_version": 0,
          "dependencies": [
            "azuread_application.api",
            "azuread_application_password.api",
            "data.azuread_client_config.current",
            "random_password.gateway_shared_secret",
            "random_uuid.role_a2a_code_access",
            "random_uuid.role_a2a_code_analyze_code",
            "random_uuid.role_a2a_code_execute_csharp",
            "random_uuid.role_a2a_code_generate_code",
            "random_uuid.role_a2a_code_generate_tests",
            "random_uuid.role_a2a_code_refactor_code",
            "random_uuid.role_a2a_planner_access",
            "random_uuid.role_a2a_planner_assess_complexity",
            "random_uuid.role_a2a_planner_create_plan",
            "random_uuid.role_a2a_planner_orchestrate_workflow",
            "random_uuid.role_a2a_planner_suggest_agents",
            "random_uuid.role_a2a_research_access",
            "random_uuid.role_a2a_research_gather_context",
            "random_uuid.role_a2a_research_get_topic_details",
            "random_uuid.role_a2a_research_search_knowledge",
            "random_uuid.role_a2a_research_suggest_topics",
            "random_uuid.role_a2a_reviewer_access",
            "random_uuid.role_a2a_reviewer_provide_feedback",
            "random_uuid.role_a2a_reviewer_review_code",
            "random_uuid.role_a2a_reviewer_review_plan",
            "random_uuid.role_a2a_reviewer_review_response",
            "random_uuid.role_api_access",
            "random_uuid.role_api_chat_read",
            "random_uuid.role_api_chat_write",
            "random_uuid.role_api_sessions_manage",
            "random_uuid.role_mcp_access",
            "random_uuid.role_mcp_tools_convert_units",
            "random_uuid.role_mcp_tools_get_time",
            "random_uuid.role_mcp_tools_get_weather",
            "random_uuid.scope_access_as_user"
          ]
        },
        {
          "index_key": "code",
          "schema_version": 0,
          "attributes": {
            "content": "{\"AzureAd\":{\"Audience\":\"api://c14d26b4-249c-4fb4-99fe-c1e767f5ae2d\",\"ClientId\":\"c14d26b4-249c-4fb4-99fe-c1e767f5ae2d\",\"ClientSecret\":\"JvY8Q~N~XJ_UUWftjBJ24tOqptX654p1eEKBVbIR\",\"Instance\":\"https://login.microsoftonline.com/\",\"TenantId\":\"5066f1ae-2daf-414a-bca8-a47755920999\"},\"Gateway\":{\"SharedSecret\":\"QcBt96o7i3IseHgY65mWLGmBnMJmOru3POj73jnMxSSu\"}}",
            "content_base64": null,
            "content_base64sha256": "yKnw9ca6Jt7NIf6zkGRvgIU45euOVteS34LQcvbY/Jk=",
            "content_base64sha512": "9SXUAWy4XEFvc2F4g2dZ6hMxRolpuVqN6ko9p8WZkBxHH0dAUWEy4YGrdT54rGRb4G24br+IgxIb2oNBOCSkDw==",
            "content_md5": "b9e36a92e65d8aa0ef0079b78d79e2aa",
            "content_sha1": "df44d06b21428c7030a87d939b4ce9a53c01f675",
            "content_sha256": "c8a9f0f5c6ba26decd21feb390646f808538e5eb8e56d792df82d072f6d8fc99",
            "content_sha512": "f525d4016cb85c416f736178836759ea1331468969b95a8dea4a3da7c599901c471f4740516132e181ab753e78ac645be06db86ebf8883121bda83413824a40f",
            "directory_permission": "0700",
            "file_permission": "0700",
            "filename": "../../A2A/AspireOllama.A2A.CodeAgent/appsettings.Secrets.json",
            "id": "df44d06b21428c7030a87d939b4ce9a53c01f675",
            "source": null
          },
          "sensitive_attributes": [
            [
              {
                "type": "get_attr",
                "value": "content"
              }
            ],
            [
              {
                "type": "get_attr",
                "value": "content_base64"
              }
            ]
          ],
          "identity_schema_version": 0,
          "dependencies": [
            "azuread_application.api",
            "azuread_application_password.api",
            "data.azuread_client_config.current",
            "random_password.gateway_shared_secret",
            "random_uuid.role_a2a_code_access",
            "random_uuid.role_a2a_code_analyze_code",
            "random_uuid.role_a2a_code_execute_csharp",
            "random_uuid.role_a2a_code_generate_code",
            "random_uuid.role_a2a_code_generate_tests",
            "random_uuid.role_a2a_code_refactor_code",
            "random_uuid.role_a2a_planner_access",
            "random_uuid.role_a2a_planner_assess_complexity",
            "random_uuid.role_a2a_planner_create_plan",
            "random_uuid.role_a2a_planner_orchestrate_workflow",
            "random_uuid.role_a2a_planner_suggest_agents",
            "random_uuid.role_a2a_research_access",
            "random_uuid.role_a2a_research_gather_context",
            "random_uuid.role_a2a_research_get_topic_details",
            "random_uuid.role_a2a_research_search_knowledge",
            "random_uuid.role_a2a_research_suggest_topics",
            "random_uuid.role_a2a_reviewer_access",
            "random_uuid.role_a2a_reviewer_provide_feedback",
            "random_uuid.role_a2a_reviewer_review_code",
            "random_uuid.role_a2a_reviewer_review_plan",
            "random_uuid.role_a2a_reviewer_review_response",
            "random_uuid.role_api_access",
            "random_uuid.role_api_chat_read",
            "random_uuid.role_api_chat_write",
            "random_uuid.role_api_sessions_manage",
            "random_uuid.role_mcp_access",
            "random_uuid.role_mcp_tools_convert_units",
            "random_uuid.role_mcp_tools_get_time",
            "random_uuid.role_mcp_tools_get_weather",
            "random_uuid.scope_access_as_user"
          ]
        },
        {
          "index_key": "gateway",
          "schema_version": 0,
          "attributes": {
            "content": "{\"AzureAd\":{\"Audience\":\"api://c14d26b4-249c-4fb4-99fe-c1e767f5ae2d\",\"ClientId\":\"c14d26b4-249c-4fb4-99fe-c1e767f5ae2d\",\"ClientSecret\":\"JvY8Q~N~XJ_UUWftjBJ24tOqptX654p1eEKBVbIR\",\"Instance\":\"https://login.microsoftonline.com/\",\"TenantId\":\"5066f1ae-2daf-414a-bca8-a47755920999\"},\"Gateway\":{\"SharedSecret\":\"QcBt96o7i3IseHgY65mWLGmBnMJmOru3POj73jnMxSSu\"}}",
            "content_base64": null,
            "content_base64sha256": "yKnw9ca6Jt7NIf6zkGRvgIU45euOVteS34LQcvbY/Jk=",
            "content_base64sha512": "9SXUAWy4XEFvc2F4g2dZ6hMxRolpuVqN6ko9p8WZkBxHH0dAUWEy4YGrdT54rGRb4G24br+IgxIb2oNBOCSkDw==",
            "content_md5": "b9e36a92e65d8aa0ef0079b78d79e2aa",
            "content_sha1": "df44d06b21428c7030a87d939b4ce9a53c01f675",
            "content_sha256": "c8a9f0f5c6ba26decd21feb390646f808538e5eb8e56d792df82d072f6d8fc99",
            "content_sha512": "f525d4016cb85c416f736178836759ea1331468969b95a8dea4a3da7c599901c471f4740516132e181ab753e78ac645be06db86ebf8883121bda83413824a40f",
            "directory_permission": "0700",
            "file_permission": "0700",
            "filename": "../../AspireOllama.Gateway/appsettings.Secrets.json",
            "id": "df44d06b21428c7030a87d939b4ce9a53c01f675",
            "source": null
          },
          "sensitive_attributes": [
            [
              {
                "type": "get_attr",
                "value": "content"
              }
            ],
            [
              {
                "type": "get_attr",
                "value": "content_base64"
              }
            ]
          ],
          "identity_schema_version": 0,
          "dependencies": [
            "azuread_application.api",
            "azuread_application_password.api",
            "data.azuread_client_config.current",
            "random_password.gateway_shared_secret",
            "random_uuid.role_a2a_code_access",
            "random_uuid.role_a2a_code_analyze_code",
            "random_uuid.role_a2a_code_execute_csharp",
            "random_uuid.role_a2a_code_generate_code",
            "random_uuid.role_a2a_code_generate_tests",
            "random_uuid.role_a2a_code_refactor_code",
            "random_uuid.role_a2a_planner_access",
            "random_uuid.role_a2a_planner_assess_complexity",
            "random_uuid.role_a2a_planner_create_plan",
            "random_uuid.role_a2a_planner_orchestrate_workflow",
            "random_uuid.role_a2a_planner_suggest_agents",
            "random_uuid.role_a2a_research_access",
            "random_uuid.role_a2a_research_gather_context",
            "random_uuid.role_a2a_research_get_topic_details",
            "random_uuid.role_a2a_research_search_knowledge",
            "random_uuid.role_a2a_research_suggest_topics",
            "random_uuid.role_a2a_reviewer_access",
            "random_uuid.role_a2a_reviewer_provide_feedback",
            "random_uuid.role_a2a_reviewer_review_code",
            "random_uuid.role_a2a_reviewer_review_plan",
            "random_uuid.role_a2a_reviewer_review_response",
            "random_uuid.role_api_access",
            "random_uuid.role_api_chat_read",
            "random_uuid.role_api_chat_write",
            "random_uuid.role_api_sessions_manage",
            "random_uuid.role_mcp_access",
            "random_uuid.role_mcp_tools_convert_units",
            "random_uuid.role_mcp_tools_get_time",
            "random_uuid.role_mcp_tools_get_weather",
            "random_uuid.scope_access_as_user"
          ]
        },
        {
          "index_key": "mcp",
          "schema_version": 0,
          "attributes": {
            "content": "{\"AzureAd\":{\"Audience\":\"api://c14d26b4-249c-4fb4-99fe-c1e767f5ae2d\",\"ClientId\":\"c14d26b4-249c-4fb4-99fe-c1e767f5ae2d\",\"ClientSecret\":\"JvY8Q~N~XJ_UUWftjBJ24tOqptX654p1eEKBVbIR\",\"Instance\":\"https://login.microsoftonline.com/\",\"TenantId\":\"5066f1ae-2daf-414a-bca8-a47755920999\"},\"Gateway\":{\"SharedSecret\":\"QcBt96o7i3IseHgY65mWLGmBnMJmOru3POj73jnMxSSu\"}}",
            "content_base64": null,
            "content_base64sha256": "yKnw9ca6Jt7NIf6zkGRvgIU45euOVteS34LQcvbY/Jk=",
            "content_base64sha512": "9SXUAWy4XEFvc2F4g2dZ6hMxRolpuVqN6ko9p8WZkBxHH0dAUWEy4YGrdT54rGRb4G24br+IgxIb2oNBOCSkDw==",
            "content_md5": "b9e36a92e65d8aa0ef0079b78d79e2aa",
            "content_sha1": "df44d06b21428c7030a87d939b4ce9a53c01f675",
            "content_sha256": "c8a9f0f5c6ba26decd21feb390646f808538e5eb8e56d792df82d072f6d8fc99",
            "content_sha512": "f525d4016cb85c416f736178836759ea1331468969b95a8dea4a3da7c599901c471f4740516132e181ab753e78ac645be06db86ebf8883121bda83413824a40f",
            "directory_permission": "0700",
            "file_permission": "0700",
            "filename": "../../AspireOllama.McpServer/appsettings.Secrets.json",
            "id": "df44d06b21428c7030a87d939b4ce9a53c01f675",
            "source": null
          },
          "sensitive_attributes": [
            [
              {
                "type": "get_attr",
                "value": "content"
              }
            ],
            [
              {
                "type": "get_attr",
                "value": "content_base64"
              }
            ]
          ],
          "identity_schema_version": 0,
          "dependencies": [
            "azuread_application.api",
            "azuread_application_password.api",
            "data.azuread_client_config.current",
            "random_password.gateway_shared_secret",
            "random_uuid.role_a2a_code_access",
            "random_uuid.role_a2a_code_analyze_code",
            "random_uuid.role_a2a_code_execute_csharp",
            "random_uuid.role_a2a_code_generate_code",
            "random_uuid.role_a2a_code_generate_tests",
            "random_uuid.role_a2a_code_refactor_code",
            "random_uuid.role_a2a_planner_access",
            "random_uuid.role_a2a_planner_assess_complexity",
            "random_uuid.role_a2a_planner_create_plan",
            "random_uuid.role_a2a_planner_orchestrate_workflow",
            "random_uuid.role_a2a_planner_suggest_agents",
            "random_uuid.role_a2a_research_access",
            "random_uuid.role_a2a_research_gather_context",
            "random_uuid.role_a2a_research_get_topic_details",
            "random_uuid.role_a2a_research_search_knowledge",
            "random_uuid.role_a2a_research_suggest_topics",
            "random_uuid.role_a2a_reviewer_access",
            "random_uuid.role_a2a_reviewer_provide_feedback",
            "random_uuid.role_a2a_reviewer_review_code",
            "random_uuid.role_a2a_reviewer_review_plan",
            "random_uuid.role_a2a_reviewer_review_response",
            "random_uuid.role_api_access",
            "random_uuid.role_api_chat_read",
            "random_uuid.role_api_chat_write",
            "random_uuid.role_api_sessions_manage",
            "random_uuid.role_mcp_access",
            "random_uuid.role_mcp_tools_convert_units",
            "random_uuid.role_mcp_tools_get_time",
            "random_uuid.role_mcp_tools_get_weather",
            "random_uuid.scope_access_as_user"
          ]
        },
        {
          "index_key": "planner",
          "schema_version": 0,
          "attributes": {
            "content": "{\"AzureAd\":{\"Audience\":\"api://c14d26b4-249c-4fb4-99fe-c1e767f5ae2d\",\"ClientId\":\"c14d26b4-249c-4fb4-99fe-c1e767f5ae2d\",\"ClientSecret\":\"JvY8Q~N~XJ_UUWftjBJ24tOqptX654p1eEKBVbIR\",\"Instance\":\"https://login.microsoftonline.com/\",\"TenantId\":\"5066f1ae-2daf-414a-bca8-a47755920999\"},\"Gateway\":{\"SharedSecret\":\"QcBt96o7i3IseHgY65mWLGmBnMJmOru3POj73jnMxSSu\"}}",
            "content_base64": null,
            "content_base64sha256": "yKnw9ca6Jt7NIf6zkGRvgIU45euOVteS34LQcvbY/Jk=",
            "content_base64sha512": "9SXUAWy4XEFvc2F4g2dZ6hMxRolpuVqN6ko9p8WZkBxHH0dAUWEy4YGrdT54rGRb4G24br+IgxIb2oNBOCSkDw==",
            "content_md5": "b9e36a92e65d8aa0ef0079b78d79e2aa",
            "content_sha1": "df44d06b21428c7030a87d939b4ce9a53c01f675",
            "content_sha256": "c8a9f0f5c6ba26decd21feb390646f808538e5eb8e56d792df82d072f6d8fc99",
            "content_sha512": "f525d4016cb85c416f736178836759ea1331468969b95a8dea4a3da7c599901c471f4740516132e181ab753e78ac645be06db86ebf8883121bda83413824a40f",
            "directory_permission": "0700",
            "file_permission": "0700",
            "filename": "../../A2A/AspireOllama.A2A.PlannerAgent/appsettings.Secrets.json",
            "id": "df44d06b21428c7030a87d939b4ce9a53c01f675",
            "source": null
          },
          "sensitive_attributes": [
            [
              {
                "type": "get_attr",
                "value": "content"
              }
            ],
            [
              {
                "type": "get_attr",
                "value": "content_base64"
              }
            ]
          ],
          "identity_schema_version": 0,
          "dependencies": [
            "azuread_application.api",
            "azuread_application_password.api",
            "data.azuread_client_config.current",
            "random_password.gateway_shared_secret",
            "random_uuid.role_a2a_code_access",
            "random_uuid.role_a2a_code_analyze_code",
            "random_uuid.role_a2a_code_execute_csharp",
            "random_uuid.role_a2a_code_generate_code",
            "random_uuid.role_a2a_code_generate_tests",
            "random_uuid.role_a2a_code_refactor_code",
            "random_uuid.role_a2a_planner_access",
            "random_uuid.role_a2a_planner_assess_complexity",
            "random_uuid.role_a2a_planner_create_plan",
            "random_uuid.role_a2a_planner_orchestrate_workflow",
            "random_uuid.role_a2a_planner_suggest_agents",
            "random_uuid.role_a2a_research_access",
            "random_uuid.role_a2a_research_gather_context",
            "random_uuid.role_a2a_research_get_topic_details",
            "random_uuid.role_a2a_research_search_knowledge",
            "random_uuid.role_a2a_research_suggest_topics",
            "random_uuid.role_a2a_reviewer_access",
            "random_uuid.role_a2a_reviewer_provide_feedback",
            "random_uuid.role_a2a_reviewer_review_code",
            "random_uuid.role_a2a_reviewer_review_plan",
            "random_uuid.role_a2a_reviewer_review_response",
            "random_uuid.role_api_access",
            "random_uuid.role_api_chat_read",
            "random_uuid.role_api_chat_write",
            "random_uuid.role_api_sessions_manage",
            "random_uuid.role_mcp_access",
            "random_uuid.role_mcp_tools_convert_units",
            "random_uuid.role_mcp_tools_get_time",
            "random_uuid.role_mcp_tools_get_weather",
            "random_uuid.scope_access_as_user"
          ]
        },
        {
          "index_key": "research",
          "schema_version": 0,
          "attributes": {
            "content": "{\"AzureAd\":{\"Audience\":\"api://c14d26b4-249c-4fb4-99fe-c1e767f5ae2d\",\"ClientId\":\"c14d26b4-249c-4fb4-99fe-c1e767f5ae2d\",\"ClientSecret\":\"JvY8Q~N~XJ_UUWftjBJ24tOqptX654p1eEKBVbIR\",\"Instance\":\"https://login.microsoftonline.com/\",\"TenantId\":\"5066f1ae-2daf-414a-bca8-a47755920999\"},\"Gateway\":{\"SharedSecret\":\"QcBt96o7i3IseHgY65mWLGmBnMJmOru3POj73jnMxSSu\"}}",
            "content_base64": null,
            "content_base64sha256": "yKnw9ca6Jt7NIf6zkGRvgIU45euOVteS34LQcvbY/Jk=",
            "content_base64sha512": "9SXUAWy4XEFvc2F4g2dZ6hMxRolpuVqN6ko9p8WZkBxHH0dAUWEy4YGrdT54rGRb4G24br+IgxIb2oNBOCSkDw==",
            "content_md5": "b9e36a92e65d8aa0ef0079b78d79e2aa",
            "content_sha1": "df44d06b21428c7030a87d939b4ce9a53c01f675",
            "content_sha256": "c8a9f0f5c6ba26decd21feb390646f808538e5eb8e56d792df82d072f6d8fc99",
            "content_sha512": "f525d4016cb85c416f736178836759ea1331468969b95a8dea4a3da7c599901c471f4740516132e181ab753e78ac645be06db86ebf8883121bda83413824a40f",
            "directory_permission": "0700",
            "file_permission": "0700",
            "filename": "../../A2A/AspireOllama.A2A.ResearchAgent/appsettings.Secrets.json",
            "id": "df44d06b21428c7030a87d939b4ce9a53c01f675",
            "source": null
          },
          "sensitive_attributes": [
            [
              {
                "type": "get_attr",
                "value": "content"
              }
            ],
            [
              {
                "type": "get_attr",
                "value": "content_base64"
              }
            ]
          ],
          "identity_schema_version": 0,
          "dependencies": [
            "azuread_application.api",
            "azuread_application_password.api",
            "data.azuread_client_config.current",
            "random_password.gateway_shared_secret",
            "random_uuid.role_a2a_code_access",
            "random_uuid.role_a2a_code_analyze_code",
            "random_uuid.role_a2a_code_execute_csharp",
            "random_uuid.role_a2a_code_generate_code",
            "random_uuid.role_a2a_code_generate_tests",
            "random_uuid.role_a2a_code_refactor_code",
            "random_uuid.role_a2a_planner_access",
            "random_uuid.role_a2a_planner_assess_complexity",
            "random_uuid.role_a2a_planner_create_plan",
            "random_uuid.role_a2a_planner_orchestrate_workflow",
            "random_uuid.role_a2a_planner_suggest_agents",
            "random_uuid.role_a2a_research_access",
            "random_uuid.role_a2a_research_gather_context",
            "random_uuid.role_a2a_research_get_topic_details",
            "random_uuid.role_a2a_research_search_knowledge",
            "random_uuid.role_a2a_research_suggest_topics",
            "random_uuid.role_a2a_reviewer_access",
            "random_uuid.role_a2a_reviewer_provide_feedback",
            "random_uuid.role_a2a_reviewer_review_code",
            "random_uuid.role_a2a_reviewer_review_plan",
            "random_uuid.role_a2a_reviewer_review_response",
            "random_uuid.role_api_access",
            "random_uuid.role_api_chat_read",
            "random_uuid.role_api_chat_write",
            "random_uuid.role_api_sessions_manage",
            "random_uuid.role_mcp_access",
            "random_uuid.role_mcp_tools_convert_units",
            "random_uuid.role_mcp_tools_get_time",
            "random_uuid.role_mcp_tools_get_weather",
            "random_uuid.scope_access_as_user"
          ]
        },
        {
          "index_key": "reviewer",
          "schema_version": 0,
          "attributes": {
            "content": "{\"AzureAd\":{\"Audience\":\"api://c14d26b4-249c-4fb4-99fe-c1e767f5ae2d\",\"ClientId\":\"c14d26b4-249c-4fb4-99fe-c1e767f5ae2d\",\"ClientSecret\":\"JvY8Q~N~XJ_UUWftjBJ24tOqptX654p1eEKBVbIR\",\"Instance\":\"https://login.microsoftonline.com/\",\"TenantId\":\"5066f1ae-2daf-414a-bca8-a47755920999\"},\"Gateway\":{\"SharedSecret\":\"QcBt96o7i3IseHgY65mWLGmBnMJmOru3POj73jnMxSSu\"}}",
            "content_base64": null,
            "content_base64sha256": "yKnw9ca6Jt7NIf6zkGRvgIU45euOVteS34LQcvbY/Jk=",
            "content_base64sha512": "9SXUAWy4XEFvc2F4g2dZ6hMxRolpuVqN6ko9p8WZkBxHH0dAUWEy4YGrdT54rGRb4G24br+IgxIb2oNBOCSkDw==",
            "content_md5": "b9e36a92e65d8aa0ef0079b78d79e2aa",
            "content_sha1": "df44d06b21428c7030a87d939b4ce9a53c01f675",
            "content_sha256": "c8a9f0f5c6ba26decd21feb390646f808538e5eb8e56d792df82d072f6d8fc99",
            "content_sha512": "f525d4016cb85c416f736178836759ea1331468969b95a8dea4a3da7c599901c471f4740516132e181ab753e78ac645be06db86ebf8883121bda83413824a40f",
            "directory_permission": "0700",
            "file_permission": "0700",
            "filename": "../../A2A/AspireOllama.A2A.ReviewerAgent/appsettings.Secrets.json",
            "id": "df44d06b21428c7030a87d939b4ce9a53c01f675",
            "source": null
          },
          "sensitive_attributes": [
            [
              {
                "type": "get_attr",
                "value": "content"
              }
            ],
            [
              {
                "type": "get_attr",
                "value": "content_base64"
              }
            ]
          ],
          "identity_schema_version": 0,
          "dependencies": [
            "azuread_application.api",
            "azuread_application_password.api",
            "data.azuread_client_config.current",
            "random_password.gateway_shared_secret",
            "random_uuid.role_a2a_code_access",
            "random_uuid.role_a2a_code_analyze_code",
            "random_uuid.role_a2a_code_execute_csharp",
            "random_uuid.role_a2a_code_generate_code",
            "random_uuid.role_a2a_code_generate_tests",
            "random_uuid.role_a2a_code_refactor_code",
            "random_uuid.role_a2a_planner_access",
            "random_uuid.role_a2a_planner_assess_complexity",
            "random_uuid.role_a2a_planner_create_plan",
            "random_uuid.role_a2a_planner_orchestrate_workflow",
            "random_uuid.role_a2a_planner_suggest_agents",
            "random_uuid.role_a2a_research_access",
            "random_uuid.role_a2a_research_gather_context",
            "random_uuid.role_a2a_research_get_topic_details",
            "random_uuid.role_a2a_research_search_knowledge",
            "random_uuid.role_a2a_research_suggest_topics",
            "random_uuid.role_a2a_reviewer_access",
            "random_uuid.role_a2a_reviewer_provide_feedback",
            "random_uuid.role_a2a_reviewer_review_code",
            "random_uuid.role_a2a_reviewer_review_plan",
            "random_uuid.role_a2a_reviewer_review_response",
            "random_uuid.role_api_access",
            "random_uuid.role_api_chat_read",
            "random_uuid.role_api_chat_write",
            "random_uuid.role_api_sessions_manage",
            "random_uuid.role_mcp_access",
            "random_uuid.role_mcp_tools_convert_units",
            "random_uuid.role_mcp_tools_get_time",
            "random_uuid.role_mcp_tools_get_weather",
            "random_uuid.scope_access_as_user"
          ]
        }
      ]
    },
    {
      "mode": "managed",
      "type": "local_sensitive_file",
      "name": "web_secrets",
      "provider": "provider[\"registry.terraform.io/hashicorp/local\"]",
      "instances": [
        {
          "index_key": 0,
          "schema_version": 0,
          "attributes": {
            "content": "{\"AzureAd\":{\"Audience\":\"api://c14d26b4-249c-4fb4-99fe-c1e767f5ae2d\",\"CallbackPath\":\"/signin-oidc\",\"ClientId\":\"24ab0a27-c1bf-4c69-be0e-576e4ff10ed3\",\"ClientSecret\":\"eW~8Q~EWv~c_x3i8H_Lz~UfA3sbnIFM1EuC~1dBk\",\"Instance\":\"https://login.microsoftonline.com/\",\"SignedOutCallbackPath\":\"/signout-callback-oidc\",\"TenantId\":\"5066f1ae-2daf-414a-bca8-a47755920999\"},\"DownstreamApis\":{\"A2AAgents\":{\"BaseUrl\":\"https+http://gateway\",\"Scopes\":[\"api://c14d26b4-249c-4fb4-99fe-c1e767f5ae2d/.default\"]},\"ApiService\":{\"BaseUrl\":\"https+http://gateway\",\"Scopes\":[\"api://c14d26b4-249c-4fb4-99fe-c1e767f5ae2d/.default\"]},\"McpServer\":{\"BaseUrl\":\"https+http://gateway\",\"Scopes\":[\"api://c14d26b4-249c-4fb4-99fe-c1e767f5ae2d/.default\"]}},\"Gateway\":{\"SharedSecret\":\"QcBt96o7i3IseHgY65mWLGmBnMJmOru3POj73jnMxSSu\"}}",
            "content_base64": null,
            "content_base64sha256": "yFDyrmz4LHGh8v+ba6ziIa4RmtP74wB17bVE5HL5fvA=",
            "content_base64sha512": "IRMPc+GRarmtCtByxIYORCruPNznm1THvO+Q4BJziJUsUHZNnB/jgEfFWB+TcEkDw3aFORfpQ5QB43ekushLrg==",
            "content_md5": "72e5d8c39f83f0fd8b81a2221c1e6929",
            "content_sha1": "151d71ac6b21f55f52848064f47f62b596616fdf",
            "content_sha256": "c850f2ae6cf82c71a1f2ff9b6bace221ae119ad3fbe30075edb544e472f97ef0",
            "content_sha512": "21130f73e1916ab9ad0ad072c4860e442aee3cdce79b54c7bcef90e0127388952c50764d9c1fe38047c5581f93704903c376853917e9439401e377a4bac84bae",
            "directory_permission": "0700",
            "file_permission": "0700",
            "filename": "../../AspireOllama.Web/appsettings.Secrets.json",
            "id": "151d71ac6b21f55f52848064f47f62b596616fdf",
            "source": null
          },
          "sensitive_attributes": [
            [
              {
                "type": "get_attr",
                "value": "content"
              }
            ],
            [
              {
                "type": "get_attr",
                "value": "content_base64"
              }
            ]
          ],
          "identity_schema_version": 0,
          "dependencies": [
            "azuread_application.api",
            "azuread_application.web",
            "azuread_application_password.web",
            "data.azuread_client_config.current",
            "random_password.gateway_shared_secret",
            "random_uuid.role_a2a_code_access",
            "random_uuid.role_a2a_code_analyze_code",
            "random_uuid.role_a2a_code_execute_csharp",
            "random_uuid.role_a2a_code_generate_code",
            "random_uuid.role_a2a_code_generate_tests",
            "random_uuid.role_a2a_code_refactor_code",
            "random_uuid.role_a2a_planner_access",
            "random_uuid.role_a2a_planner_assess_complexity",
            "random_uuid.role_a2a_planner_create_plan",
            "random_uuid.role_a2a_planner_orchestrate_workflow",
            "random_uuid.role_a2a_planner_suggest_agents",
            "random_uuid.role_a2a_research_access",
            "random_uuid.role_a2a_research_gather_context",
            "random_uuid.role_a2a_research_get_topic_details",
            "random_uuid.role_a2a_research_search_knowledge",
            "random_uuid.role_a2a_research_suggest_topics",
            "random_uuid.role_a2a_reviewer_access",
            "random_uuid.role_a2a_reviewer_provide_feedback",
            "random_uuid.role_a2a_reviewer_review_code",
            "random_uuid.role_a2a_reviewer_review_plan",
            "random_uuid.role_a2a_reviewer_review_response",
            "random_uuid.role_api_access",
            "random_uuid.role_api_chat_read",
            "random_uuid.role_api_chat_write",
            "random_uuid.role_api_sessions_manage",
            "random_uuid.role_mcp_access",
            "random_uuid.role_mcp_tools_convert_units",
            "random_uuid.role_mcp_tools_get_time",
            "random_uuid.role_mcp_tools_get_weather",
            "random_uuid.scope_access_as_user"
          ]
        }
      ]
    },
    {
      "mode": "managed",
      "type": "random_password",
      "name": "gateway_shared_secret",
      "provider": "provider[\"registry.terraform.io/hashicorp/random\"]",
      "instances": [
        {
          "schema_version": 3,
          "attributes": {
            "bcrypt_hash": "$2a$10$4w1fli8YZsc1L3HK3pRlQeYuW/gVUtFXHIP4XPH0XCn209kex1jYC",
            "id": "none",
            "keepers": null,
            "length": 44,
            "lower": true,
            "min_lower": 0,
            "min_numeric": 0,
            "min_special": 0,
            "min_upper": 0,
            "number": true,
            "numeric": true,
            "override_special": null,
            "result": "QcBt96o7i3IseHgY65mWLGmBnMJmOru3POj73jnMxSSu",
            "special": false,
            "upper": true
          },
          "sensitive_attributes": [
            [
              {
                "type": "get_attr",
                "value": "bcrypt_hash"
              }
            ],
            [
              {
                "type": "get_attr",
                "value": "result"
              }
            ]
          ],
          "identity_schema_version": 0
        }
      ]
    },
    {
      "mode": "managed",
      "type": "random_uuid",
      "name": "role_a2a_code_access",
      "provider": "provider[\"registry.terraform.io/hashicorp/random\"]",
      "instances": [
        {
          "schema_version": 0,
          "attributes": {
            "id": "b33cf18d-62ef-756c-515d-b24eed6f199a",
            "keepers": null,
            "result": "b33cf18d-62ef-756c-515d-b24eed6f199a"
          },
          "sensitive_attributes": [],
          "identity_schema_version": 0
        }
      ]
    },
    {
      "mode": "managed",
      "type": "random_uuid",
      "name": "role_a2a_code_analyze_code",
      "provider": "provider[\"registry.terraform.io/hashicorp/random\"]",
      "instances": [
        {
          "schema_version": 0,
          "attributes": {
            "id": "1bc3f5e2-2b78-7c38-688a-f5c9e9e06e30",
            "keepers": null,
            "result": "1bc3f5e2-2b78-7c38-688a-f5c9e9e06e30"
          },
          "sensitive_attributes": [],
          "identity_schema_version": 0
        }
      ]
    },
    {
      "mode": "managed",
      "type": "random_uuid",
      "name": "role_a2a_code_execute_csharp",
      "provider": "provider[\"registry.terraform.io/hashicorp/random\"]",
      "instances": [
        {
          "schema_version": 0,
          "attributes": {
            "id": "c4c51f77-d77e-b378-5495-1448ae9b91d4",
            "keepers": null,
            "result": "c4c51f77-d77e-b378-5495-1448ae9b91d4"
          },
          "sensitive_attributes": [],
          "identity_schema_version": 0
        }
      ]
    },
    {
      "mode": "managed",
      "type": "random_uuid",
      "name": "role_a2a_code_generate_code",
      "provider": "provider[\"registry.terraform.io/hashicorp/random\"]",
      "instances": [
        {
          "schema_version": 0,
          "attributes": {
            "id": "38efa301-a7a1-ee32-e38f-70325c21e247",
            "keepers": null,
            "result": "38efa301-a7a1-ee32-e38f-70325c21e247"
          },
          "sensitive_attributes": [],
          "identity_schema_version": 0
        }
      ]
    },
    {
      "mode": "managed",
      "type": "random_uuid",
      "name": "role_a2a_code_generate_tests",
      "provider": "provider[\"registry.terraform.io/hashicorp/random\"]",
      "instances": [
        {
          "schema_version": 0,
          "attributes": {
            "id": "0ed6d1de-97e8-ff60-00ac-b946cfa339ad",
            "keepers": null,
            "result": "0ed6d1de-97e8-ff60-00ac-b946cfa339ad"
          },
          "sensitive_attributes": [],
          "identity_schema_version": 0
        }
      ]
    },
    {
      "mode": "managed",
      "type": "random_uuid",
      "name": "role_a2a_code_refactor_code",
      "provider": "provider[\"registry.terraform.io/hashicorp/random\"]",
      "instances": [
        {
          "schema_version": 0,
          "attributes": {
            "id": "ddd49f4a-4d7e-95b2-75e4-023ee053d976",
            "keepers": null,
            "result": "ddd49f4a-4d7e-95b2-75e4-023ee053d976"
          },
          "sensitive_attributes": [],
          "identity_schema_version": 0
        }
      ]
    },
    {
      "mode": "managed",
      "type": "random_uuid",
      "name": "role_a2a_planner_access",
      "provider": "provider[\"registry.terraform.io/hashicorp/random\"]",
      "instances": [
        {
          "schema_version": 0,
          "attributes": {
            "id": "e1aa72a2-7515-5415-efb2-3719bd935ab7",
            "keepers": null,
            "result": "e1aa72a2-7515-5415-efb2-3719bd935ab7"
          },
          "sensitive_attributes": [],
          "identity_schema_version": 0
        }
      ]
    },
    {
      "mode": "managed",
      "type": "random_uuid",
      "name": "role_a2a_planner_assess_complexity",
      "provider": "provider[\"registry.terraform.io/hashicorp/random\"]",
      "instances": [
        {
          "schema_version": 0,
          "attributes": {
            "id": "db1d6b46-ed8e-7e43-0690-80ac6b34dc14",
            "keepers": null,
            "result": "db1d6b46-ed8e-7e43-0690-80ac6b34dc14"
          },
          "sensitive_attributes": [],
          "identity_schema_version": 0
        }
      ]
    },
    {
      "mode": "managed",
      "type": "random_uuid",
      "name": "role_a2a_planner_create_plan",
      "provider": "provider[\"registry.terraform.io/hashicorp/random\"]",
      "instances": [
        {
          "schema_version": 0,
          "attributes": {
            "id": "5080f6eb-6c8b-9871-ec81-6284a3c2de82",
            "keepers": null,
            "result": "5080f6eb-6c8b-9871-ec81-6284a3c2de82"
          },
          "sensitive_attributes": [],
          "identity_schema_version": 0
        }
      ]
    },
    {
      "mode": "managed",
      "type": "random_uuid",
      "name": "role_a2a_planner_orchestrate_workflow",
      "provider": "provider[\"registry.terraform.io/hashicorp/random\"]",
      "instances": [
        {
          "schema_version": 0,
          "attributes": {
            "id": "23105e46-3e1a-3b77-b65f-bae72eb6b062",
            "keepers": null,
            "result": "23105e46-3e1a-3b77-b65f-bae72eb6b062"
          },
          "sensitive_attributes": [],
          "identity_schema_version": 0
        }
      ]
    },
    {
      "mode": "managed",
      "type": "random_uuid",
      "name": "role_a2a_planner_suggest_agents",
      "provider": "provider[\"registry.terraform.io/hashicorp/random\"]",
      "instances": [
        {
          "schema_version": 0,
          "attributes": {
            "id": "1a51e82c-7262-316a-b579-95e5ae320419",
            "keepers": null,
            "result": "1a51e82c-7262-316a-b579-95e5ae320419"
          },
          "sensitive_attributes": [],
          "identity_schema_version": 0
        }
      ]
    },
    {
      "mode": "managed",
      "type": "random_uuid",
      "name": "role_a2a_research_access",
      "provider": "provider[\"registry.terraform.io/hashicorp/random\"]",
      "instances": [
        {
          "schema_version": 0,
          "attributes": {
            "id": "088d0e71-b52b-2528-93c7-4fcfc2e1e2c8",
            "keepers": null,
            "result": "088d0e71-b52b-2528-93c7-4fcfc2e1e2c8"
          },
          "sensitive_attributes": [],
          "identity_schema_version": 0
        }
      ]
    },
    {
      "mode": "managed",
      "type": "random_uuid",
      "name": "role_a2a_research_gather_context",
      "provider": "provider[\"registry.terraform.io/hashicorp/random\"]",
      "instances": [
        {
          "schema_version": 0,
          "attributes": {
            "id": "91cc49f0-a0ac-3883-037a-54973851fe77",
            "keepers": null,
            "result": "91cc49f0-a0ac-3883-037a-54973851fe77"
          },
          "sensitive_attributes": [],
          "identity_schema_version": 0
        }
      ]
    },
    {
      "mode": "managed",
      "type": "random_uuid",
      "name": "role_a2a_research_get_topic_details",
      "provider": "provider[\"registry.terraform.io/hashicorp/random\"]",
      "instances": [
        {
          "schema_version": 0,
          "attributes": {
            "id": "4fa3fa89-2e8d-8dbb-f10d-28d84757dd2d",
            "keepers": null,
            "result": "4fa3fa89-2e8d-8dbb-f10d-28d84757dd2d"
          },
          "sensitive_attributes": [],
          "identity_schema_version": 0
        }
      ]
    },
    {
      "mode": "managed",
      "type": "random_uuid",
      "name": "role_a2a_research_search_knowledge",
      "provider": "provider[\"registry.terraform.io/hashicorp/random\"]",
      "instances": [
        {
          "schema_version": 0,
          "attributes": {
            "id": "ad6ee666-2d43-d7ba-d795-2a8b587d10e2",
            "keepers": null,
            "result": "ad6ee666-2d43-d7ba-d795-2a8b587d10e2"
          },
          "sensitive_attributes": [],
          "identity_schema_version": 0
        }
      ]
    },
    {
      "mode": "managed",
      "type": "random_uuid",
      "name": "role_a2a_research_suggest_topics",
      "provider": "provider[\"registry.terraform.io/hashicorp/random\"]",
      "instances": [
        {
          "schema_version": 0,
          "attributes": {
            "id": "8a475d47-7ef5-7107-4398-cf59b5e06cbb",
            "keepers": null,
            "result": "8a475d47-7ef5-7107-4398-cf59b5e06cbb"
          },
          "sensitive_attributes": [],
          "identity_schema_version": 0
        }
      ]
    },
    {
      "mode": "managed",
      "type": "random_uuid",
      "name": "role_a2a_reviewer_access",
      "provider": "provider[\"registry.terraform.io/hashicorp/random\"]",
      "instances": [
        {
          "schema_version": 0,
          "attributes": {
            "id": "1a1fc06b-f119-52f1-d287-0b17b58a6608",
            "keepers": null,
            "result": "1a1fc06b-f119-52f1-d287-0b17b58a6608"
          },
          "sensitive_attributes": [],
          "identity_schema_version": 0
        }
      ]
    },
    {
      "mode": "managed",
      "type": "random_uuid",
      "name": "role_a2a_reviewer_provide_feedback",
      "provider": "provider[\"registry.terraform.io/hashicorp/random\"]",
      "instances": [
        {
          "schema_version": 0,
          "attributes": {
            "id": "054bb263-15b7-db81-0f1e-976474e95f47",
            "keepers": null,
            "result": "054bb263-15b7-db81-0f1e-976474e95f47"
          },
          "sensitive_attributes": [],
          "identity_schema_version": 0
        }
      ]
    },
    {
      "mode": "managed",
      "type": "random_uuid",
      "name": "role_a2a_reviewer_review_code",
      "provider": "provider[\"registry.terraform.io/hashicorp/random\"]",
      "instances": [
        {
          "schema_version": 0,
          "attributes": {
            "id": "e2a14306-d81f-9b6f-855c-ddadcf6b0f13",
            "keepers": null,
            "result": "e2a14306-d81f-9b6f-855c-ddadcf6b0f13"
          },
          "sensitive_attributes": [],
          "identity_schema_version": 0
        }
      ]
    },
    {
      "mode": "managed",
      "type": "random_uuid",
      "name": "role_a2a_reviewer_review_plan",
      "provider": "provider[\"registry.terraform.io/hashicorp/random\"]",
      "instances": [
        {
          "schema_version": 0,
          "attributes": {
            "id": "bd77911e-d01f-ba61-38dd-fb0bfc4873b6",
            "keepers": null,
            "result": "bd77911e-d01f-ba61-38dd-fb0bfc4873b6"
          },
          "sensitive_attributes": [],
          "identity_schema_version": 0
        }
      ]
    },
    {
      "mode": "managed",
      "type": "random_uuid",
      "name": "role_a2a_reviewer_review_response",
      "provider": "provider[\"registry.terraform.io/hashicorp/random\"]",
      "instances": [
        {
          "schema_version": 0,
          "attributes": {
            "id": "cf7529fe-a006-dd05-01ce-a565d6b16bc5",
            "keepers": null,
            "result": "cf7529fe-a006-dd05-01ce-a565d6b16bc5"
          },
          "sensitive_attributes": [],
          "identity_schema_version": 0
        }
      ]
    },
    {
      "mode": "managed",
      "type": "random_uuid",
      "name": "role_api_access",
      "provider": "provider[\"registry.terraform.io/hashicorp/random\"]",
      "instances": [
        {
          "schema_version": 0,
          "attributes": {
            "id": "d0418bc7-fd96-9610-009b-659010f4473a",
            "keepers": null,
            "result": "d0418bc7-fd96-9610-009b-659010f4473a"
          },
          "sensitive_attributes": [],
          "identity_schema_version": 0
        }
      ]
    },
    {
      "mode": "managed",
      "type": "random_uuid",
      "name": "role_api_chat_read",
      "provider": "provider[\"registry.terraform.io/hashicorp/random\"]",
      "instances": [
        {
          "schema_version": 0,
          "attributes": {
            "id": "e61973f6-cfb0-f360-6ca5-78a675a30625",
            "keepers": null,
            "result": "e61973f6-cfb0-f360-6ca5-78a675a30625"
          },
          "sensitive_attributes": [],
          "identity_schema_version": 0
        }
      ]
    },
    {
      "mode": "managed",
      "type": "random_uuid",
      "name": "role_api_chat_write",
      "provider": "provider[\"registry.terraform.io/hashicorp/random\"]",
      "instances": [
        {
          "schema_version": 0,
          "attributes": {
            "id": "7f2d2d0b-54d4-6219-680e-d0ca1634c715",
            "keepers": null,
            "result": "7f2d2d0b-54d4-6219-680e-d0ca1634c715"
          },
          "sensitive_attributes": [],
          "identity_schema_version": 0
        }
      ]
    },
    {
      "mode": "managed",
      "type": "random_uuid",
      "name": "role_api_sessions_manage",
      "provider": "provider[\"registry.terraform.io/hashicorp/random\"]",
      "instances": [
        {
          "schema_version": 0,
          "attributes": {
            "id": "263d6619-389d-ed00-4216-eea1cb025f14",
            "keepers": null,
            "result": "263d6619-389d-ed00-4216-eea1cb025f14"
          },
          "sensitive_attributes": [],
          "identity_schema_version": 0
        }
      ]
    },
    {
      "mode": "managed",
      "type": "random_uuid",
      "name": "role_mcp_access",
      "provider": "provider[\"registry.terraform.io/hashicorp/random\"]",
      "instances": [
        {
          "schema_version": 0,
          "attributes": {
            "id": "91026d68-a5de-8944-6574-680dfaa796b3",
            "keepers": null,
            "result": "91026d68-a5de-8944-6574-680dfaa796b3"
          },
          "sensitive_attributes": [],
          "identity_schema_version": 0
        }
      ]
    },
    {
      "mode": "managed",
      "type": "random_uuid",
      "name": "role_mcp_tools_convert_units",
      "provider": "provider[\"registry.terraform.io/hashicorp/random\"]",
      "instances": [
        {
          "schema_version": 0,
          "attributes": {
            "id": "d4e74e8e-b9f9-e51c-ec43-893f5572f789",
            "keepers": null,
            "result": "d4e74e8e-b9f9-e51c-ec43-893f5572f789"
          },
          "sensitive_attributes": [],
          "identity_schema_version": 0
        }
      ]
    },
    {
      "mode": "managed",
      "type": "random_uuid",
      "name": "role_mcp_tools_get_time",
      "provider": "provider[\"registry.terraform.io/hashicorp/random\"]",
      "instances": [
        {
          "schema_version": 0,
          "attributes": {
            "id": "2f7f928b-30ee-a271-45d7-6cd8b16b0617",
            "keepers": null,
            "result": "2f7f928b-30ee-a271-45d7-6cd8b16b0617"
          },
          "sensitive_attributes": [],
          "identity_schema_version": 0
        }
      ]
    },
    {
      "mode": "managed",
      "type": "random_uuid",
      "name": "role_mcp_tools_get_weather",
      "provider": "provider[\"registry.terraform.io/hashicorp/random\"]",
      "instances": [
        {
          "schema_version": 0,
          "attributes": {
            "id": "88d727de-91b4-c2e1-e5e8-f1a3a66491c6",
            "keepers": null,
            "result": "88d727de-91b4-c2e1-e5e8-f1a3a66491c6"
          },
          "sensitive_attributes": [],
          "identity_schema_version": 0
        }
      ]
    },
    {
      "mode": "managed",
      "type": "random_uuid",
      "name": "scope_access_as_user",
      "provider": "provider[\"registry.terraform.io/hashicorp/random\"]",
      "instances": [
        {
          "schema_version": 0,
          "attributes": {
            "id": "fa0d0f64-3f56-d844-d2d6-09e513364244",
            "keepers": null,
            "result": "fa0d0f64-3f56-d844-d2d6-09e513364244"
          },
          "sensitive_attributes": [],
          "identity_schema_version": 0
        }
      ]
    }
  ],
  "check_results": null
}
